// !$*UTF8*$!
{
	archiveVersion = 1;
	classes = {
	};
	objectVersion = 56;
	objects = {

/* Begin PBXBuildFile section */
		04C763C12AE9C2AB00676BC9 /* RemoteFeedLoader.swift in Sources */ = {isa = PBXBuildFile; fileRef = 04C763C02AE9C2AB00676BC9 /* RemoteFeedLoader.swift */; };
		5F276A422B31F51D00ADD224 /* LocalFeedLoader.swift in Sources */ = {isa = PBXBuildFile; fileRef = 5F276A412B31F51D00ADD224 /* LocalFeedLoader.swift */; };
		5F276A442B31F5F500ADD224 /* FeedStore.swift in Sources */ = {isa = PBXBuildFile; fileRef = 5F276A432B31F5F500ADD224 /* FeedStore.swift */; };
		5F3897F72B476E9B00C9FB20 /* CoreDataHelpers.swift in Sources */ = {isa = PBXBuildFile; fileRef = 5F3897F62B476E9B00C9FB20 /* CoreDataHelpers.swift */; };
		5F3897F92B476F1D00C9FB20 /* ManagedCache.swift in Sources */ = {isa = PBXBuildFile; fileRef = 5F3897F82B476F1D00C9FB20 /* ManagedCache.swift */; };
		5F3897FB2B476F4800C9FB20 /* ManagedFeedImage.swift in Sources */ = {isa = PBXBuildFile; fileRef = 5F3897FA2B476F4800C9FB20 /* ManagedFeedImage.swift */; };
		5F7D440D2B3CBD4C001B62D1 /* FeedCachePolicy.swift in Sources */ = {isa = PBXBuildFile; fileRef = 5F7D440C2B3CBD4C001B62D1 /* FeedCachePolicy.swift */; };
		5F9D5E852B44A154008508DE /* FeedStoreSpecs.swift in Sources */ = {isa = PBXBuildFile; fileRef = 5F9D5E842B44A154008508DE /* FeedStoreSpecs.swift */; };
		5F9D5E872B44A254008508DE /* XCTestCase+FeedStoreSpecs.swift in Sources */ = {isa = PBXBuildFile; fileRef = 5F9D5E862B44A254008508DE /* XCTestCase+FeedStoreSpecs.swift */; };
		5F9D5E892B44A784008508DE /* FailableInsertFeedStoreSpecs.swift in Sources */ = {isa = PBXBuildFile; fileRef = 5F9D5E882B44A784008508DE /* FailableInsertFeedStoreSpecs.swift */; };
		5F9D5E8B2B44A7BB008508DE /* FailableRetrieveFeedStoreSpecs.swift in Sources */ = {isa = PBXBuildFile; fileRef = 5F9D5E8A2B44A7BB008508DE /* FailableRetrieveFeedStoreSpecs.swift */; };
		5FA5D79B2B2204630049A06F /* EssentialFeedAPIEndtoEndTests.swift in Sources */ = {isa = PBXBuildFile; fileRef = 5FA5D79A2B2204630049A06F /* EssentialFeedAPIEndtoEndTests.swift */; };
		5FA5D79C2B2204630049A06F /* EssentialFeed.framework in Frameworks */ = {isa = PBXBuildFile; fileRef = F13AE35C2AB7601E001D2EEB /* EssentialFeed.framework */; };
		5FBC52042B2208AD00C1ED1D /* XCTestCase+MemoryLeakTracking.swift in Sources */ = {isa = PBXBuildFile; fileRef = 5FF79E5D2B19DAAE0071DAD3 /* XCTestCase+MemoryLeakTracking.swift */; };
		5FDCFF0E2B2F41BE0085079C /* CacheFeedUseCaseTests.swift in Sources */ = {isa = PBXBuildFile; fileRef = 5FDCFF0D2B2F41BE0085079C /* CacheFeedUseCaseTests.swift */; };
		5FF1871F2B152AA9001F4CE8 /* HTTPClient.swift in Sources */ = {isa = PBXBuildFile; fileRef = 5FF1871E2B152AA9001F4CE8 /* HTTPClient.swift */; };
		5FF187212B152B80001F4CE8 /* FeedItemsMapper.swift in Sources */ = {isa = PBXBuildFile; fileRef = 5FF187202B152B80001F4CE8 /* FeedItemsMapper.swift */; };
		5FF79E5B2B17F36E0071DAD3 /* URLSessionHTTPClientTests.swift in Sources */ = {isa = PBXBuildFile; fileRef = 5FF79E5A2B17F36E0071DAD3 /* URLSessionHTTPClientTests.swift */; };
		5FF79E5E2B19DAAE0071DAD3 /* XCTestCase+MemoryLeakTracking.swift in Sources */ = {isa = PBXBuildFile; fileRef = 5FF79E5D2B19DAAE0071DAD3 /* XCTestCase+MemoryLeakTracking.swift */; };
		5FF79E602B19F4A80071DAD3 /* URLSessionHTTPClient.swift in Sources */ = {isa = PBXBuildFile; fileRef = 5FF79E5F2B19F4A80071DAD3 /* URLSessionHTTPClient.swift */; };
		F1146DB72B35E0320065835F /* ValidateFeedCacheUseCaseTests.swift in Sources */ = {isa = PBXBuildFile; fileRef = F1146DB62B35E0320065835F /* ValidateFeedCacheUseCaseTests.swift */; };
		F1146DB92B35E42E0065835F /* FeedCacheTestHelpers.swift in Sources */ = {isa = PBXBuildFile; fileRef = F1146DB82B35E42E0065835F /* FeedCacheTestHelpers.swift */; };
		F1146DBB2B3840C20065835F /* SharedTestHelpers.swift in Sources */ = {isa = PBXBuildFile; fileRef = F1146DBA2B3840C20065835F /* SharedTestHelpers.swift */; };
		F13AE3672AB7601E001D2EEB /* EssentialFeed.framework in Frameworks */ = {isa = PBXBuildFile; fileRef = F13AE35C2AB7601E001D2EEB /* EssentialFeed.framework */; };
		F13AE36C2AB7601F001D2EEB /* EssentialFeedTests.swift in Sources */ = {isa = PBXBuildFile; fileRef = F13AE36B2AB7601F001D2EEB /* EssentialFeedTests.swift */; };
		F161812A2AB761F400EE62A6 /* FeedImage.swift in Sources */ = {isa = PBXBuildFile; fileRef = F16181292AB761F400EE62A6 /* FeedImage.swift */; };
		F161812C2AB7623400EE62A6 /* FeedLoader.swift in Sources */ = {isa = PBXBuildFile; fileRef = F161812B2AB7623400EE62A6 /* FeedLoader.swift */; };
		F16A3D5B2B45CC36004B3044 /* CoreDataFeedStoreTests.swift in Sources */ = {isa = PBXBuildFile; fileRef = F16A3D5A2B45CC36004B3044 /* CoreDataFeedStoreTests.swift */; };
		F16A3D5D2B45CCB6004B3044 /* CoreDataFeedStore.swift in Sources */ = {isa = PBXBuildFile; fileRef = F16A3D5C2B45CCB6004B3044 /* CoreDataFeedStore.swift */; };
		F179D1422B3337570074290B /* RemoteFeedItem.swift in Sources */ = {isa = PBXBuildFile; fileRef = F179D1412B3337570074290B /* RemoteFeedItem.swift */; };
		F179D1442B3337BD0074290B /* LocalFeedImage.swift in Sources */ = {isa = PBXBuildFile; fileRef = F179D1432B3337BD0074290B /* LocalFeedImage.swift */; };
		F179D15C2B3343740074290B /* LoadFeedFromCacheUseCaseTests.swift in Sources */ = {isa = PBXBuildFile; fileRef = F179D15B2B3343740074290B /* LoadFeedFromCacheUseCaseTests.swift */; };
		F179D15F2B3345B20074290B /* FeedStoreSpy.swift in Sources */ = {isa = PBXBuildFile; fileRef = F179D15E2B3345B20074290B /* FeedStoreSpy.swift */; };
		F1B00A1D2B4C2F7600D77860 /* FeedCacheTestHelpers.swift in Sources */ = {isa = PBXBuildFile; fileRef = F1146DB82B35E42E0065835F /* FeedCacheTestHelpers.swift */; };
		F1B00A1E2B4C2FA500D77860 /* SharedTestHelpers.swift in Sources */ = {isa = PBXBuildFile; fileRef = F1146DBA2B3840C20065835F /* SharedTestHelpers.swift */; };
		F1F44B0B2B45CFE7005BD43D /* FeedStore.xcdatamodeld in Sources */ = {isa = PBXBuildFile; fileRef = F1F44B092B45CFE7005BD43D /* FeedStore.xcdatamodeld */; };
		F1F44B332B4C162D005BD43D /* EssentialFeedCacheIntegrationTests.swift in Sources */ = {isa = PBXBuildFile; fileRef = F1F44B322B4C162D005BD43D /* EssentialFeedCacheIntegrationTests.swift */; };
		F1F44B342B4C162D005BD43D /* EssentialFeed.framework in Frameworks */ = {isa = PBXBuildFile; fileRef = F13AE35C2AB7601E001D2EEB /* EssentialFeed.framework */; };
		F1F44B3B2B4C23F2005BD43D /* XCTestCase+MemoryLeakTracking.swift in Sources */ = {isa = PBXBuildFile; fileRef = 5FF79E5D2B19DAAE0071DAD3 /* XCTestCase+MemoryLeakTracking.swift */; };
/* End PBXBuildFile section */

/* Begin PBXContainerItemProxy section */
		5FA5D79D2B2204630049A06F /* PBXContainerItemProxy */ = {
			isa = PBXContainerItemProxy;
			containerPortal = F13AE3532AB7601E001D2EEB /* Project object */;
			proxyType = 1;
			remoteGlobalIDString = F13AE35B2AB7601E001D2EEB;
			remoteInfo = EssentialFeed;
		};
		F13AE3682AB7601E001D2EEB /* PBXContainerItemProxy */ = {
			isa = PBXContainerItemProxy;
			containerPortal = F13AE3532AB7601E001D2EEB /* Project object */;
			proxyType = 1;
			remoteGlobalIDString = F13AE35B2AB7601E001D2EEB;
			remoteInfo = EssentialFeed;
		};
		F1F44B352B4C162D005BD43D /* PBXContainerItemProxy */ = {
			isa = PBXContainerItemProxy;
			containerPortal = F13AE3532AB7601E001D2EEB /* Project object */;
			proxyType = 1;
			remoteGlobalIDString = F13AE35B2AB7601E001D2EEB;
			remoteInfo = EssentialFeed;
		};
/* End PBXContainerItemProxy section */

/* Begin PBXFileReference section */
		04C763C02AE9C2AB00676BC9 /* RemoteFeedLoader.swift */ = {isa = PBXFileReference; lastKnownFileType = sourcecode.swift; path = RemoteFeedLoader.swift; sourceTree = "<group>"; };
		5F276A412B31F51D00ADD224 /* LocalFeedLoader.swift */ = {isa = PBXFileReference; lastKnownFileType = sourcecode.swift; path = LocalFeedLoader.swift; sourceTree = "<group>"; };
		5F276A432B31F5F500ADD224 /* FeedStore.swift */ = {isa = PBXFileReference; lastKnownFileType = sourcecode.swift; path = FeedStore.swift; sourceTree = "<group>"; };
		5F3897F62B476E9B00C9FB20 /* CoreDataHelpers.swift */ = {isa = PBXFileReference; lastKnownFileType = sourcecode.swift; path = CoreDataHelpers.swift; sourceTree = "<group>"; };
		5F3897F82B476F1D00C9FB20 /* ManagedCache.swift */ = {isa = PBXFileReference; lastKnownFileType = sourcecode.swift; path = ManagedCache.swift; sourceTree = "<group>"; };
		5F3897FA2B476F4800C9FB20 /* ManagedFeedImage.swift */ = {isa = PBXFileReference; lastKnownFileType = sourcecode.swift; path = ManagedFeedImage.swift; sourceTree = "<group>"; };
		5F7D440C2B3CBD4C001B62D1 /* FeedCachePolicy.swift */ = {isa = PBXFileReference; lastKnownFileType = sourcecode.swift; path = FeedCachePolicy.swift; sourceTree = "<group>"; };
		5F9D5E842B44A154008508DE /* FeedStoreSpecs.swift */ = {isa = PBXFileReference; lastKnownFileType = sourcecode.swift; path = FeedStoreSpecs.swift; sourceTree = "<group>"; };
		5F9D5E862B44A254008508DE /* XCTestCase+FeedStoreSpecs.swift */ = {isa = PBXFileReference; lastKnownFileType = sourcecode.swift; path = "XCTestCase+FeedStoreSpecs.swift"; sourceTree = "<group>"; };
		5F9D5E882B44A784008508DE /* FailableInsertFeedStoreSpecs.swift */ = {isa = PBXFileReference; lastKnownFileType = sourcecode.swift; path = FailableInsertFeedStoreSpecs.swift; sourceTree = "<group>"; };
		5F9D5E8A2B44A7BB008508DE /* FailableRetrieveFeedStoreSpecs.swift */ = {isa = PBXFileReference; lastKnownFileType = sourcecode.swift; path = FailableRetrieveFeedStoreSpecs.swift; sourceTree = "<group>"; };
		5FA5D7982B2204630049A06F /* EssentialFeedAPIEndtoEndTests.xctest */ = {isa = PBXFileReference; explicitFileType = wrapper.cfbundle; includeInIndex = 0; path = EssentialFeedAPIEndtoEndTests.xctest; sourceTree = BUILT_PRODUCTS_DIR; };
		5FA5D79A2B2204630049A06F /* EssentialFeedAPIEndtoEndTests.swift */ = {isa = PBXFileReference; lastKnownFileType = sourcecode.swift; path = EssentialFeedAPIEndtoEndTests.swift; sourceTree = "<group>"; };
		5FBC52052B220A1B00C1ED1D /* CITestPlan.xctestplan */ = {isa = PBXFileReference; lastKnownFileType = text; path = CITestPlan.xctestplan; sourceTree = "<group>"; };
		5FDCFF0D2B2F41BE0085079C /* CacheFeedUseCaseTests.swift */ = {isa = PBXFileReference; lastKnownFileType = sourcecode.swift; path = CacheFeedUseCaseTests.swift; sourceTree = "<group>"; };
		5FF1871E2B152AA9001F4CE8 /* HTTPClient.swift */ = {isa = PBXFileReference; lastKnownFileType = sourcecode.swift; path = HTTPClient.swift; sourceTree = "<group>"; };
		5FF187202B152B80001F4CE8 /* FeedItemsMapper.swift */ = {isa = PBXFileReference; lastKnownFileType = sourcecode.swift; path = FeedItemsMapper.swift; sourceTree = "<group>"; };
		5FF79E5A2B17F36E0071DAD3 /* URLSessionHTTPClientTests.swift */ = {isa = PBXFileReference; lastKnownFileType = sourcecode.swift; path = URLSessionHTTPClientTests.swift; sourceTree = "<group>"; };
		5FF79E5D2B19DAAE0071DAD3 /* XCTestCase+MemoryLeakTracking.swift */ = {isa = PBXFileReference; lastKnownFileType = sourcecode.swift; path = "XCTestCase+MemoryLeakTracking.swift"; sourceTree = "<group>"; };
		5FF79E5F2B19F4A80071DAD3 /* URLSessionHTTPClient.swift */ = {isa = PBXFileReference; lastKnownFileType = sourcecode.swift; path = URLSessionHTTPClient.swift; sourceTree = "<group>"; };
		F1146DB62B35E0320065835F /* ValidateFeedCacheUseCaseTests.swift */ = {isa = PBXFileReference; lastKnownFileType = sourcecode.swift; path = ValidateFeedCacheUseCaseTests.swift; sourceTree = "<group>"; };
		F1146DB82B35E42E0065835F /* FeedCacheTestHelpers.swift */ = {isa = PBXFileReference; lastKnownFileType = sourcecode.swift; path = FeedCacheTestHelpers.swift; sourceTree = "<group>"; };
		F1146DBA2B3840C20065835F /* SharedTestHelpers.swift */ = {isa = PBXFileReference; lastKnownFileType = sourcecode.swift; path = SharedTestHelpers.swift; sourceTree = "<group>"; };
		F13AE35C2AB7601E001D2EEB /* EssentialFeed.framework */ = {isa = PBXFileReference; explicitFileType = wrapper.framework; includeInIndex = 0; path = EssentialFeed.framework; sourceTree = BUILT_PRODUCTS_DIR; };
		F13AE3662AB7601E001D2EEB /* EssentialFeedTests.xctest */ = {isa = PBXFileReference; explicitFileType = wrapper.cfbundle; includeInIndex = 0; path = EssentialFeedTests.xctest; sourceTree = BUILT_PRODUCTS_DIR; };
		F13AE36B2AB7601F001D2EEB /* EssentialFeedTests.swift */ = {isa = PBXFileReference; lastKnownFileType = sourcecode.swift; path = EssentialFeedTests.swift; sourceTree = "<group>"; };
		F16181292AB761F400EE62A6 /* FeedImage.swift */ = {isa = PBXFileReference; lastKnownFileType = sourcecode.swift; path = FeedImage.swift; sourceTree = "<group>"; };
		F161812B2AB7623400EE62A6 /* FeedLoader.swift */ = {isa = PBXFileReference; lastKnownFileType = sourcecode.swift; path = FeedLoader.swift; sourceTree = "<group>"; };
		F16A3D5A2B45CC36004B3044 /* CoreDataFeedStoreTests.swift */ = {isa = PBXFileReference; lastKnownFileType = sourcecode.swift; path = CoreDataFeedStoreTests.swift; sourceTree = "<group>"; };
		F16A3D5C2B45CCB6004B3044 /* CoreDataFeedStore.swift */ = {isa = PBXFileReference; lastKnownFileType = sourcecode.swift; path = CoreDataFeedStore.swift; sourceTree = "<group>"; };
		F179D1412B3337570074290B /* RemoteFeedItem.swift */ = {isa = PBXFileReference; lastKnownFileType = sourcecode.swift; path = RemoteFeedItem.swift; sourceTree = "<group>"; };
		F179D1432B3337BD0074290B /* LocalFeedImage.swift */ = {isa = PBXFileReference; lastKnownFileType = sourcecode.swift; path = LocalFeedImage.swift; sourceTree = "<group>"; };
		F179D15B2B3343740074290B /* LoadFeedFromCacheUseCaseTests.swift */ = {isa = PBXFileReference; lastKnownFileType = sourcecode.swift; path = LoadFeedFromCacheUseCaseTests.swift; sourceTree = "<group>"; };
		F179D15E2B3345B20074290B /* FeedStoreSpy.swift */ = {isa = PBXFileReference; lastKnownFileType = sourcecode.swift; path = FeedStoreSpy.swift; sourceTree = "<group>"; };
		F1F44B0A2B45CFE7005BD43D /* FeedStore.xcdatamodel */ = {isa = PBXFileReference; lastKnownFileType = wrapper.xcdatamodel; path = FeedStore.xcdatamodel; sourceTree = "<group>"; };
		F1F44B302B4C162D005BD43D /* EssentialFeedCacheIntegrationTests.xctest */ = {isa = PBXFileReference; explicitFileType = wrapper.cfbundle; includeInIndex = 0; path = EssentialFeedCacheIntegrationTests.xctest; sourceTree = BUILT_PRODUCTS_DIR; };
		F1F44B322B4C162D005BD43D /* EssentialFeedCacheIntegrationTests.swift */ = {isa = PBXFileReference; lastKnownFileType = sourcecode.swift; path = EssentialFeedCacheIntegrationTests.swift; sourceTree = "<group>"; };
		F1F44B3A2B4C166F005BD43D /* EssentialFeedCacheIntegrationTests.xctestplan */ = {isa = PBXFileReference; lastKnownFileType = text; path = EssentialFeedCacheIntegrationTests.xctestplan; sourceTree = "<group>"; };
/* End PBXFileReference section */

/* Begin PBXFrameworksBuildPhase section */
		5FA5D7952B2204630049A06F /* Frameworks */ = {
			isa = PBXFrameworksBuildPhase;
			buildActionMask = 2147483647;
			files = (
				5FA5D79C2B2204630049A06F /* EssentialFeed.framework in Frameworks */,
			);
			runOnlyForDeploymentPostprocessing = 0;
		};
		F13AE3592AB7601E001D2EEB /* Frameworks */ = {
			isa = PBXFrameworksBuildPhase;
			buildActionMask = 2147483647;
			files = (
			);
			runOnlyForDeploymentPostprocessing = 0;
		};
		F13AE3632AB7601E001D2EEB /* Frameworks */ = {
			isa = PBXFrameworksBuildPhase;
			buildActionMask = 2147483647;
			files = (
				F13AE3672AB7601E001D2EEB /* EssentialFeed.framework in Frameworks */,
			);
			runOnlyForDeploymentPostprocessing = 0;
		};
		F1F44B2D2B4C162D005BD43D /* Frameworks */ = {
			isa = PBXFrameworksBuildPhase;
			buildActionMask = 2147483647;
			files = (
				F1F44B342B4C162D005BD43D /* EssentialFeed.framework in Frameworks */,
			);
			runOnlyForDeploymentPostprocessing = 0;
		};
/* End PBXFrameworksBuildPhase section */

/* Begin PBXGroup section */
		04C763BF2AE9C26300676BC9 /* Feed API */ = {
			isa = PBXGroup;
			children = (
				04C763C02AE9C2AB00676BC9 /* RemoteFeedLoader.swift */,
				5FF187202B152B80001F4CE8 /* FeedItemsMapper.swift */,
				5FF1871E2B152AA9001F4CE8 /* HTTPClient.swift */,
				5FF79E5F2B19F4A80071DAD3 /* URLSessionHTTPClient.swift */,
				F179D1412B3337570074290B /* RemoteFeedItem.swift */,
			);
			path = "Feed API";
			sourceTree = "<group>";
		};
		5F276A402B31F50D00ADD224 /* Feed Cache */ = {
			isa = PBXGroup;
			children = (
				F1F44B142B45D7CA005BD43D /* Infrastructure */,
				5F276A412B31F51D00ADD224 /* LocalFeedLoader.swift */,
				5F276A432B31F5F500ADD224 /* FeedStore.swift */,
				F179D1432B3337BD0074290B /* LocalFeedImage.swift */,
				5F7D440C2B3CBD4C001B62D1 /* FeedCachePolicy.swift */,
			);
			path = "Feed Cache";
			sourceTree = "<group>";
		};
		5FA5D7992B2204630049A06F /* EssentialFeedAPIEndtoEndTests */ = {
			isa = PBXGroup;
			children = (
				5FA5D79A2B2204630049A06F /* EssentialFeedAPIEndtoEndTests.swift */,
			);
			path = EssentialFeedAPIEndtoEndTests;
			sourceTree = "<group>";
		};
		5FDCFF0C2B2F41870085079C /* Feed Cache */ = {
			isa = PBXGroup;
			children = (
				F179D15D2B3345A50074290B /* Helpers */,
				5FDCFF0D2B2F41BE0085079C /* CacheFeedUseCaseTests.swift */,
				F179D15B2B3343740074290B /* LoadFeedFromCacheUseCaseTests.swift */,
				F1146DB62B35E0320065835F /* ValidateFeedCacheUseCaseTests.swift */,
				5F9D5E842B44A154008508DE /* FeedStoreSpecs.swift */,
				5F9D5E862B44A254008508DE /* XCTestCase+FeedStoreSpecs.swift */,
				5F9D5E882B44A784008508DE /* FailableInsertFeedStoreSpecs.swift */,
				5F9D5E8A2B44A7BB008508DE /* FailableRetrieveFeedStoreSpecs.swift */,
				F16A3D5A2B45CC36004B3044 /* CoreDataFeedStoreTests.swift */,
			);
			path = "Feed Cache";
			sourceTree = "<group>";
		};
		5FF187222B153325001F4CE8 /* Feed API */ = {
			isa = PBXGroup;
			children = (
				F13AE36B2AB7601F001D2EEB /* EssentialFeedTests.swift */,
				5FF79E5A2B17F36E0071DAD3 /* URLSessionHTTPClientTests.swift */,
			);
			path = "Feed API";
			sourceTree = "<group>";
		};
		5FF79E5C2B19DA8E0071DAD3 /* Helpers */ = {
			isa = PBXGroup;
			children = (
				5FF79E5D2B19DAAE0071DAD3 /* XCTestCase+MemoryLeakTracking.swift */,
				F1146DBA2B3840C20065835F /* SharedTestHelpers.swift */,
			);
			path = Helpers;
			sourceTree = "<group>";
		};
		F13AE3522AB7601E001D2EEB = {
			isa = PBXGroup;
			children = (
				F1F44B3A2B4C166F005BD43D /* EssentialFeedCacheIntegrationTests.xctestplan */,
				5FBC52052B220A1B00C1ED1D /* CITestPlan.xctestplan */,
				F13AE35E2AB7601E001D2EEB /* EssentialFeed */,
				F13AE36A2AB7601E001D2EEB /* EssentialFeedTests */,
				5FA5D7992B2204630049A06F /* EssentialFeedAPIEndtoEndTests */,
				F1F44B312B4C162D005BD43D /* EssentialFeedCacheIntegrationTests */,
				F13AE35D2AB7601E001D2EEB /* Products */,
			);
			sourceTree = "<group>";
		};
		F13AE35D2AB7601E001D2EEB /* Products */ = {
			isa = PBXGroup;
			children = (
				F13AE35C2AB7601E001D2EEB /* EssentialFeed.framework */,
				F13AE3662AB7601E001D2EEB /* EssentialFeedTests.xctest */,
				5FA5D7982B2204630049A06F /* EssentialFeedAPIEndtoEndTests.xctest */,
				F1F44B302B4C162D005BD43D /* EssentialFeedCacheIntegrationTests.xctest */,
			);
			name = Products;
			sourceTree = "<group>";
		};
		F13AE35E2AB7601E001D2EEB /* EssentialFeed */ = {
			isa = PBXGroup;
			children = (
				5F276A402B31F50D00ADD224 /* Feed Cache */,
				F161812D2AB7623C00EE62A6 /* Feed Feature */,
				04C763BF2AE9C26300676BC9 /* Feed API */,
			);
			path = EssentialFeed;
			sourceTree = "<group>";
		};
		F13AE36A2AB7601E001D2EEB /* EssentialFeedTests */ = {
			isa = PBXGroup;
			children = (
				5FF79E5C2B19DA8E0071DAD3 /* Helpers */,
				5FDCFF0C2B2F41870085079C /* Feed Cache */,
				5FF187222B153325001F4CE8 /* Feed API */,
			);
			path = EssentialFeedTests;
			sourceTree = "<group>";
		};
		F161812D2AB7623C00EE62A6 /* Feed Feature */ = {
			isa = PBXGroup;
			children = (
				F16181292AB761F400EE62A6 /* FeedImage.swift */,
				F161812B2AB7623400EE62A6 /* FeedLoader.swift */,
			);
			path = "Feed Feature";
			sourceTree = "<group>";
		};
		F179D15D2B3345A50074290B /* Helpers */ = {
			isa = PBXGroup;
			children = (
				F179D15E2B3345B20074290B /* FeedStoreSpy.swift */,
				F1146DB82B35E42E0065835F /* FeedCacheTestHelpers.swift */,
			);
			path = Helpers;
			sourceTree = "<group>";
		};
		F1F44B142B45D7CA005BD43D /* Infrastructure */ = {
			isa = PBXGroup;
			children = (
				F1F44B152B45D7CD005BD43D /* CoreData */,
			);
			path = Infrastructure;
			sourceTree = "<group>";
		};
		F1F44B152B45D7CD005BD43D /* CoreData */ = {
			isa = PBXGroup;
			children = (
				F16A3D5C2B45CCB6004B3044 /* CoreDataFeedStore.swift */,
				F1F44B092B45CFE7005BD43D /* FeedStore.xcdatamodeld */,
				5F3897F62B476E9B00C9FB20 /* CoreDataHelpers.swift */,
				5F3897F82B476F1D00C9FB20 /* ManagedCache.swift */,
				5F3897FA2B476F4800C9FB20 /* ManagedFeedImage.swift */,
			);
			path = CoreData;
			sourceTree = "<group>";
		};
		F1F44B312B4C162D005BD43D /* EssentialFeedCacheIntegrationTests */ = {
			isa = PBXGroup;
			children = (
				F1F44B322B4C162D005BD43D /* EssentialFeedCacheIntegrationTests.swift */,
			);
			path = EssentialFeedCacheIntegrationTests;
			sourceTree = "<group>";
		};
/* End PBXGroup section */

/* Begin PBXHeadersBuildPhase section */
		F13AE3572AB7601E001D2EEB /* Headers */ = {
			isa = PBXHeadersBuildPhase;
			buildActionMask = 2147483647;
			files = (
			);
			runOnlyForDeploymentPostprocessing = 0;
		};
/* End PBXHeadersBuildPhase section */

/* Begin PBXNativeTarget section */
		5FA5D7972B2204630049A06F /* EssentialFeedAPIEndtoEndTests */ = {
			isa = PBXNativeTarget;
			buildConfigurationList = 5FA5D79F2B2204630049A06F /* Build configuration list for PBXNativeTarget "EssentialFeedAPIEndtoEndTests" */;
			buildPhases = (
				5FA5D7942B2204630049A06F /* Sources */,
				5FA5D7952B2204630049A06F /* Frameworks */,
				5FA5D7962B2204630049A06F /* Resources */,
			);
			buildRules = (
			);
			dependencies = (
				5FA5D79E2B2204630049A06F /* PBXTargetDependency */,
			);
			name = EssentialFeedAPIEndtoEndTests;
			productName = EssentialFeedAPIEndtoEndTests;
			productReference = 5FA5D7982B2204630049A06F /* EssentialFeedAPIEndtoEndTests.xctest */;
			productType = "com.apple.product-type.bundle.unit-test";
		};
		F13AE35B2AB7601E001D2EEB /* EssentialFeed */ = {
			isa = PBXNativeTarget;
			buildConfigurationList = F13AE3702AB7601F001D2EEB /* Build configuration list for PBXNativeTarget "EssentialFeed" */;
			buildPhases = (
				F13AE3572AB7601E001D2EEB /* Headers */,
				F13AE3582AB7601E001D2EEB /* Sources */,
				F13AE3592AB7601E001D2EEB /* Frameworks */,
				F13AE35A2AB7601E001D2EEB /* Resources */,
			);
			buildRules = (
			);
			dependencies = (
			);
			name = EssentialFeed;
			productName = EssentialFeed;
			productReference = F13AE35C2AB7601E001D2EEB /* EssentialFeed.framework */;
			productType = "com.apple.product-type.framework";
		};
		F13AE3652AB7601E001D2EEB /* EssentialFeedTests */ = {
			isa = PBXNativeTarget;
			buildConfigurationList = F13AE3732AB7601F001D2EEB /* Build configuration list for PBXNativeTarget "EssentialFeedTests" */;
			buildPhases = (
				F13AE3622AB7601E001D2EEB /* Sources */,
				F13AE3632AB7601E001D2EEB /* Frameworks */,
				F13AE3642AB7601E001D2EEB /* Resources */,
			);
			buildRules = (
			);
			dependencies = (
				F13AE3692AB7601E001D2EEB /* PBXTargetDependency */,
			);
			name = EssentialFeedTests;
			productName = EssentialFeedTests;
			productReference = F13AE3662AB7601E001D2EEB /* EssentialFeedTests.xctest */;
			productType = "com.apple.product-type.bundle.unit-test";
		};
		F1F44B2F2B4C162D005BD43D /* EssentialFeedCacheIntegrationTests */ = {
			isa = PBXNativeTarget;
			buildConfigurationList = F1F44B392B4C162D005BD43D /* Build configuration list for PBXNativeTarget "EssentialFeedCacheIntegrationTests" */;
			buildPhases = (
				F1F44B2C2B4C162D005BD43D /* Sources */,
				F1F44B2D2B4C162D005BD43D /* Frameworks */,
				F1F44B2E2B4C162D005BD43D /* Resources */,
			);
			buildRules = (
			);
			dependencies = (
				F1F44B362B4C162D005BD43D /* PBXTargetDependency */,
			);
			name = EssentialFeedCacheIntegrationTests;
			productName = EssentialFeedCacheIntegrationTests;
			productReference = F1F44B302B4C162D005BD43D /* EssentialFeedCacheIntegrationTests.xctest */;
			productType = "com.apple.product-type.bundle.unit-test";
		};
/* End PBXNativeTarget section */

/* Begin PBXProject section */
		F13AE3532AB7601E001D2EEB /* Project object */ = {
			isa = PBXProject;
			attributes = {
				BuildIndependentTargetsInParallel = 1;
				LastSwiftUpdateCheck = 1510;
				LastUpgradeCheck = 1500;
				TargetAttributes = {
					5FA5D7972B2204630049A06F = {
						CreatedOnToolsVersion = 15.0.1;
					};
					F13AE35B2AB7601E001D2EEB = {
						CreatedOnToolsVersion = 14.3.1;
						LastSwiftMigration = 1430;
					};
					F13AE3652AB7601E001D2EEB = {
						CreatedOnToolsVersion = 14.3.1;
					};
					F1F44B2F2B4C162D005BD43D = {
						CreatedOnToolsVersion = 15.1;
					};
				};
			};
			buildConfigurationList = F13AE3562AB7601E001D2EEB /* Build configuration list for PBXProject "EssentialFeed" */;
			compatibilityVersion = "Xcode 14.0";
			developmentRegion = en;
			hasScannedForEncodings = 0;
			knownRegions = (
				en,
				Base,
			);
			mainGroup = F13AE3522AB7601E001D2EEB;
			productRefGroup = F13AE35D2AB7601E001D2EEB /* Products */;
			projectDirPath = "";
			projectRoot = "";
			targets = (
				F13AE35B2AB7601E001D2EEB /* EssentialFeed */,
				F13AE3652AB7601E001D2EEB /* EssentialFeedTests */,
				5FA5D7972B2204630049A06F /* EssentialFeedAPIEndtoEndTests */,
				F1F44B2F2B4C162D005BD43D /* EssentialFeedCacheIntegrationTests */,
			);
		};
/* End PBXProject section */

/* Begin PBXResourcesBuildPhase section */
		5FA5D7962B2204630049A06F /* Resources */ = {
			isa = PBXResourcesBuildPhase;
			buildActionMask = 2147483647;
			files = (
			);
			runOnlyForDeploymentPostprocessing = 0;
		};
		F13AE35A2AB7601E001D2EEB /* Resources */ = {
			isa = PBXResourcesBuildPhase;
			buildActionMask = 2147483647;
			files = (
			);
			runOnlyForDeploymentPostprocessing = 0;
		};
		F13AE3642AB7601E001D2EEB /* Resources */ = {
			isa = PBXResourcesBuildPhase;
			buildActionMask = 2147483647;
			files = (
			);
			runOnlyForDeploymentPostprocessing = 0;
		};
		F1F44B2E2B4C162D005BD43D /* Resources */ = {
			isa = PBXResourcesBuildPhase;
			buildActionMask = 2147483647;
			files = (
			);
			runOnlyForDeploymentPostprocessing = 0;
		};
/* End PBXResourcesBuildPhase section */

/* Begin PBXSourcesBuildPhase section */
		5FA5D7942B2204630049A06F /* Sources */ = {
			isa = PBXSourcesBuildPhase;
			buildActionMask = 2147483647;
			files = (
				5FA5D79B2B2204630049A06F /* EssentialFeedAPIEndtoEndTests.swift in Sources */,
				5FBC52042B2208AD00C1ED1D /* XCTestCase+MemoryLeakTracking.swift in Sources */,
			);
			runOnlyForDeploymentPostprocessing = 0;
		};
		F13AE3582AB7601E001D2EEB /* Sources */ = {
			isa = PBXSourcesBuildPhase;
			buildActionMask = 2147483647;
			files = (
				5F3897F72B476E9B00C9FB20 /* CoreDataHelpers.swift in Sources */,
				5FF187212B152B80001F4CE8 /* FeedItemsMapper.swift in Sources */,
				F161812C2AB7623400EE62A6 /* FeedLoader.swift in Sources */,
				F179D1422B3337570074290B /* RemoteFeedItem.swift in Sources */,
				5F7D440D2B3CBD4C001B62D1 /* FeedCachePolicy.swift in Sources */,
				04C763C12AE9C2AB00676BC9 /* RemoteFeedLoader.swift in Sources */,
				F1F44B0B2B45CFE7005BD43D /* FeedStore.xcdatamodeld in Sources */,
				F179D1442B3337BD0074290B /* LocalFeedImage.swift in Sources */,
				5F276A442B31F5F500ADD224 /* FeedStore.swift in Sources */,
				5F276A422B31F51D00ADD224 /* LocalFeedLoader.swift in Sources */,
				5FF1871F2B152AA9001F4CE8 /* HTTPClient.swift in Sources */,
				F161812A2AB761F400EE62A6 /* FeedImage.swift in Sources */,
				5FF79E602B19F4A80071DAD3 /* URLSessionHTTPClient.swift in Sources */,
				5F3897F92B476F1D00C9FB20 /* ManagedCache.swift in Sources */,
				F16A3D5D2B45CCB6004B3044 /* CoreDataFeedStore.swift in Sources */,
				5F3897FB2B476F4800C9FB20 /* ManagedFeedImage.swift in Sources */,
			);
			runOnlyForDeploymentPostprocessing = 0;
		};
		F13AE3622AB7601E001D2EEB /* Sources */ = {
			isa = PBXSourcesBuildPhase;
			buildActionMask = 2147483647;
			files = (
				5F9D5E892B44A784008508DE /* FailableInsertFeedStoreSpecs.swift in Sources */,
				F16A3D5B2B45CC36004B3044 /* CoreDataFeedStoreTests.swift in Sources */,
				5F9D5E8B2B44A7BB008508DE /* FailableRetrieveFeedStoreSpecs.swift in Sources */,
				F1146DB92B35E42E0065835F /* FeedCacheTestHelpers.swift in Sources */,
				F13AE36C2AB7601F001D2EEB /* EssentialFeedTests.swift in Sources */,
				5FF79E5B2B17F36E0071DAD3 /* URLSessionHTTPClientTests.swift in Sources */,
				F179D15F2B3345B20074290B /* FeedStoreSpy.swift in Sources */,
				5FDCFF0E2B2F41BE0085079C /* CacheFeedUseCaseTests.swift in Sources */,
				F1146DBB2B3840C20065835F /* SharedTestHelpers.swift in Sources */,
				F1146DB72B35E0320065835F /* ValidateFeedCacheUseCaseTests.swift in Sources */,
				F179D15C2B3343740074290B /* LoadFeedFromCacheUseCaseTests.swift in Sources */,
				5F9D5E852B44A154008508DE /* FeedStoreSpecs.swift in Sources */,
				5FF79E5E2B19DAAE0071DAD3 /* XCTestCase+MemoryLeakTracking.swift in Sources */,
				5F9D5E872B44A254008508DE /* XCTestCase+FeedStoreSpecs.swift in Sources */,
			);
			runOnlyForDeploymentPostprocessing = 0;
		};
		F1F44B2C2B4C162D005BD43D /* Sources */ = {
			isa = PBXSourcesBuildPhase;
			buildActionMask = 2147483647;
			files = (
				F1B00A1E2B4C2FA500D77860 /* SharedTestHelpers.swift in Sources */,
				F1F44B332B4C162D005BD43D /* EssentialFeedCacheIntegrationTests.swift in Sources */,
				F1B00A1D2B4C2F7600D77860 /* FeedCacheTestHelpers.swift in Sources */,
				F1F44B3B2B4C23F2005BD43D /* XCTestCase+MemoryLeakTracking.swift in Sources */,
			);
			runOnlyForDeploymentPostprocessing = 0;
		};
/* End PBXSourcesBuildPhase section */

/* Begin PBXTargetDependency section */
		5FA5D79E2B2204630049A06F /* PBXTargetDependency */ = {
			isa = PBXTargetDependency;
			target = F13AE35B2AB7601E001D2EEB /* EssentialFeed */;
			targetProxy = 5FA5D79D2B2204630049A06F /* PBXContainerItemProxy */;
		};
		F13AE3692AB7601E001D2EEB /* PBXTargetDependency */ = {
			isa = PBXTargetDependency;
			target = F13AE35B2AB7601E001D2EEB /* EssentialFeed */;
			targetProxy = F13AE3682AB7601E001D2EEB /* PBXContainerItemProxy */;
		};
		F1F44B362B4C162D005BD43D /* PBXTargetDependency */ = {
			isa = PBXTargetDependency;
			target = F13AE35B2AB7601E001D2EEB /* EssentialFeed */;
			targetProxy = F1F44B352B4C162D005BD43D /* PBXContainerItemProxy */;
		};
/* End PBXTargetDependency section */

/* Begin XCBuildConfiguration section */
		5FA5D7A02B2204630049A06F /* Debug */ = {
			isa = XCBuildConfiguration;
			buildSettings = {
				CODE_SIGN_STYLE = Automatic;
				CURRENT_PROJECT_VERSION = 1;
				DEVELOPMENT_TEAM = "";
				GCC_C_LANGUAGE_STANDARD = gnu17;
				GENERATE_INFOPLIST_FILE = YES;
				LOCALIZATION_PREFERS_STRING_CATALOGS = YES;
				MACOSX_DEPLOYMENT_TARGET = 14.0;
				MARKETING_VERSION = 1.0;
				PRODUCT_BUNDLE_IDENTIFIER = G.EssentialFeedAPIEndtoEndTests;
				PRODUCT_NAME = "$(TARGET_NAME)";
				SWIFT_ACTIVE_COMPILATION_CONDITIONS = "DEBUG $(inherited)";
				SWIFT_EMIT_LOC_STRINGS = NO;
				SWIFT_VERSION = 5.0;
			};
			name = Debug;
		};
		5FA5D7A12B2204630049A06F /* Release */ = {
			isa = XCBuildConfiguration;
			buildSettings = {
				CODE_SIGN_STYLE = Automatic;
				CURRENT_PROJECT_VERSION = 1;
				DEVELOPMENT_TEAM = "";
				GCC_C_LANGUAGE_STANDARD = gnu17;
				GENERATE_INFOPLIST_FILE = YES;
				LOCALIZATION_PREFERS_STRING_CATALOGS = YES;
				MACOSX_DEPLOYMENT_TARGET = 14.0;
				MARKETING_VERSION = 1.0;
				PRODUCT_BUNDLE_IDENTIFIER = G.EssentialFeedAPIEndtoEndTests;
				PRODUCT_NAME = "$(TARGET_NAME)";
				SWIFT_EMIT_LOC_STRINGS = NO;
				SWIFT_VERSION = 5.0;
			};
			name = Release;
		};
		F13AE36E2AB7601F001D2EEB /* Debug */ = {
			isa = XCBuildConfiguration;
			buildSettings = {
				ALWAYS_SEARCH_USER_PATHS = NO;
				ASSETCATALOG_COMPILER_GENERATE_SWIFT_ASSET_SYMBOL_EXTENSIONS = YES;
				CLANG_ANALYZER_NONNULL = YES;
				CLANG_ANALYZER_NUMBER_OBJECT_CONVERSION = YES_AGGRESSIVE;
				CLANG_CXX_LANGUAGE_STANDARD = "gnu++20";
				CLANG_ENABLE_MODULES = YES;
				CLANG_ENABLE_OBJC_ARC = YES;
				CLANG_ENABLE_OBJC_WEAK = YES;
				CLANG_WARN_BLOCK_CAPTURE_AUTORELEASING = YES;
				CLANG_WARN_BOOL_CONVERSION = YES;
				CLANG_WARN_COMMA = YES;
				CLANG_WARN_CONSTANT_CONVERSION = YES;
				CLANG_WARN_DEPRECATED_OBJC_IMPLEMENTATIONS = YES;
				CLANG_WARN_DIRECT_OBJC_ISA_USAGE = YES_ERROR;
				CLANG_WARN_DOCUMENTATION_COMMENTS = YES;
				CLANG_WARN_EMPTY_BODY = YES;
				CLANG_WARN_ENUM_CONVERSION = YES;
				CLANG_WARN_INFINITE_RECURSION = YES;
				CLANG_WARN_INT_CONVERSION = YES;
				CLANG_WARN_NON_LITERAL_NULL_CONVERSION = YES;
				CLANG_WARN_OBJC_IMPLICIT_RETAIN_SELF = YES;
				CLANG_WARN_OBJC_LITERAL_CONVERSION = YES;
				CLANG_WARN_OBJC_ROOT_CLASS = YES_ERROR;
				CLANG_WARN_QUOTED_INCLUDE_IN_FRAMEWORK_HEADER = YES;
				CLANG_WARN_RANGE_LOOP_ANALYSIS = YES;
				CLANG_WARN_STRICT_PROTOTYPES = YES;
				CLANG_WARN_SUSPICIOUS_MOVE = YES;
				CLANG_WARN_UNGUARDED_AVAILABILITY = YES_AGGRESSIVE;
				CLANG_WARN_UNREACHABLE_CODE = YES;
				CLANG_WARN__DUPLICATE_METHOD_MATCH = YES;
				COPY_PHASE_STRIP = NO;
				CURRENT_PROJECT_VERSION = 1;
				DEAD_CODE_STRIPPING = YES;
				DEBUG_INFORMATION_FORMAT = dwarf;
				ENABLE_STRICT_OBJC_MSGSEND = YES;
				ENABLE_TESTABILITY = YES;
				ENABLE_USER_SCRIPT_SANDBOXING = YES;
				GCC_C_LANGUAGE_STANDARD = gnu11;
				GCC_DYNAMIC_NO_PIC = NO;
				GCC_NO_COMMON_BLOCKS = YES;
				GCC_OPTIMIZATION_LEVEL = 0;
				GCC_PREPROCESSOR_DEFINITIONS = (
					"DEBUG=1",
					"$(inherited)",
				);
				GCC_WARN_64_TO_32_BIT_CONVERSION = YES;
				GCC_WARN_ABOUT_RETURN_TYPE = YES_ERROR;
				GCC_WARN_UNDECLARED_SELECTOR = YES;
				GCC_WARN_UNINITIALIZED_AUTOS = YES_AGGRESSIVE;
				GCC_WARN_UNUSED_FUNCTION = YES;
				GCC_WARN_UNUSED_VARIABLE = YES;
				MACOSX_DEPLOYMENT_TARGET = 13.3;
				MTL_ENABLE_DEBUG_INFO = INCLUDE_SOURCE;
				MTL_FAST_MATH = YES;
				ONLY_ACTIVE_ARCH = YES;
				SDKROOT = macosx;
				SWIFT_ACTIVE_COMPILATION_CONDITIONS = DEBUG;
				SWIFT_OPTIMIZATION_LEVEL = "-Onone";
				VERSIONING_SYSTEM = "apple-generic";
				VERSION_INFO_PREFIX = "";
			};
			name = Debug;
		};
		F13AE36F2AB7601F001D2EEB /* Release */ = {
			isa = XCBuildConfiguration;
			buildSettings = {
				ALWAYS_SEARCH_USER_PATHS = NO;
				ASSETCATALOG_COMPILER_GENERATE_SWIFT_ASSET_SYMBOL_EXTENSIONS = YES;
				CLANG_ANALYZER_NONNULL = YES;
				CLANG_ANALYZER_NUMBER_OBJECT_CONVERSION = YES_AGGRESSIVE;
				CLANG_CXX_LANGUAGE_STANDARD = "gnu++20";
				CLANG_ENABLE_MODULES = YES;
				CLANG_ENABLE_OBJC_ARC = YES;
				CLANG_ENABLE_OBJC_WEAK = YES;
				CLANG_WARN_BLOCK_CAPTURE_AUTORELEASING = YES;
				CLANG_WARN_BOOL_CONVERSION = YES;
				CLANG_WARN_COMMA = YES;
				CLANG_WARN_CONSTANT_CONVERSION = YES;
				CLANG_WARN_DEPRECATED_OBJC_IMPLEMENTATIONS = YES;
				CLANG_WARN_DIRECT_OBJC_ISA_USAGE = YES_ERROR;
				CLANG_WARN_DOCUMENTATION_COMMENTS = YES;
				CLANG_WARN_EMPTY_BODY = YES;
				CLANG_WARN_ENUM_CONVERSION = YES;
				CLANG_WARN_INFINITE_RECURSION = YES;
				CLANG_WARN_INT_CONVERSION = YES;
				CLANG_WARN_NON_LITERAL_NULL_CONVERSION = YES;
				CLANG_WARN_OBJC_IMPLICIT_RETAIN_SELF = YES;
				CLANG_WARN_OBJC_LITERAL_CONVERSION = YES;
				CLANG_WARN_OBJC_ROOT_CLASS = YES_ERROR;
				CLANG_WARN_QUOTED_INCLUDE_IN_FRAMEWORK_HEADER = YES;
				CLANG_WARN_RANGE_LOOP_ANALYSIS = YES;
				CLANG_WARN_STRICT_PROTOTYPES = YES;
				CLANG_WARN_SUSPICIOUS_MOVE = YES;
				CLANG_WARN_UNGUARDED_AVAILABILITY = YES_AGGRESSIVE;
				CLANG_WARN_UNREACHABLE_CODE = YES;
				CLANG_WARN__DUPLICATE_METHOD_MATCH = YES;
				COPY_PHASE_STRIP = NO;
				CURRENT_PROJECT_VERSION = 1;
				DEAD_CODE_STRIPPING = YES;
				DEBUG_INFORMATION_FORMAT = "dwarf-with-dsym";
				ENABLE_NS_ASSERTIONS = NO;
				ENABLE_STRICT_OBJC_MSGSEND = YES;
				ENABLE_USER_SCRIPT_SANDBOXING = YES;
				GCC_C_LANGUAGE_STANDARD = gnu11;
				GCC_NO_COMMON_BLOCKS = YES;
				GCC_WARN_64_TO_32_BIT_CONVERSION = YES;
				GCC_WARN_ABOUT_RETURN_TYPE = YES_ERROR;
				GCC_WARN_UNDECLARED_SELECTOR = YES;
				GCC_WARN_UNINITIALIZED_AUTOS = YES_AGGRESSIVE;
				GCC_WARN_UNUSED_FUNCTION = YES;
				GCC_WARN_UNUSED_VARIABLE = YES;
				MACOSX_DEPLOYMENT_TARGET = 13.3;
				MTL_ENABLE_DEBUG_INFO = NO;
				MTL_FAST_MATH = YES;
				SDKROOT = macosx;
				SWIFT_COMPILATION_MODE = wholemodule;
				SWIFT_OPTIMIZATION_LEVEL = "-O";
				VERSIONING_SYSTEM = "apple-generic";
				VERSION_INFO_PREFIX = "";
			};
			name = Release;
		};
		F13AE3712AB7601F001D2EEB /* Debug */ = {
			isa = XCBuildConfiguration;
			buildSettings = {
				CLANG_ENABLE_MODULES = YES;
				CODE_SIGN_IDENTITY = "";
				CODE_SIGN_STYLE = Automatic;
				COMBINE_HIDPI_IMAGES = YES;
				CURRENT_PROJECT_VERSION = 1;
				DEAD_CODE_STRIPPING = YES;
				DEFINES_MODULE = YES;
				DEVELOPMENT_TEAM = "";
				DYLIB_COMPATIBILITY_VERSION = 1;
				DYLIB_CURRENT_VERSION = 1;
				DYLIB_INSTALL_NAME_BASE = "@rpath";
				ENABLE_MODULE_VERIFIER = YES;
				GENERATE_INFOPLIST_FILE = YES;
				INFOPLIST_KEY_NSHumanReadableCopyright = "";
				INSTALL_PATH = "$(LOCAL_LIBRARY_DIR)/Frameworks";
				LD_RUNPATH_SEARCH_PATHS = (
					"$(inherited)",
					"@executable_path/../Frameworks",
					"@loader_path/Frameworks",
				);
				MARKETING_VERSION = 1.0;
				MODULE_VERIFIER_SUPPORTED_LANGUAGES = "objective-c objective-c++";
				MODULE_VERIFIER_SUPPORTED_LANGUAGE_STANDARDS = "gnu11 gnu++20";
				PRODUCT_BUNDLE_IDENTIFIER = TestPackage.EssentialFeed;
				PRODUCT_NAME = "$(TARGET_NAME:c99extidentifier)";
				SKIP_INSTALL = YES;
				SUPPORTED_PLATFORMS = "macosx iphoneos iphonesimulator";
				SWIFT_EMIT_LOC_STRINGS = YES;
				SWIFT_OPTIMIZATION_LEVEL = "-Onone";
				SWIFT_VERSION = 5.0;
			};
			name = Debug;
		};
		F13AE3722AB7601F001D2EEB /* Release */ = {
			isa = XCBuildConfiguration;
			buildSettings = {
				CLANG_ENABLE_MODULES = YES;
				CODE_SIGN_IDENTITY = "";
				CODE_SIGN_STYLE = Automatic;
				COMBINE_HIDPI_IMAGES = YES;
				CURRENT_PROJECT_VERSION = 1;
				DEAD_CODE_STRIPPING = YES;
				DEFINES_MODULE = YES;
				DEVELOPMENT_TEAM = "";
				DYLIB_COMPATIBILITY_VERSION = 1;
				DYLIB_CURRENT_VERSION = 1;
				DYLIB_INSTALL_NAME_BASE = "@rpath";
				ENABLE_MODULE_VERIFIER = YES;
				GENERATE_INFOPLIST_FILE = YES;
				INFOPLIST_KEY_NSHumanReadableCopyright = "";
				INSTALL_PATH = "$(LOCAL_LIBRARY_DIR)/Frameworks";
				LD_RUNPATH_SEARCH_PATHS = (
					"$(inherited)",
					"@executable_path/../Frameworks",
					"@loader_path/Frameworks",
				);
				MARKETING_VERSION = 1.0;
				MODULE_VERIFIER_SUPPORTED_LANGUAGES = "objective-c objective-c++";
				MODULE_VERIFIER_SUPPORTED_LANGUAGE_STANDARDS = "gnu11 gnu++20";
				PRODUCT_BUNDLE_IDENTIFIER = TestPackage.EssentialFeed;
				PRODUCT_NAME = "$(TARGET_NAME:c99extidentifier)";
				SKIP_INSTALL = YES;
				SUPPORTED_PLATFORMS = "macosx iphoneos iphonesimulator";
				SWIFT_EMIT_LOC_STRINGS = YES;
				SWIFT_VERSION = 5.0;
			};
			name = Release;
		};
		F13AE3742AB7601F001D2EEB /* Debug */ = {
			isa = XCBuildConfiguration;
			buildSettings = {
				ALWAYS_EMBED_SWIFT_STANDARD_LIBRARIES = YES;
				CODE_SIGN_STYLE = Automatic;
				CURRENT_PROJECT_VERSION = 1;
				DEAD_CODE_STRIPPING = YES;
				DEVELOPMENT_TEAM = "";
				GENERATE_INFOPLIST_FILE = YES;
				MARKETING_VERSION = 1.0;
				PRODUCT_BUNDLE_IDENTIFIER = TestPackage.EssentialFeedTests;
				PRODUCT_NAME = "$(TARGET_NAME)";
				SUPPORTED_PLATFORMS = "macosx iphoneos iphonesimulator";
				SWIFT_EMIT_LOC_STRINGS = NO;
				SWIFT_VERSION = 5.0;
			};
			name = Debug;
		};
		F13AE3752AB7601F001D2EEB /* Release */ = {
			isa = XCBuildConfiguration;
			buildSettings = {
				ALWAYS_EMBED_SWIFT_STANDARD_LIBRARIES = YES;
				CODE_SIGN_STYLE = Automatic;
				CURRENT_PROJECT_VERSION = 1;
				DEAD_CODE_STRIPPING = YES;
				DEVELOPMENT_TEAM = "";
				GENERATE_INFOPLIST_FILE = YES;
				MARKETING_VERSION = 1.0;
				PRODUCT_BUNDLE_IDENTIFIER = TestPackage.EssentialFeedTests;
				PRODUCT_NAME = "$(TARGET_NAME)";
				SUPPORTED_PLATFORMS = "macosx iphoneos iphonesimulator";
				SWIFT_EMIT_LOC_STRINGS = NO;
				SWIFT_VERSION = 5.0;
			};
			name = Release;
		};
		F1F44B372B4C162D005BD43D /* Debug */ = {
			isa = XCBuildConfiguration;
			buildSettings = {
				CODE_SIGN_STYLE = Automatic;
				CURRENT_PROJECT_VERSION = 1;
				DEVELOPMENT_TEAM = M5DJ4YC39W;
				GCC_C_LANGUAGE_STANDARD = gnu17;
				GENERATE_INFOPLIST_FILE = YES;
				LOCALIZATION_PREFERS_STRING_CATALOGS = YES;
				MACOSX_DEPLOYMENT_TARGET = 14.1;
				MARKETING_VERSION = 1.0;
				PRODUCT_BUNDLE_IDENTIFIER = TestPackage.EssentialFeedCacheIntegrationTests;
				PRODUCT_NAME = "$(TARGET_NAME)";
				SWIFT_ACTIVE_COMPILATION_CONDITIONS = "DEBUG $(inherited)";
				SWIFT_EMIT_LOC_STRINGS = NO;
				SWIFT_VERSION = 5.0;
			};
			name = Debug;
		};
		F1F44B382B4C162D005BD43D /* Release */ = {
			isa = XCBuildConfiguration;
			buildSettings = {
				CODE_SIGN_STYLE = Automatic;
				CURRENT_PROJECT_VERSION = 1;
				DEVELOPMENT_TEAM = M5DJ4YC39W;
				GCC_C_LANGUAGE_STANDARD = gnu17;
				GENERATE_INFOPLIST_FILE = YES;
				LOCALIZATION_PREFERS_STRING_CATALOGS = YES;
				MACOSX_DEPLOYMENT_TARGET = 14.1;
				MARKETING_VERSION = 1.0;
				PRODUCT_BUNDLE_IDENTIFIER = TestPackage.EssentialFeedCacheIntegrationTests;
				PRODUCT_NAME = "$(TARGET_NAME)";
				SWIFT_EMIT_LOC_STRINGS = NO;
				SWIFT_VERSION = 5.0;
			};
			name = Release;
		};
/* End XCBuildConfiguration section */

/* Begin XCConfigurationList section */
		5FA5D79F2B2204630049A06F /* Build configuration list for PBXNativeTarget "EssentialFeedAPIEndtoEndTests" */ = {
			isa = XCConfigurationList;
			buildConfigurations = (
				5FA5D7A02B2204630049A06F /* Debug */,
				5FA5D7A12B2204630049A06F /* Release */,
			);
			defaultConfigurationIsVisible = 0;
			defaultConfigurationName = Release;
		};
		F13AE3562AB7601E001D2EEB /* Build configuration list for PBXProject "EssentialFeed" */ = {
			isa = XCConfigurationList;
			buildConfigurations = (
				F13AE36E2AB7601F001D2EEB /* Debug */,
				F13AE36F2AB7601F001D2EEB /* Release */,
			);
			defaultConfigurationIsVisible = 0;
			defaultConfigurationName = Release;
		};
		F13AE3702AB7601F001D2EEB /* Build configuration list for PBXNativeTarget "EssentialFeed" */ = {
			isa = XCConfigurationList;
			buildConfigurations = (
				F13AE3712AB7601F001D2EEB /* Debug */,
				F13AE3722AB7601F001D2EEB /* Release */,
			);
			defaultConfigurationIsVisible = 0;
			defaultConfigurationName = Release;
		};
		F13AE3732AB7601F001D2EEB /* Build configuration list for PBXNativeTarget "EssentialFeedTests" */ = {
			isa = XCConfigurationList;
			buildConfigurations = (
				F13AE3742AB7601F001D2EEB /* Debug */,
				F13AE3752AB7601F001D2EEB /* Release */,
			);
			defaultConfigurationIsVisible = 0;
			defaultConfigurationName = Release;
		};
		F1F44B392B4C162D005BD43D /* Build configuration list for PBXNativeTarget "EssentialFeedCacheIntegrationTests" */ = {
			isa = XCConfigurationList;
			buildConfigurations = (
				F1F44B372B4C162D005BD43D /* Debug */,
				F1F44B382B4C162D005BD43D /* Release */,
			);
			defaultConfigurationIsVisible = 0;
			defaultConfigurationName = Release;
		};
/* End XCConfigurationList section */

/* Begin XCVersionGroup section */
		F1F44B092B45CFE7005BD43D /* FeedStore.xcdatamodeld */ = {
			isa = XCVersionGroup;
			children = (
				F1F44B0A2B45CFE7005BD43D /* FeedStore.xcdatamodel */,
			);
			currentVersion = F1F44B0A2B45CFE7005BD43D /* FeedStore.xcdatamodel */;
			path = FeedStore.xcdatamodeld;
			sourceTree = "<group>";
			versionGroupType = wrapper.xcdatamodel;
		};
/* End XCVersionGroup section */
	};
	rootObject = F13AE3532AB7601E001D2EEB /* Project object */;
}
