// !$*UTF8*$!
{
	archiveVersion = 1;
	classes = {
	};
	objectVersion = 56;
	objects = {

/* Begin PBXBuildFile section */
		5F276A422B31F51D00ADD224 /* LocalFeedLoader.swift in Sources */ = {isa = PBXBuildFile; fileRef = 5F276A412B31F51D00ADD224 /* LocalFeedLoader.swift */; };
		5F276A442B31F5F500ADD224 /* FeedStore.swift in Sources */ = {isa = PBXBuildFile; fileRef = 5F276A432B31F5F500ADD224 /* FeedStore.swift */; };
		5F3897F72B476E9B00C9FB20 /* CoreDataHelpers.swift in Sources */ = {isa = PBXBuildFile; fileRef = 5F3897F62B476E9B00C9FB20 /* CoreDataHelpers.swift */; };
		5F3897F92B476F1D00C9FB20 /* ManagedCache.swift in Sources */ = {isa = PBXBuildFile; fileRef = 5F3897F82B476F1D00C9FB20 /* ManagedCache.swift */; };
		5F3897FB2B476F4800C9FB20 /* ManagedFeedImage.swift in Sources */ = {isa = PBXBuildFile; fileRef = 5F3897FA2B476F4800C9FB20 /* ManagedFeedImage.swift */; };
		5F4602992C6792F400BE6DF7 /* FeedPresenterTests.swift in Sources */ = {isa = PBXBuildFile; fileRef = 5F4602982C6792F400BE6DF7 /* FeedPresenterTests.swift */; };
		5F4602A32C67AD5700BE6DF7 /* FeedPresenter.swift in Sources */ = {isa = PBXBuildFile; fileRef = 5F4602A22C67AD5700BE6DF7 /* FeedPresenter.swift */; };
		5F4602A42C67AE6C00BE6DF7 /* Feed.strings in Resources */ = {isa = PBXBuildFile; fileRef = 5F46029C2C67A96F00BE6DF7 /* Feed.strings */; };
		5F4602A62C67B00B00BE6DF7 /* FeedViewModel.swift in Sources */ = {isa = PBXBuildFile; fileRef = 5F4602A52C67B00B00BE6DF7 /* FeedViewModel.swift */; };
		5F4602A82C67B02300BE6DF7 /* ResourceLoadingViewModel.swift in Sources */ = {isa = PBXBuildFile; fileRef = 5F4602A72C67B02300BE6DF7 /* ResourceLoadingViewModel.swift */; };
		5F4602AA2C67B03500BE6DF7 /* ResourceErrorViewModel.swift in Sources */ = {isa = PBXBuildFile; fileRef = 5F4602A92C67B03500BE6DF7 /* ResourceErrorViewModel.swift */; };
		5F4602AC2C68FFA100BE6DF7 /* ErrorView.swift in Sources */ = {isa = PBXBuildFile; fileRef = 5F4602AB2C68FFA100BE6DF7 /* ErrorView.swift */; };
		5F4602AD2C6903A700BE6DF7 /* FeedLocalizationTests.swift in Sources */ = {isa = PBXBuildFile; fileRef = 5FD072D32C592510006B5162 /* FeedLocalizationTests.swift */; };
		5F4602AE2C6904D900BE6DF7 /* FeedImageViewModel.swift in Sources */ = {isa = PBXBuildFile; fileRef = 5F7C95192C216A3F0057A24C /* FeedImageViewModel.swift */; };
		5F4602AF2C6904E000BE6DF7 /* FeedImagePresenter.swift in Sources */ = {isa = PBXBuildFile; fileRef = 5FD072C22C516039006B5162 /* FeedImagePresenter.swift */; };
		5F46F1682D22D4920031E38F /* FeedSnapshotTests.swift in Sources */ = {isa = PBXBuildFile; fileRef = 5F46F1672D22D4920031E38F /* FeedSnapshotTests.swift */; };
		5F46F16B2D22E8C90031E38F /* UIImage+TestHelpers.swift in Sources */ = {isa = PBXBuildFile; fileRef = 5F46F16A2D22E8C90031E38F /* UIImage+TestHelpers.swift */; };
		5F46F16E2D22F45E0031E38F /* UITableView+HeaderSizing.swift in Sources */ = {isa = PBXBuildFile; fileRef = 5F46F16D2D22F45E0031E38F /* UITableView+HeaderSizing.swift */; };
		5F46F1702D2402810031E38F /* UIViewController+Snapshot.swift in Sources */ = {isa = PBXBuildFile; fileRef = 5F46F16F2D2402810031E38F /* UIViewController+Snapshot.swift */; };
		5F46F1722D2403F50031E38F /* XCTestCase+Snapshot.swift in Sources */ = {isa = PBXBuildFile; fileRef = 5F46F1712D2403F50031E38F /* XCTestCase+Snapshot.swift */; };
		5F5558B12D340830003BBA52 /* ImageCommentsMapperTests.swift in Sources */ = {isa = PBXBuildFile; fileRef = 5F5558B02D340822003BBA52 /* ImageCommentsMapperTests.swift */; };
		5F5558B52D3468E7003BBA52 /* ImageCommentsMapper.swift in Sources */ = {isa = PBXBuildFile; fileRef = 5F5558B42D3468E7003BBA52 /* ImageCommentsMapper.swift */; };
		5F5DF4E12C9B173C00ADD59C /* LoadFeedImageDataFromCacheUseCaseTests.swift in Sources */ = {isa = PBXBuildFile; fileRef = 5F5DF4E02C9B173C00ADD59C /* LoadFeedImageDataFromCacheUseCaseTests.swift */; };
		5F6E80E02C88C03A00E1CAA1 /* FeedImageDataLoader.swift in Sources */ = {isa = PBXBuildFile; fileRef = 5F7C950C2C1F0C770057A24C /* FeedImageDataLoader.swift */; };
		5F7254A22C99EC15002E8961 /* HTTPURLResponse+StatusCode.swift in Sources */ = {isa = PBXBuildFile; fileRef = 5F7254A12C99EC15002E8961 /* HTTPURLResponse+StatusCode.swift */; };
		5F7254A52C99ED9A002E8961 /* URLProtocolStub.swift in Sources */ = {isa = PBXBuildFile; fileRef = 5F7254A42C99ED9A002E8961 /* URLProtocolStub.swift */; };
		5F7C95042C19B3F70057A24C /* FeedViewController.swift in Sources */ = {isa = PBXBuildFile; fileRef = 5F7C95032C19B3F70057A24C /* FeedViewController.swift */; };
		5F7C95062C19D5320057A24C /* FeedImageCell.swift in Sources */ = {isa = PBXBuildFile; fileRef = 5F7C95052C19D5320057A24C /* FeedImageCell.swift */; };
		5F7C95082C1AF4230057A24C /* UIView+Shimmering.swift in Sources */ = {isa = PBXBuildFile; fileRef = 5F7C95072C1AF4230057A24C /* UIView+Shimmering.swift */; };
		5F7C95122C2028910057A24C /* FeedImageCellController.swift in Sources */ = {isa = PBXBuildFile; fileRef = 5F7C95112C2028910057A24C /* FeedImageCellController.swift */; };
		5F7D440D2B3CBD4C001B62D1 /* FeedCachePolicy.swift in Sources */ = {isa = PBXBuildFile; fileRef = 5F7D440C2B3CBD4C001B62D1 /* FeedCachePolicy.swift */; };
		5F9D5E852B44A154008508DE /* FeedStoreSpecs.swift in Sources */ = {isa = PBXBuildFile; fileRef = 5F9D5E842B44A154008508DE /* FeedStoreSpecs.swift */; };
		5F9D5E872B44A254008508DE /* XCTestCase+FeedStoreSpecs.swift in Sources */ = {isa = PBXBuildFile; fileRef = 5F9D5E862B44A254008508DE /* XCTestCase+FeedStoreSpecs.swift */; };
		5F9D5E892B44A784008508DE /* FailableInsertFeedStoreSpecs.swift in Sources */ = {isa = PBXBuildFile; fileRef = 5F9D5E882B44A784008508DE /* FailableInsertFeedStoreSpecs.swift */; };
		5F9D5E8B2B44A7BB008508DE /* FailableRetrieveFeedStoreSpecs.swift in Sources */ = {isa = PBXBuildFile; fileRef = 5F9D5E8A2B44A7BB008508DE /* FailableRetrieveFeedStoreSpecs.swift */; };
		5FA5D79B2B2204630049A06F /* EssentialFeedAPIEndtoEndTests.swift in Sources */ = {isa = PBXBuildFile; fileRef = 5FA5D79A2B2204630049A06F /* EssentialFeedAPIEndtoEndTests.swift */; };
		5FA5D79C2B2204630049A06F /* EssentialFeed.framework in Frameworks */ = {isa = PBXBuildFile; fileRef = F13AE35C2AB7601E001D2EEB /* EssentialFeed.framework */; };
		5FA5F5172C9C87DB007FEA16 /* FeedImageDataStore.swift in Sources */ = {isa = PBXBuildFile; fileRef = 5FA5F5162C9C87DB007FEA16 /* FeedImageDataStore.swift */; };
		5FA5F5192C9C881B007FEA16 /* LocalFeedImageDataLoader.swift in Sources */ = {isa = PBXBuildFile; fileRef = 5FA5F5182C9C881B007FEA16 /* LocalFeedImageDataLoader.swift */; };
		5FA5F51B2C9EE84F007FEA16 /* FeedImageDataStoreSpy.swift in Sources */ = {isa = PBXBuildFile; fileRef = 5FA5F51A2C9EE84F007FEA16 /* FeedImageDataStoreSpy.swift */; };
		5FA5F51D2C9EEA59007FEA16 /* CacheFeedImageDataUseCaseTests.swift in Sources */ = {isa = PBXBuildFile; fileRef = 5FA5F51C2C9EEA59007FEA16 /* CacheFeedImageDataUseCaseTests.swift */; };
		5FA5F51F2C9EF884007FEA16 /* CoreDataFeedImageDataStoreTests.swift in Sources */ = {isa = PBXBuildFile; fileRef = 5FA5F51E2C9EF884007FEA16 /* CoreDataFeedImageDataStoreTests.swift */; };
		5FA5F5222C9F0455007FEA16 /* CoreDataFeedStore+FeedImageDataLoader.swift in Sources */ = {isa = PBXBuildFile; fileRef = 5FA5F5212C9F0455007FEA16 /* CoreDataFeedStore+FeedImageDataLoader.swift */; };
		5FA5F5242C9F1C80007FEA16 /* CoreDataFeedStore+FeedStore.swift in Sources */ = {isa = PBXBuildFile; fileRef = 5FA5F5232C9F1C80007FEA16 /* CoreDataFeedStore+FeedStore.swift */; };
		5FAF26F52D350673007887F3 /* ImageComment.swift in Sources */ = {isa = PBXBuildFile; fileRef = 5FAF26F42D350670007887F3 /* ImageComment.swift */; };
		5FB33A9C2CE368360014D9AE /* FeedCache.swift in Sources */ = {isa = PBXBuildFile; fileRef = 5FB33A9B2CE368360014D9AE /* FeedCache.swift */; };
		5FB33AA62CE396030014D9AE /* FeedImageDataCache.swift in Sources */ = {isa = PBXBuildFile; fileRef = 5FB33AA52CE396030014D9AE /* FeedImageDataCache.swift */; };
		5FBC52042B2208AD00C1ED1D /* XCTestCase+MemoryLeakTracking.swift in Sources */ = {isa = PBXBuildFile; fileRef = 5FF79E5D2B19DAAE0071DAD3 /* XCTestCase+MemoryLeakTracking.swift */; };
		5FD072BF2C50CD9E006B5162 /* Feed.storyboard in Resources */ = {isa = PBXBuildFile; fileRef = 5FD072BE2C50CD9E006B5162 /* Feed.storyboard */; };
		5FD072C12C50CE4B006B5162 /* Feed.xcassets in Resources */ = {isa = PBXBuildFile; fileRef = 5FD072C02C50CE4B006B5162 /* Feed.xcassets */; };
		5FD072C52C5167BB006B5162 /* UITableView+Dequeueing.swift in Sources */ = {isa = PBXBuildFile; fileRef = 5FD072C42C5167BB006B5162 /* UITableView+Dequeueing.swift */; };
		5FD072C72C516885006B5162 /* UIImageView+Animations.swift in Sources */ = {isa = PBXBuildFile; fileRef = 5FD072C62C516885006B5162 /* UIImageView+Animations.swift */; };
		5FDCFF0E2B2F41BE0085079C /* CacheFeedUseCaseTests.swift in Sources */ = {isa = PBXBuildFile; fileRef = 5FDCFF0D2B2F41BE0085079C /* CacheFeedUseCaseTests.swift */; };
		5FF1871F2B152AA9001F4CE8 /* HTTPClient.swift in Sources */ = {isa = PBXBuildFile; fileRef = 5FF1871E2B152AA9001F4CE8 /* HTTPClient.swift */; };
		5FF187212B152B80001F4CE8 /* FeedItemsMapper.swift in Sources */ = {isa = PBXBuildFile; fileRef = 5FF187202B152B80001F4CE8 /* FeedItemsMapper.swift */; };
		5FF79E5B2B17F36E0071DAD3 /* URLSessionHTTPClientTests.swift in Sources */ = {isa = PBXBuildFile; fileRef = 5FF79E5A2B17F36E0071DAD3 /* URLSessionHTTPClientTests.swift */; };
		5FF79E5E2B19DAAE0071DAD3 /* XCTestCase+MemoryLeakTracking.swift in Sources */ = {isa = PBXBuildFile; fileRef = 5FF79E5D2B19DAAE0071DAD3 /* XCTestCase+MemoryLeakTracking.swift */; };
		5FF79E602B19F4A80071DAD3 /* URLSessionHTTPClient.swift in Sources */ = {isa = PBXBuildFile; fileRef = 5FF79E5F2B19F4A80071DAD3 /* URLSessionHTTPClient.swift */; };
		F1146DB72B35E0320065835F /* ValidateFeedCacheUseCaseTests.swift in Sources */ = {isa = PBXBuildFile; fileRef = F1146DB62B35E0320065835F /* ValidateFeedCacheUseCaseTests.swift */; };
		F1146DB92B35E42E0065835F /* FeedCacheTestHelpers.swift in Sources */ = {isa = PBXBuildFile; fileRef = F1146DB82B35E42E0065835F /* FeedCacheTestHelpers.swift */; };
		F1146DBB2B3840C20065835F /* SharedTestHelpers.swift in Sources */ = {isa = PBXBuildFile; fileRef = F1146DBA2B3840C20065835F /* SharedTestHelpers.swift */; };
		F13AE3672AB7601E001D2EEB /* EssentialFeed.framework in Frameworks */ = {isa = PBXBuildFile; fileRef = F13AE35C2AB7601E001D2EEB /* EssentialFeed.framework */; };
		F13AE36C2AB7601F001D2EEB /* FeedItemsMapperTests.swift in Sources */ = {isa = PBXBuildFile; fileRef = F13AE36B2AB7601F001D2EEB /* FeedItemsMapperTests.swift */; };
		F13D226F2B82B9B9002AE390 /* EssentialFeediOS.framework in Frameworks */ = {isa = PBXBuildFile; fileRef = F13D22672B82B9B9002AE390 /* EssentialFeediOS.framework */; };
		F161812A2AB761F400EE62A6 /* FeedImage.swift in Sources */ = {isa = PBXBuildFile; fileRef = F16181292AB761F400EE62A6 /* FeedImage.swift */; };
		F16A3D5B2B45CC36004B3044 /* CoreDataFeedStoreTests.swift in Sources */ = {isa = PBXBuildFile; fileRef = F16A3D5A2B45CC36004B3044 /* CoreDataFeedStoreTests.swift */; };
		F16A3D5D2B45CCB6004B3044 /* CoreDataFeedStore.swift in Sources */ = {isa = PBXBuildFile; fileRef = F16A3D5C2B45CCB6004B3044 /* CoreDataFeedStore.swift */; };
		F179D1442B3337BD0074290B /* LocalFeedImage.swift in Sources */ = {isa = PBXBuildFile; fileRef = F179D1432B3337BD0074290B /* LocalFeedImage.swift */; };
		F179D15C2B3343740074290B /* LoadFeedFromCacheUseCaseTests.swift in Sources */ = {isa = PBXBuildFile; fileRef = F179D15B2B3343740074290B /* LoadFeedFromCacheUseCaseTests.swift */; };
		F179D15F2B3345B20074290B /* FeedStoreSpy.swift in Sources */ = {isa = PBXBuildFile; fileRef = F179D15E2B3345B20074290B /* FeedStoreSpy.swift */; };
		F18093332DA808540083B46E /* LoadResourcePresenterTests.swift in Sources */ = {isa = PBXBuildFile; fileRef = F18093322DA808430083B46E /* LoadResourcePresenterTests.swift */; };
		F18093352DA809230083B46E /* LoadResourcePresenter.swift in Sources */ = {isa = PBXBuildFile; fileRef = F18093342DA809200083B46E /* LoadResourcePresenter.swift */; };
		F180933A2DA81D8A0083B46E /* SharedLocalizationTests.swift in Sources */ = {isa = PBXBuildFile; fileRef = F18093392DA81D7F0083B46E /* SharedLocalizationTests.swift */; };
		F180933D2DA81EBE0083B46E /* Shared.strings in Resources */ = {isa = PBXBuildFile; fileRef = F180933C2DA81EBE0083B46E /* Shared.strings */; };
		F18093412DA9074E0083B46E /* SharedLocalizationTestHelpers.swift in Sources */ = {isa = PBXBuildFile; fileRef = F18093402DA907350083B46E /* SharedLocalizationTestHelpers.swift */; };
		F18093422DA9074E0083B46E /* SharedLocalizationTestHelpers.swift in Sources */ = {isa = PBXBuildFile; fileRef = F18093402DA907350083B46E /* SharedLocalizationTestHelpers.swift */; };
		F18093432DA9074E0083B46E /* SharedLocalizationTestHelpers.swift in Sources */ = {isa = PBXBuildFile; fileRef = F18093402DA907350083B46E /* SharedLocalizationTestHelpers.swift */; };
		F18093442DA9074E0083B46E /* SharedLocalizationTestHelpers.swift in Sources */ = {isa = PBXBuildFile; fileRef = F18093402DA907350083B46E /* SharedLocalizationTestHelpers.swift */; };
		F18093462DA909F50083B46E /* ResourceLoadingView.swift in Sources */ = {isa = PBXBuildFile; fileRef = F18093452DA909F40083B46E /* ResourceLoadingView.swift */; };
		F18093482DA90B440083B46E /* ResourceErrorView.swift in Sources */ = {isa = PBXBuildFile; fileRef = F18093472DA90B420083B46E /* ResourceErrorView.swift */; };
		F1B00A1D2B4C2F7600D77860 /* FeedCacheTestHelpers.swift in Sources */ = {isa = PBXBuildFile; fileRef = F1146DB82B35E42E0065835F /* FeedCacheTestHelpers.swift */; };
		F1B00A1E2B4C2FA500D77860 /* SharedTestHelpers.swift in Sources */ = {isa = PBXBuildFile; fileRef = F1146DBA2B3840C20065835F /* SharedTestHelpers.swift */; };
		F1BC50772D9D1E9200E9D62E /* FeedImageDataMapperTests.swift in Sources */ = {isa = PBXBuildFile; fileRef = F1BC50762D9D1E8800E9D62E /* FeedImageDataMapperTests.swift */; };
		F1BC50792D9D1FBB00E9D62E /* FeedImageDataMapper.swift in Sources */ = {isa = PBXBuildFile; fileRef = F1BC50782D9D1FB500E9D62E /* FeedImageDataMapper.swift */; };
		F1D237892B83E01B00578FD7 /* EssentialFeed.framework in Frameworks */ = {isa = PBXBuildFile; fileRef = F13AE35C2AB7601E001D2EEB /* EssentialFeed.framework */; platformFilter = ios; };
		F1D2378A2B83E01B00578FD7 /* EssentialFeed.framework in Embed Frameworks */ = {isa = PBXBuildFile; fileRef = F13AE35C2AB7601E001D2EEB /* EssentialFeed.framework */; platformFilter = ios; settings = {ATTRIBUTES = (CodeSignOnCopy, RemoveHeadersOnCopy, ); }; };
		F1D2378E2B83E4C800578FD7 /* XCTestCase+MemoryLeakTracking.swift in Sources */ = {isa = PBXBuildFile; fileRef = 5FF79E5D2B19DAAE0071DAD3 /* XCTestCase+MemoryLeakTracking.swift */; };
		F1F44B0B2B45CFE7005BD43D /* FeedStore.xcdatamodeld in Sources */ = {isa = PBXBuildFile; fileRef = F1F44B092B45CFE7005BD43D /* FeedStore.xcdatamodeld */; };
		F1F44B332B4C162D005BD43D /* EssentialFeedCacheIntegrationTests.swift in Sources */ = {isa = PBXBuildFile; fileRef = F1F44B322B4C162D005BD43D /* EssentialFeedCacheIntegrationTests.swift */; };
		F1F44B342B4C162D005BD43D /* EssentialFeed.framework in Frameworks */ = {isa = PBXBuildFile; fileRef = F13AE35C2AB7601E001D2EEB /* EssentialFeed.framework */; };
		F1F44B3B2B4C23F2005BD43D /* XCTestCase+MemoryLeakTracking.swift in Sources */ = {isa = PBXBuildFile; fileRef = 5FF79E5D2B19DAAE0071DAD3 /* XCTestCase+MemoryLeakTracking.swift */; };
/* End PBXBuildFile section */

/* Begin PBXContainerItemProxy section */
		5FA5D79D2B2204630049A06F /* PBXContainerItemProxy */ = {
			isa = PBXContainerItemProxy;
			containerPortal = F13AE3532AB7601E001D2EEB /* Project object */;
			proxyType = 1;
			remoteGlobalIDString = F13AE35B2AB7601E001D2EEB;
			remoteInfo = EssentialFeed;
		};
		F13AE3682AB7601E001D2EEB /* PBXContainerItemProxy */ = {
			isa = PBXContainerItemProxy;
			containerPortal = F13AE3532AB7601E001D2EEB /* Project object */;
			proxyType = 1;
			remoteGlobalIDString = F13AE35B2AB7601E001D2EEB;
			remoteInfo = EssentialFeed;
		};
		F13D22702B82B9B9002AE390 /* PBXContainerItemProxy */ = {
			isa = PBXContainerItemProxy;
			containerPortal = F13AE3532AB7601E001D2EEB /* Project object */;
			proxyType = 1;
			remoteGlobalIDString = F13D22662B82B9B9002AE390;
			remoteInfo = EssentialFeediOS;
		};
		F1D2378B2B83E01B00578FD7 /* PBXContainerItemProxy */ = {
			isa = PBXContainerItemProxy;
			containerPortal = F13AE3532AB7601E001D2EEB /* Project object */;
			proxyType = 1;
			remoteGlobalIDString = F13AE35B2AB7601E001D2EEB;
			remoteInfo = EssentialFeed;
		};
		F1F44B352B4C162D005BD43D /* PBXContainerItemProxy */ = {
			isa = PBXContainerItemProxy;
			containerPortal = F13AE3532AB7601E001D2EEB /* Project object */;
			proxyType = 1;
			remoteGlobalIDString = F13AE35B2AB7601E001D2EEB;
			remoteInfo = EssentialFeed;
		};
/* End PBXContainerItemProxy section */

/* Begin PBXCopyFilesBuildPhase section */
		F1D2378D2B83E01B00578FD7 /* Embed Frameworks */ = {
			isa = PBXCopyFilesBuildPhase;
			buildActionMask = 2147483647;
			dstPath = "";
			dstSubfolderSpec = 10;
			files = (
				F1D2378A2B83E01B00578FD7 /* EssentialFeed.framework in Embed Frameworks */,
			);
			name = "Embed Frameworks";
			runOnlyForDeploymentPostprocessing = 0;
		};
/* End PBXCopyFilesBuildPhase section */

/* Begin PBXFileReference section */
		5F276A412B31F51D00ADD224 /* LocalFeedLoader.swift */ = {isa = PBXFileReference; lastKnownFileType = sourcecode.swift; path = LocalFeedLoader.swift; sourceTree = "<group>"; };
		5F276A432B31F5F500ADD224 /* FeedStore.swift */ = {isa = PBXFileReference; lastKnownFileType = sourcecode.swift; path = FeedStore.swift; sourceTree = "<group>"; };
		5F3897F62B476E9B00C9FB20 /* CoreDataHelpers.swift */ = {isa = PBXFileReference; lastKnownFileType = sourcecode.swift; path = CoreDataHelpers.swift; sourceTree = "<group>"; };
		5F3897F82B476F1D00C9FB20 /* ManagedCache.swift */ = {isa = PBXFileReference; lastKnownFileType = sourcecode.swift; path = ManagedCache.swift; sourceTree = "<group>"; };
		5F3897FA2B476F4800C9FB20 /* ManagedFeedImage.swift */ = {isa = PBXFileReference; lastKnownFileType = sourcecode.swift; path = ManagedFeedImage.swift; sourceTree = "<group>"; };
		5F4602982C6792F400BE6DF7 /* FeedPresenterTests.swift */ = {isa = PBXFileReference; lastKnownFileType = sourcecode.swift; path = FeedPresenterTests.swift; sourceTree = "<group>"; };
		5F46029D2C67A96F00BE6DF7 /* en */ = {isa = PBXFileReference; lastKnownFileType = text.plist.strings; name = en; path = en.lproj/Feed.strings; sourceTree = "<group>"; };
		5F46029F2C67A97400BE6DF7 /* el */ = {isa = PBXFileReference; lastKnownFileType = text.plist.strings; name = el; path = el.lproj/Feed.strings; sourceTree = "<group>"; };
		5F4602A02C67A97600BE6DF7 /* pt-BR */ = {isa = PBXFileReference; lastKnownFileType = text.plist.strings; name = "pt-BR"; path = "pt-BR.lproj/Feed.strings"; sourceTree = "<group>"; };
		5F4602A22C67AD5700BE6DF7 /* FeedPresenter.swift */ = {isa = PBXFileReference; lastKnownFileType = sourcecode.swift; path = FeedPresenter.swift; sourceTree = "<group>"; };
		5F4602A52C67B00B00BE6DF7 /* FeedViewModel.swift */ = {isa = PBXFileReference; lastKnownFileType = sourcecode.swift; path = FeedViewModel.swift; sourceTree = "<group>"; };
		5F4602A72C67B02300BE6DF7 /* ResourceLoadingViewModel.swift */ = {isa = PBXFileReference; lastKnownFileType = sourcecode.swift; path = ResourceLoadingViewModel.swift; sourceTree = "<group>"; };
		5F4602A92C67B03500BE6DF7 /* ResourceErrorViewModel.swift */ = {isa = PBXFileReference; lastKnownFileType = sourcecode.swift; path = ResourceErrorViewModel.swift; sourceTree = "<group>"; };
		5F4602AB2C68FFA100BE6DF7 /* ErrorView.swift */ = {isa = PBXFileReference; lastKnownFileType = sourcecode.swift; path = ErrorView.swift; sourceTree = "<group>"; };
		5F46F1672D22D4920031E38F /* FeedSnapshotTests.swift */ = {isa = PBXFileReference; lastKnownFileType = sourcecode.swift; path = FeedSnapshotTests.swift; sourceTree = "<group>"; };
		5F46F16A2D22E8C90031E38F /* UIImage+TestHelpers.swift */ = {isa = PBXFileReference; fileEncoding = 4; lastKnownFileType = sourcecode.swift; path = "UIImage+TestHelpers.swift"; sourceTree = "<group>"; };
		5F46F16D2D22F45E0031E38F /* UITableView+HeaderSizing.swift */ = {isa = PBXFileReference; lastKnownFileType = sourcecode.swift; path = "UITableView+HeaderSizing.swift"; sourceTree = "<group>"; };
		5F46F16F2D2402810031E38F /* UIViewController+Snapshot.swift */ = {isa = PBXFileReference; lastKnownFileType = sourcecode.swift; path = "UIViewController+Snapshot.swift"; sourceTree = "<group>"; };
		5F46F1712D2403F50031E38F /* XCTestCase+Snapshot.swift */ = {isa = PBXFileReference; lastKnownFileType = sourcecode.swift; path = "XCTestCase+Snapshot.swift"; sourceTree = "<group>"; };
		5F5558B02D340822003BBA52 /* ImageCommentsMapperTests.swift */ = {isa = PBXFileReference; lastKnownFileType = sourcecode.swift; path = ImageCommentsMapperTests.swift; sourceTree = "<group>"; };
		5F5558B42D3468E7003BBA52 /* ImageCommentsMapper.swift */ = {isa = PBXFileReference; lastKnownFileType = sourcecode.swift; path = ImageCommentsMapper.swift; sourceTree = "<group>"; };
		5F5DF4E02C9B173C00ADD59C /* LoadFeedImageDataFromCacheUseCaseTests.swift */ = {isa = PBXFileReference; lastKnownFileType = sourcecode.swift; path = LoadFeedImageDataFromCacheUseCaseTests.swift; sourceTree = "<group>"; };
		5F6E80E12C88C31000E1CAA1 /* README.md */ = {isa = PBXFileReference; lastKnownFileType = net.daringfireball.markdown; path = README.md; sourceTree = "<group>"; };
		5F7254A12C99EC15002E8961 /* HTTPURLResponse+StatusCode.swift */ = {isa = PBXFileReference; lastKnownFileType = sourcecode.swift; path = "HTTPURLResponse+StatusCode.swift"; sourceTree = "<group>"; };
		5F7254A42C99ED9A002E8961 /* URLProtocolStub.swift */ = {isa = PBXFileReference; lastKnownFileType = sourcecode.swift; path = URLProtocolStub.swift; sourceTree = "<group>"; };
		5F7C95032C19B3F70057A24C /* FeedViewController.swift */ = {isa = PBXFileReference; lastKnownFileType = sourcecode.swift; path = FeedViewController.swift; sourceTree = "<group>"; };
		5F7C95052C19D5320057A24C /* FeedImageCell.swift */ = {isa = PBXFileReference; lastKnownFileType = sourcecode.swift; path = FeedImageCell.swift; sourceTree = "<group>"; };
		5F7C95072C1AF4230057A24C /* UIView+Shimmering.swift */ = {isa = PBXFileReference; lastKnownFileType = sourcecode.swift; path = "UIView+Shimmering.swift"; sourceTree = "<group>"; };
		5F7C950C2C1F0C770057A24C /* FeedImageDataLoader.swift */ = {isa = PBXFileReference; lastKnownFileType = sourcecode.swift; path = FeedImageDataLoader.swift; sourceTree = "<group>"; };
		5F7C95112C2028910057A24C /* FeedImageCellController.swift */ = {isa = PBXFileReference; lastKnownFileType = sourcecode.swift; path = FeedImageCellController.swift; sourceTree = "<group>"; };
		5F7C95192C216A3F0057A24C /* FeedImageViewModel.swift */ = {isa = PBXFileReference; lastKnownFileType = sourcecode.swift; path = FeedImageViewModel.swift; sourceTree = "<group>"; };
		5F7D440C2B3CBD4C001B62D1 /* FeedCachePolicy.swift */ = {isa = PBXFileReference; lastKnownFileType = sourcecode.swift; path = FeedCachePolicy.swift; sourceTree = "<group>"; };
		5F9D5E842B44A154008508DE /* FeedStoreSpecs.swift */ = {isa = PBXFileReference; lastKnownFileType = sourcecode.swift; path = FeedStoreSpecs.swift; sourceTree = "<group>"; };
		5F9D5E862B44A254008508DE /* XCTestCase+FeedStoreSpecs.swift */ = {isa = PBXFileReference; lastKnownFileType = sourcecode.swift; path = "XCTestCase+FeedStoreSpecs.swift"; sourceTree = "<group>"; };
		5F9D5E882B44A784008508DE /* FailableInsertFeedStoreSpecs.swift */ = {isa = PBXFileReference; lastKnownFileType = sourcecode.swift; path = FailableInsertFeedStoreSpecs.swift; sourceTree = "<group>"; };
		5F9D5E8A2B44A7BB008508DE /* FailableRetrieveFeedStoreSpecs.swift */ = {isa = PBXFileReference; lastKnownFileType = sourcecode.swift; path = FailableRetrieveFeedStoreSpecs.swift; sourceTree = "<group>"; };
		5FA5D7982B2204630049A06F /* EssentialFeedAPIEndtoEndTests.xctest */ = {isa = PBXFileReference; explicitFileType = wrapper.cfbundle; includeInIndex = 0; path = EssentialFeedAPIEndtoEndTests.xctest; sourceTree = BUILT_PRODUCTS_DIR; };
		5FA5D79A2B2204630049A06F /* EssentialFeedAPIEndtoEndTests.swift */ = {isa = PBXFileReference; lastKnownFileType = sourcecode.swift; path = EssentialFeedAPIEndtoEndTests.swift; sourceTree = "<group>"; };
		5FA5F5162C9C87DB007FEA16 /* FeedImageDataStore.swift */ = {isa = PBXFileReference; lastKnownFileType = sourcecode.swift; path = FeedImageDataStore.swift; sourceTree = "<group>"; };
		5FA5F5182C9C881B007FEA16 /* LocalFeedImageDataLoader.swift */ = {isa = PBXFileReference; lastKnownFileType = sourcecode.swift; path = LocalFeedImageDataLoader.swift; sourceTree = "<group>"; };
		5FA5F51A2C9EE84F007FEA16 /* FeedImageDataStoreSpy.swift */ = {isa = PBXFileReference; lastKnownFileType = sourcecode.swift; path = FeedImageDataStoreSpy.swift; sourceTree = "<group>"; };
		5FA5F51C2C9EEA59007FEA16 /* CacheFeedImageDataUseCaseTests.swift */ = {isa = PBXFileReference; lastKnownFileType = sourcecode.swift; path = CacheFeedImageDataUseCaseTests.swift; sourceTree = "<group>"; };
		5FA5F51E2C9EF884007FEA16 /* CoreDataFeedImageDataStoreTests.swift */ = {isa = PBXFileReference; lastKnownFileType = sourcecode.swift; path = CoreDataFeedImageDataStoreTests.swift; sourceTree = "<group>"; };
		5FA5F5202C9F031A007FEA16 /* FeedStore 2.xcdatamodel */ = {isa = PBXFileReference; lastKnownFileType = wrapper.xcdatamodel; path = "FeedStore 2.xcdatamodel"; sourceTree = "<group>"; };
		5FA5F5212C9F0455007FEA16 /* CoreDataFeedStore+FeedImageDataLoader.swift */ = {isa = PBXFileReference; lastKnownFileType = sourcecode.swift; path = "CoreDataFeedStore+FeedImageDataLoader.swift"; sourceTree = "<group>"; };
		5FA5F5232C9F1C80007FEA16 /* CoreDataFeedStore+FeedStore.swift */ = {isa = PBXFileReference; lastKnownFileType = sourcecode.swift; path = "CoreDataFeedStore+FeedStore.swift"; sourceTree = "<group>"; };
		5FAF26F42D350670007887F3 /* ImageComment.swift */ = {isa = PBXFileReference; lastKnownFileType = sourcecode.swift; path = ImageComment.swift; sourceTree = "<group>"; };
		5FB33A9B2CE368360014D9AE /* FeedCache.swift */ = {isa = PBXFileReference; lastKnownFileType = sourcecode.swift; path = FeedCache.swift; sourceTree = "<group>"; };
		5FB33AA52CE396030014D9AE /* FeedImageDataCache.swift */ = {isa = PBXFileReference; lastKnownFileType = sourcecode.swift; path = FeedImageDataCache.swift; sourceTree = "<group>"; };
		5FBC52052B220A1B00C1ED1D /* CITestPlan.xctestplan */ = {isa = PBXFileReference; lastKnownFileType = text; path = CITestPlan.xctestplan; sourceTree = "<group>"; };
		5FD072BE2C50CD9E006B5162 /* Feed.storyboard */ = {isa = PBXFileReference; lastKnownFileType = file.storyboard; path = Feed.storyboard; sourceTree = "<group>"; };
		5FD072C02C50CE4B006B5162 /* Feed.xcassets */ = {isa = PBXFileReference; lastKnownFileType = folder.assetcatalog; path = Feed.xcassets; sourceTree = "<group>"; };
		5FD072C22C516039006B5162 /* FeedImagePresenter.swift */ = {isa = PBXFileReference; lastKnownFileType = sourcecode.swift; path = FeedImagePresenter.swift; sourceTree = "<group>"; };
		5FD072C42C5167BB006B5162 /* UITableView+Dequeueing.swift */ = {isa = PBXFileReference; lastKnownFileType = sourcecode.swift; path = "UITableView+Dequeueing.swift"; sourceTree = "<group>"; };
		5FD072C62C516885006B5162 /* UIImageView+Animations.swift */ = {isa = PBXFileReference; lastKnownFileType = sourcecode.swift; path = "UIImageView+Animations.swift"; sourceTree = "<group>"; };
		5FD072D32C592510006B5162 /* FeedLocalizationTests.swift */ = {isa = PBXFileReference; lastKnownFileType = sourcecode.swift; path = FeedLocalizationTests.swift; sourceTree = "<group>"; };
		5FDCFF0D2B2F41BE0085079C /* CacheFeedUseCaseTests.swift */ = {isa = PBXFileReference; lastKnownFileType = sourcecode.swift; path = CacheFeedUseCaseTests.swift; sourceTree = "<group>"; };
		5FF1871E2B152AA9001F4CE8 /* HTTPClient.swift */ = {isa = PBXFileReference; lastKnownFileType = sourcecode.swift; path = HTTPClient.swift; sourceTree = "<group>"; };
		5FF187202B152B80001F4CE8 /* FeedItemsMapper.swift */ = {isa = PBXFileReference; lastKnownFileType = sourcecode.swift; path = FeedItemsMapper.swift; sourceTree = "<group>"; };
		5FF79E5A2B17F36E0071DAD3 /* URLSessionHTTPClientTests.swift */ = {isa = PBXFileReference; lastKnownFileType = sourcecode.swift; path = URLSessionHTTPClientTests.swift; sourceTree = "<group>"; };
		5FF79E5D2B19DAAE0071DAD3 /* XCTestCase+MemoryLeakTracking.swift */ = {isa = PBXFileReference; lastKnownFileType = sourcecode.swift; path = "XCTestCase+MemoryLeakTracking.swift"; sourceTree = "<group>"; };
		5FF79E5F2B19F4A80071DAD3 /* URLSessionHTTPClient.swift */ = {isa = PBXFileReference; lastKnownFileType = sourcecode.swift; path = URLSessionHTTPClient.swift; sourceTree = "<group>"; };
		F1146DB62B35E0320065835F /* ValidateFeedCacheUseCaseTests.swift */ = {isa = PBXFileReference; lastKnownFileType = sourcecode.swift; path = ValidateFeedCacheUseCaseTests.swift; sourceTree = "<group>"; };
		F1146DB82B35E42E0065835F /* FeedCacheTestHelpers.swift */ = {isa = PBXFileReference; lastKnownFileType = sourcecode.swift; path = FeedCacheTestHelpers.swift; sourceTree = "<group>"; };
		F1146DBA2B3840C20065835F /* SharedTestHelpers.swift */ = {isa = PBXFileReference; lastKnownFileType = sourcecode.swift; path = SharedTestHelpers.swift; sourceTree = "<group>"; };
		F13AE35C2AB7601E001D2EEB /* EssentialFeed.framework */ = {isa = PBXFileReference; explicitFileType = wrapper.framework; includeInIndex = 0; path = EssentialFeed.framework; sourceTree = BUILT_PRODUCTS_DIR; };
		F13AE3662AB7601E001D2EEB /* EssentialFeedTests.xctest */ = {isa = PBXFileReference; explicitFileType = wrapper.cfbundle; includeInIndex = 0; path = EssentialFeedTests.xctest; sourceTree = BUILT_PRODUCTS_DIR; };
		F13AE36B2AB7601F001D2EEB /* FeedItemsMapperTests.swift */ = {isa = PBXFileReference; lastKnownFileType = sourcecode.swift; path = FeedItemsMapperTests.swift; sourceTree = "<group>"; };
		F13D22612B82B5A2002AE390 /* EssentialFeedAPIEndtoEndTests.xctestplan */ = {isa = PBXFileReference; lastKnownFileType = text; path = EssentialFeedAPIEndtoEndTests.xctestplan; sourceTree = "<group>"; };
		F13D22672B82B9B9002AE390 /* EssentialFeediOS.framework */ = {isa = PBXFileReference; explicitFileType = wrapper.framework; includeInIndex = 0; path = EssentialFeediOS.framework; sourceTree = BUILT_PRODUCTS_DIR; };
		F13D226E2B82B9B9002AE390 /* EssentialFeediOSTests.xctest */ = {isa = PBXFileReference; explicitFileType = wrapper.cfbundle; includeInIndex = 0; path = EssentialFeediOSTests.xctest; sourceTree = BUILT_PRODUCTS_DIR; };
		F13D227C2B82BA50002AE390 /* EssentialFeediOS.xctestplan */ = {isa = PBXFileReference; lastKnownFileType = text; path = EssentialFeediOS.xctestplan; sourceTree = "<group>"; };
		F16181292AB761F400EE62A6 /* FeedImage.swift */ = {isa = PBXFileReference; lastKnownFileType = sourcecode.swift; path = FeedImage.swift; sourceTree = "<group>"; };
		F16A3D5A2B45CC36004B3044 /* CoreDataFeedStoreTests.swift */ = {isa = PBXFileReference; lastKnownFileType = sourcecode.swift; path = CoreDataFeedStoreTests.swift; sourceTree = "<group>"; };
		F16A3D5C2B45CCB6004B3044 /* CoreDataFeedStore.swift */ = {isa = PBXFileReference; lastKnownFileType = sourcecode.swift; path = CoreDataFeedStore.swift; sourceTree = "<group>"; };
		F179D1432B3337BD0074290B /* LocalFeedImage.swift */ = {isa = PBXFileReference; lastKnownFileType = sourcecode.swift; path = LocalFeedImage.swift; sourceTree = "<group>"; };
		F179D15B2B3343740074290B /* LoadFeedFromCacheUseCaseTests.swift */ = {isa = PBXFileReference; lastKnownFileType = sourcecode.swift; path = LoadFeedFromCacheUseCaseTests.swift; sourceTree = "<group>"; };
		F179D15E2B3345B20074290B /* FeedStoreSpy.swift */ = {isa = PBXFileReference; lastKnownFileType = sourcecode.swift; path = FeedStoreSpy.swift; sourceTree = "<group>"; };
		F18093322DA808430083B46E /* LoadResourcePresenterTests.swift */ = {isa = PBXFileReference; lastKnownFileType = sourcecode.swift; path = LoadResourcePresenterTests.swift; sourceTree = "<group>"; };
		F18093342DA809200083B46E /* LoadResourcePresenter.swift */ = {isa = PBXFileReference; lastKnownFileType = sourcecode.swift; path = LoadResourcePresenter.swift; sourceTree = "<group>"; };
		F18093392DA81D7F0083B46E /* SharedLocalizationTests.swift */ = {isa = PBXFileReference; lastKnownFileType = sourcecode.swift; path = SharedLocalizationTests.swift; sourceTree = "<group>"; };
		F180933B2DA81EBE0083B46E /* en */ = {isa = PBXFileReference; lastKnownFileType = text.plist.strings; name = en; path = en.lproj/Shared.strings; sourceTree = "<group>"; };
		F180933E2DA81EC10083B46E /* el */ = {isa = PBXFileReference; lastKnownFileType = text.plist.strings; name = el; path = el.lproj/Shared.strings; sourceTree = "<group>"; };
		F180933F2DA81EC20083B46E /* pt-BR */ = {isa = PBXFileReference; lastKnownFileType = text.plist.strings; name = "pt-BR"; path = "pt-BR.lproj/Shared.strings"; sourceTree = "<group>"; };
		F18093402DA907350083B46E /* SharedLocalizationTestHelpers.swift */ = {isa = PBXFileReference; lastKnownFileType = sourcecode.swift; path = SharedLocalizationTestHelpers.swift; sourceTree = "<group>"; };
		F18093452DA909F40083B46E /* ResourceLoadingView.swift */ = {isa = PBXFileReference; lastKnownFileType = sourcecode.swift; path = ResourceLoadingView.swift; sourceTree = "<group>"; };
		F18093472DA90B420083B46E /* ResourceErrorView.swift */ = {isa = PBXFileReference; lastKnownFileType = sourcecode.swift; path = ResourceErrorView.swift; sourceTree = "<group>"; };
		F1BC50762D9D1E8800E9D62E /* FeedImageDataMapperTests.swift */ = {isa = PBXFileReference; lastKnownFileType = sourcecode.swift; path = FeedImageDataMapperTests.swift; sourceTree = "<group>"; };
		F1BC50782D9D1FB500E9D62E /* FeedImageDataMapper.swift */ = {isa = PBXFileReference; lastKnownFileType = sourcecode.swift; path = FeedImageDataMapper.swift; sourceTree = "<group>"; };
		F1F44B0A2B45CFE7005BD43D /* FeedStore.xcdatamodel */ = {isa = PBXFileReference; lastKnownFileType = wrapper.xcdatamodel; path = FeedStore.xcdatamodel; sourceTree = "<group>"; };
		F1F44B302B4C162D005BD43D /* EssentialFeedCacheIntegrationTests.xctest */ = {isa = PBXFileReference; explicitFileType = wrapper.cfbundle; includeInIndex = 0; path = EssentialFeedCacheIntegrationTests.xctest; sourceTree = BUILT_PRODUCTS_DIR; };
		F1F44B322B4C162D005BD43D /* EssentialFeedCacheIntegrationTests.swift */ = {isa = PBXFileReference; lastKnownFileType = sourcecode.swift; path = EssentialFeedCacheIntegrationTests.swift; sourceTree = "<group>"; };
		F1F44B3A2B4C166F005BD43D /* EssentialFeedCacheIntegrationTests.xctestplan */ = {isa = PBXFileReference; lastKnownFileType = text; path = EssentialFeedCacheIntegrationTests.xctestplan; sourceTree = "<group>"; };
/* End PBXFileReference section */

/* Begin PBXFrameworksBuildPhase section */
		5FA5D7952B2204630049A06F /* Frameworks */ = {
			isa = PBXFrameworksBuildPhase;
			buildActionMask = 2147483647;
			files = (
				5FA5D79C2B2204630049A06F /* EssentialFeed.framework in Frameworks */,
			);
			runOnlyForDeploymentPostprocessing = 0;
		};
		F13AE3592AB7601E001D2EEB /* Frameworks */ = {
			isa = PBXFrameworksBuildPhase;
			buildActionMask = 2147483647;
			files = (
			);
			runOnlyForDeploymentPostprocessing = 0;
		};
		F13AE3632AB7601E001D2EEB /* Frameworks */ = {
			isa = PBXFrameworksBuildPhase;
			buildActionMask = 2147483647;
			files = (
				F13AE3672AB7601E001D2EEB /* EssentialFeed.framework in Frameworks */,
			);
			runOnlyForDeploymentPostprocessing = 0;
		};
		F13D22642B82B9B9002AE390 /* Frameworks */ = {
			isa = PBXFrameworksBuildPhase;
			buildActionMask = 2147483647;
			files = (
				F1D237892B83E01B00578FD7 /* EssentialFeed.framework in Frameworks */,
			);
			runOnlyForDeploymentPostprocessing = 0;
		};
		F13D226B2B82B9B9002AE390 /* Frameworks */ = {
			isa = PBXFrameworksBuildPhase;
			buildActionMask = 2147483647;
			files = (
				F13D226F2B82B9B9002AE390 /* EssentialFeediOS.framework in Frameworks */,
			);
			runOnlyForDeploymentPostprocessing = 0;
		};
		F1F44B2D2B4C162D005BD43D /* Frameworks */ = {
			isa = PBXFrameworksBuildPhase;
			buildActionMask = 2147483647;
			files = (
				F1F44B342B4C162D005BD43D /* EssentialFeed.framework in Frameworks */,
			);
			runOnlyForDeploymentPostprocessing = 0;
		};
/* End PBXFrameworksBuildPhase section */

/* Begin PBXGroup section */
		04C763BF2AE9C26300676BC9 /* Feed API */ = {
			isa = PBXGroup;
			children = (
				F1BC50782D9D1FB500E9D62E /* FeedImageDataMapper.swift */,
				5F7254A02C99EBEA002E8961 /* Helpers */,
				5FF187202B152B80001F4CE8 /* FeedItemsMapper.swift */,
			);
			path = "Feed API";
			sourceTree = "<group>";
		};
		5F276A402B31F50D00ADD224 /* Feed Cache */ = {
			isa = PBXGroup;
			children = (
				F1F44B142B45D7CA005BD43D /* Infrastructure */,
				5F276A412B31F51D00ADD224 /* LocalFeedLoader.swift */,
				5F276A432B31F5F500ADD224 /* FeedStore.swift */,
				F179D1432B3337BD0074290B /* LocalFeedImage.swift */,
				5F7D440C2B3CBD4C001B62D1 /* FeedCachePolicy.swift */,
				5FA5F5162C9C87DB007FEA16 /* FeedImageDataStore.swift */,
				5FA5F5182C9C881B007FEA16 /* LocalFeedImageDataLoader.swift */,
			);
			path = "Feed Cache";
			sourceTree = "<group>";
		};
		5F4602972C6792C100BE6DF7 /* Feed Presentation */ = {
			isa = PBXGroup;
			children = (
				5F4602982C6792F400BE6DF7 /* FeedPresenterTests.swift */,
				5FD072D32C592510006B5162 /* FeedLocalizationTests.swift */,
			);
			path = "Feed Presentation";
			sourceTree = "<group>";
		};
		5F4602A12C67ACE300BE6DF7 /* Feed Presentation */ = {
			isa = PBXGroup;
			children = (
				5F7C95192C216A3F0057A24C /* FeedImageViewModel.swift */,
				5FD072C22C516039006B5162 /* FeedImagePresenter.swift */,
				5F4602A22C67AD5700BE6DF7 /* FeedPresenter.swift */,
				5F4602A52C67B00B00BE6DF7 /* FeedViewModel.swift */,
				5F46029C2C67A96F00BE6DF7 /* Feed.strings */,
			);
			path = "Feed Presentation";
			sourceTree = "<group>";
		};
		5F46F1692D22E8920031E38F /* Helpers */ = {
			isa = PBXGroup;
			children = (
				5F46F16A2D22E8C90031E38F /* UIImage+TestHelpers.swift */,
				5F46F16F2D2402810031E38F /* UIViewController+Snapshot.swift */,
				5F46F1712D2403F50031E38F /* XCTestCase+Snapshot.swift */,
			);
			path = Helpers;
			sourceTree = "<group>";
		};
		5F46F16C2D22F3DA0031E38F /* Helpers */ = {
			isa = PBXGroup;
			children = (
				5F46F16D2D22F45E0031E38F /* UITableView+HeaderSizing.swift */,
			);
			path = Helpers;
			sourceTree = "<group>";
		};
		5F7254A02C99EBEA002E8961 /* Helpers */ = {
			isa = PBXGroup;
			children = (
				5F7254A12C99EC15002E8961 /* HTTPURLResponse+StatusCode.swift */,
			);
			path = Helpers;
			sourceTree = "<group>";
		};
		5F7254A32C99ED87002E8961 /* Helpers */ = {
			isa = PBXGroup;
			children = (
				5F7254A42C99ED9A002E8961 /* URLProtocolStub.swift */,
			);
			path = Helpers;
			sourceTree = "<group>";
		};
		5F7C95092C1F0BEC0057A24C /* Feed UI */ = {
			isa = PBXGroup;
			children = (
				5F7C950A2C1F0BF90057A24C /* Conrollers */,
				5F7C950B2C1F0C050057A24C /* Views */,
			);
			path = "Feed UI";
			sourceTree = "<group>";
		};
		5F7C950A2C1F0BF90057A24C /* Conrollers */ = {
			isa = PBXGroup;
			children = (
				5F7C95032C19B3F70057A24C /* FeedViewController.swift */,
				5F7C95112C2028910057A24C /* FeedImageCellController.swift */,
			);
			path = Conrollers;
			sourceTree = "<group>";
		};
		5F7C950B2C1F0C050057A24C /* Views */ = {
			isa = PBXGroup;
			children = (
				5F46F16C2D22F3DA0031E38F /* Helpers */,
				5F7C95052C19D5320057A24C /* FeedImageCell.swift */,
				5F7C95072C1AF4230057A24C /* UIView+Shimmering.swift */,
				5FD072BE2C50CD9E006B5162 /* Feed.storyboard */,
				5FD072C02C50CE4B006B5162 /* Feed.xcassets */,
				5FD072C42C5167BB006B5162 /* UITableView+Dequeueing.swift */,
				5FD072C62C516885006B5162 /* UIImageView+Animations.swift */,
				5F4602AB2C68FFA100BE6DF7 /* ErrorView.swift */,
			);
			path = Views;
			sourceTree = "<group>";
		};
		5FA5D7992B2204630049A06F /* EssentialFeedAPIEndtoEndTests */ = {
			isa = PBXGroup;
			children = (
				5FA5D79A2B2204630049A06F /* EssentialFeedAPIEndtoEndTests.swift */,
			);
			path = EssentialFeedAPIEndtoEndTests;
			sourceTree = "<group>";
		};
		5FAF26F32D35063E007887F3 /* Image Comments Feature */ = {
			isa = PBXGroup;
			children = (
				5FAF26F42D350670007887F3 /* ImageComment.swift */,
			);
			path = "Image Comments Feature";
			sourceTree = "<group>";
		};
		5FCF18AE2D3A7CE800CF6513 /* Shared API */ = {
			isa = PBXGroup;
			children = (
				5FF1871E2B152AA9001F4CE8 /* HTTPClient.swift */,
			);
			path = "Shared API";
			sourceTree = "<group>";
		};
		5FCF18AF2D3A7D2B00CF6513 /* Shared API Infra */ = {
			isa = PBXGroup;
			children = (
				5FF79E5F2B19F4A80071DAD3 /* URLSessionHTTPClient.swift */,
			);
			path = "Shared API Infra";
			sourceTree = "<group>";
		};
		5FCF18B22D3A7F4900CF6513 /* Shared API Infra */ = {
			isa = PBXGroup;
			children = (
				5F7254A32C99ED87002E8961 /* Helpers */,
				5FF79E5A2B17F36E0071DAD3 /* URLSessionHTTPClientTests.swift */,
			);
			path = "Shared API Infra";
			sourceTree = "<group>";
		};
		5FDCFF0C2B2F41870085079C /* Feed Cache */ = {
			isa = PBXGroup;
			children = (
				F179D15D2B3345A50074290B /* Helpers */,
				5FDCFF0D2B2F41BE0085079C /* CacheFeedUseCaseTests.swift */,
				F179D15B2B3343740074290B /* LoadFeedFromCacheUseCaseTests.swift */,
				F1146DB62B35E0320065835F /* ValidateFeedCacheUseCaseTests.swift */,
				5F9D5E842B44A154008508DE /* FeedStoreSpecs.swift */,
				5F9D5E862B44A254008508DE /* XCTestCase+FeedStoreSpecs.swift */,
				5F9D5E882B44A784008508DE /* FailableInsertFeedStoreSpecs.swift */,
				5F9D5E8A2B44A7BB008508DE /* FailableRetrieveFeedStoreSpecs.swift */,
				F16A3D5A2B45CC36004B3044 /* CoreDataFeedStoreTests.swift */,
				5F5DF4E02C9B173C00ADD59C /* LoadFeedImageDataFromCacheUseCaseTests.swift */,
				5FA5F51C2C9EEA59007FEA16 /* CacheFeedImageDataUseCaseTests.swift */,
				5FA5F51E2C9EF884007FEA16 /* CoreDataFeedImageDataStoreTests.swift */,
			);
			path = "Feed Cache";
			sourceTree = "<group>";
		};
		5FF187222B153325001F4CE8 /* Feed API */ = {
			isa = PBXGroup;
			children = (
				F1BC50762D9D1E8800E9D62E /* FeedImageDataMapperTests.swift */,
				F13AE36B2AB7601F001D2EEB /* FeedItemsMapperTests.swift */,
			);
			path = "Feed API";
			sourceTree = "<group>";
		};
		5FF79E5C2B19DA8E0071DAD3 /* Helpers */ = {
			isa = PBXGroup;
			children = (
				F18093402DA907350083B46E /* SharedLocalizationTestHelpers.swift */,
				5FF79E5D2B19DAAE0071DAD3 /* XCTestCase+MemoryLeakTracking.swift */,
				F1146DBA2B3840C20065835F /* SharedTestHelpers.swift */,
			);
			path = Helpers;
			sourceTree = "<group>";
		};
		5FF92C042D43A23200F87506 /* Image Comments API */ = {
			isa = PBXGroup;
			children = (
				5F5558B42D3468E7003BBA52 /* ImageCommentsMapper.swift */,
			);
			path = "Image Comments API";
			sourceTree = "<group>";
		};
		5FF92C052D43A28700F87506 /* Image Comments API */ = {
			isa = PBXGroup;
			children = (
				5F5558B02D340822003BBA52 /* ImageCommentsMapperTests.swift */,
			);
			path = "Image Comments API";
			sourceTree = "<group>";
		};
		F13AE3522AB7601E001D2EEB = {
			isa = PBXGroup;
			children = (
				5F6E80E12C88C31000E1CAA1 /* README.md */,
				F13AE35E2AB7601E001D2EEB /* EssentialFeed */,
				F13AE36A2AB7601E001D2EEB /* EssentialFeedTests */,
				5FA5D7992B2204630049A06F /* EssentialFeedAPIEndtoEndTests */,
				F1F44B312B4C162D005BD43D /* EssentialFeedCacheIntegrationTests */,
				F13D22682B82B9B9002AE390 /* EssentialFeediOS */,
				F13D22722B82B9B9002AE390 /* EssentialFeediOSTests */,
				F13AE35D2AB7601E001D2EEB /* Products */,
				F1D237882B83E01B00578FD7 /* Frameworks */,
				F13D227C2B82BA50002AE390 /* EssentialFeediOS.xctestplan */,
				F13D22612B82B5A2002AE390 /* EssentialFeedAPIEndtoEndTests.xctestplan */,
				F1F44B3A2B4C166F005BD43D /* EssentialFeedCacheIntegrationTests.xctestplan */,
				5FBC52052B220A1B00C1ED1D /* CITestPlan.xctestplan */,
			);
			sourceTree = "<group>";
		};
		F13AE35D2AB7601E001D2EEB /* Products */ = {
			isa = PBXGroup;
			children = (
				F13AE35C2AB7601E001D2EEB /* EssentialFeed.framework */,
				F13AE3662AB7601E001D2EEB /* EssentialFeedTests.xctest */,
				5FA5D7982B2204630049A06F /* EssentialFeedAPIEndtoEndTests.xctest */,
				F1F44B302B4C162D005BD43D /* EssentialFeedCacheIntegrationTests.xctest */,
				F13D22672B82B9B9002AE390 /* EssentialFeediOS.framework */,
				F13D226E2B82B9B9002AE390 /* EssentialFeediOSTests.xctest */,
			);
			name = Products;
			sourceTree = "<group>";
		};
		F13AE35E2AB7601E001D2EEB /* EssentialFeed */ = {
			isa = PBXGroup;
			children = (
				F18093362DA809290083B46E /* Shared Presentation */,
				5FCF18AE2D3A7CE800CF6513 /* Shared API */,
				5FCF18AF2D3A7D2B00CF6513 /* Shared API Infra */,
				5FAF26F32D35063E007887F3 /* Image Comments Feature */,
				5FF92C042D43A23200F87506 /* Image Comments API */,
				F161812D2AB7623C00EE62A6 /* Feed Feature */,
				04C763BF2AE9C26300676BC9 /* Feed API */,
				5F276A402B31F50D00ADD224 /* Feed Cache */,
				5F4602A12C67ACE300BE6DF7 /* Feed Presentation */,
			);
			path = EssentialFeed;
			sourceTree = "<group>";
		};
		F13AE36A2AB7601E001D2EEB /* EssentialFeedTests */ = {
			isa = PBXGroup;
			children = (
				5FF79E5C2B19DA8E0071DAD3 /* Helpers */,
				F18093312DA808120083B46E /* Shared Presentation */,
				5FCF18B22D3A7F4900CF6513 /* Shared API Infra */,
				5FF92C052D43A28700F87506 /* Image Comments API */,
				5FF187222B153325001F4CE8 /* Feed API */,
				5FDCFF0C2B2F41870085079C /* Feed Cache */,
				5F4602972C6792C100BE6DF7 /* Feed Presentation */,
			);
			path = EssentialFeedTests;
			sourceTree = "<group>";
		};
		F13D22682B82B9B9002AE390 /* EssentialFeediOS */ = {
			isa = PBXGroup;
			children = (
				5F7C95092C1F0BEC0057A24C /* Feed UI */,
			);
			path = EssentialFeediOS;
			sourceTree = "<group>";
		};
		F13D22722B82B9B9002AE390 /* EssentialFeediOSTests */ = {
			isa = PBXGroup;
			children = (
				5F46F1692D22E8920031E38F /* Helpers */,
				5F46F1672D22D4920031E38F /* FeedSnapshotTests.swift */,
			);
			path = EssentialFeediOSTests;
			sourceTree = "<group>";
		};
		F161812D2AB7623C00EE62A6 /* Feed Feature */ = {
			isa = PBXGroup;
			children = (
				F16181292AB761F400EE62A6 /* FeedImage.swift */,
				5F7C950C2C1F0C770057A24C /* FeedImageDataLoader.swift */,
				5FB33A9B2CE368360014D9AE /* FeedCache.swift */,
				5FB33AA52CE396030014D9AE /* FeedImageDataCache.swift */,
			);
			path = "Feed Feature";
			sourceTree = "<group>";
		};
		F179D15D2B3345A50074290B /* Helpers */ = {
			isa = PBXGroup;
			children = (
				F179D15E2B3345B20074290B /* FeedStoreSpy.swift */,
				F1146DB82B35E42E0065835F /* FeedCacheTestHelpers.swift */,
				5FA5F51A2C9EE84F007FEA16 /* FeedImageDataStoreSpy.swift */,
			);
			path = Helpers;
			sourceTree = "<group>";
		};
		F18093312DA808120083B46E /* Shared Presentation */ = {
			isa = PBXGroup;
			children = (
				F18093392DA81D7F0083B46E /* SharedLocalizationTests.swift */,
				F18093322DA808430083B46E /* LoadResourcePresenterTests.swift */,
			);
			path = "Shared Presentation";
			sourceTree = "<group>";
		};
		F18093362DA809290083B46E /* Shared Presentation */ = {
			isa = PBXGroup;
			children = (
				F18093342DA809200083B46E /* LoadResourcePresenter.swift */,
				F18093452DA909F40083B46E /* ResourceLoadingView.swift */,
				5F4602A72C67B02300BE6DF7 /* ResourceLoadingViewModel.swift */,
				F18093472DA90B420083B46E /* ResourceErrorView.swift */,
				5F4602A92C67B03500BE6DF7 /* ResourceErrorViewModel.swift */,
				F180933C2DA81EBE0083B46E /* Shared.strings */,
			);
			path = "Shared Presentation";
			sourceTree = "<group>";
		};
		F1D237882B83E01B00578FD7 /* Frameworks */ = {
			isa = PBXGroup;
			children = (
			);
			name = Frameworks;
			sourceTree = "<group>";
		};
		F1F44B142B45D7CA005BD43D /* Infrastructure */ = {
			isa = PBXGroup;
			children = (
				F1F44B152B45D7CD005BD43D /* CoreData */,
			);
			path = Infrastructure;
			sourceTree = "<group>";
		};
		F1F44B152B45D7CD005BD43D /* CoreData */ = {
			isa = PBXGroup;
			children = (
				F16A3D5C2B45CCB6004B3044 /* CoreDataFeedStore.swift */,
				5FA5F5212C9F0455007FEA16 /* CoreDataFeedStore+FeedImageDataLoader.swift */,
				5FA5F5232C9F1C80007FEA16 /* CoreDataFeedStore+FeedStore.swift */,
				5F3897F62B476E9B00C9FB20 /* CoreDataHelpers.swift */,
				F1F44B092B45CFE7005BD43D /* FeedStore.xcdatamodeld */,
				5F3897F82B476F1D00C9FB20 /* ManagedCache.swift */,
				5F3897FA2B476F4800C9FB20 /* ManagedFeedImage.swift */,
			);
			path = CoreData;
			sourceTree = "<group>";
		};
		F1F44B312B4C162D005BD43D /* EssentialFeedCacheIntegrationTests */ = {
			isa = PBXGroup;
			children = (
				F1F44B322B4C162D005BD43D /* EssentialFeedCacheIntegrationTests.swift */,
			);
			path = EssentialFeedCacheIntegrationTests;
			sourceTree = "<group>";
		};
/* End PBXGroup section */

/* Begin PBXHeadersBuildPhase section */
		F13AE3572AB7601E001D2EEB /* Headers */ = {
			isa = PBXHeadersBuildPhase;
			buildActionMask = 2147483647;
			files = (
			);
			runOnlyForDeploymentPostprocessing = 0;
		};
		F13D22622B82B9B9002AE390 /* Headers */ = {
			isa = PBXHeadersBuildPhase;
			buildActionMask = 2147483647;
			files = (
			);
			runOnlyForDeploymentPostprocessing = 0;
		};
/* End PBXHeadersBuildPhase section */

/* Begin PBXNativeTarget section */
		5FA5D7972B2204630049A06F /* EssentialFeedAPIEndtoEndTests */ = {
			isa = PBXNativeTarget;
			buildConfigurationList = 5FA5D79F2B2204630049A06F /* Build configuration list for PBXNativeTarget "EssentialFeedAPIEndtoEndTests" */;
			buildPhases = (
				5FA5D7942B2204630049A06F /* Sources */,
				5FA5D7952B2204630049A06F /* Frameworks */,
				5FA5D7962B2204630049A06F /* Resources */,
			);
			buildRules = (
			);
			dependencies = (
				5FA5D79E2B2204630049A06F /* PBXTargetDependency */,
			);
			name = EssentialFeedAPIEndtoEndTests;
			productName = EssentialFeedAPIEndtoEndTests;
			productReference = 5FA5D7982B2204630049A06F /* EssentialFeedAPIEndtoEndTests.xctest */;
			productType = "com.apple.product-type.bundle.unit-test";
		};
		F13AE35B2AB7601E001D2EEB /* EssentialFeed */ = {
			isa = PBXNativeTarget;
			buildConfigurationList = F13AE3702AB7601F001D2EEB /* Build configuration list for PBXNativeTarget "EssentialFeed" */;
			buildPhases = (
				F13AE3572AB7601E001D2EEB /* Headers */,
				F13AE3582AB7601E001D2EEB /* Sources */,
				F13AE3592AB7601E001D2EEB /* Frameworks */,
				F13AE35A2AB7601E001D2EEB /* Resources */,
			);
			buildRules = (
			);
			dependencies = (
			);
			name = EssentialFeed;
			productName = EssentialFeed;
			productReference = F13AE35C2AB7601E001D2EEB /* EssentialFeed.framework */;
			productType = "com.apple.product-type.framework";
		};
		F13AE3652AB7601E001D2EEB /* EssentialFeedTests */ = {
			isa = PBXNativeTarget;
			buildConfigurationList = F13AE3732AB7601F001D2EEB /* Build configuration list for PBXNativeTarget "EssentialFeedTests" */;
			buildPhases = (
				F13AE3622AB7601E001D2EEB /* Sources */,
				F13AE3632AB7601E001D2EEB /* Frameworks */,
				F13AE3642AB7601E001D2EEB /* Resources */,
			);
			buildRules = (
			);
			dependencies = (
				F13AE3692AB7601E001D2EEB /* PBXTargetDependency */,
			);
			name = EssentialFeedTests;
			productName = EssentialFeedTests;
			productReference = F13AE3662AB7601E001D2EEB /* EssentialFeedTests.xctest */;
			productType = "com.apple.product-type.bundle.unit-test";
		};
		F13D22662B82B9B9002AE390 /* EssentialFeediOS */ = {
			isa = PBXNativeTarget;
			buildConfigurationList = F13D22762B82B9B9002AE390 /* Build configuration list for PBXNativeTarget "EssentialFeediOS" */;
			buildPhases = (
				F13D22622B82B9B9002AE390 /* Headers */,
				F13D22632B82B9B9002AE390 /* Sources */,
				F13D22642B82B9B9002AE390 /* Frameworks */,
				F13D22652B82B9B9002AE390 /* Resources */,
				F1D2378D2B83E01B00578FD7 /* Embed Frameworks */,
			);
			buildRules = (
			);
			dependencies = (
				F1D2378C2B83E01B00578FD7 /* PBXTargetDependency */,
			);
			name = EssentialFeediOS;
			productName = EssentialFeediOS;
			productReference = F13D22672B82B9B9002AE390 /* EssentialFeediOS.framework */;
			productType = "com.apple.product-type.framework";
		};
		F13D226D2B82B9B9002AE390 /* EssentialFeediOSTests */ = {
			isa = PBXNativeTarget;
			buildConfigurationList = F13D22792B82B9B9002AE390 /* Build configuration list for PBXNativeTarget "EssentialFeediOSTests" */;
			buildPhases = (
				F13D226A2B82B9B9002AE390 /* Sources */,
				F13D226B2B82B9B9002AE390 /* Frameworks */,
				F13D226C2B82B9B9002AE390 /* Resources */,
			);
			buildRules = (
			);
			dependencies = (
				F13D22712B82B9B9002AE390 /* PBXTargetDependency */,
			);
			name = EssentialFeediOSTests;
			productName = EssentialFeediOSTests;
			productReference = F13D226E2B82B9B9002AE390 /* EssentialFeediOSTests.xctest */;
			productType = "com.apple.product-type.bundle.unit-test";
		};
		F1F44B2F2B4C162D005BD43D /* EssentialFeedCacheIntegrationTests */ = {
			isa = PBXNativeTarget;
			buildConfigurationList = F1F44B392B4C162D005BD43D /* Build configuration list for PBXNativeTarget "EssentialFeedCacheIntegrationTests" */;
			buildPhases = (
				F1F44B2C2B4C162D005BD43D /* Sources */,
				F1F44B2D2B4C162D005BD43D /* Frameworks */,
				F1F44B2E2B4C162D005BD43D /* Resources */,
			);
			buildRules = (
			);
			dependencies = (
				F1F44B362B4C162D005BD43D /* PBXTargetDependency */,
			);
			name = EssentialFeedCacheIntegrationTests;
			productName = EssentialFeedCacheIntegrationTests;
			productReference = F1F44B302B4C162D005BD43D /* EssentialFeedCacheIntegrationTests.xctest */;
			productType = "com.apple.product-type.bundle.unit-test";
		};
/* End PBXNativeTarget section */

/* Begin PBXProject section */
		F13AE3532AB7601E001D2EEB /* Project object */ = {
			isa = PBXProject;
			attributes = {
				BuildIndependentTargetsInParallel = 1;
				LastSwiftUpdateCheck = 1520;
				LastUpgradeCheck = 1610;
				TargetAttributes = {
					5FA5D7972B2204630049A06F = {
						CreatedOnToolsVersion = 15.0.1;
					};
					F13AE35B2AB7601E001D2EEB = {
						CreatedOnToolsVersion = 14.3.1;
						LastSwiftMigration = 1430;
					};
					F13AE3652AB7601E001D2EEB = {
						CreatedOnToolsVersion = 14.3.1;
					};
					F13D22662B82B9B9002AE390 = {
						CreatedOnToolsVersion = 15.2;
						LastSwiftMigration = 1540;
					};
					F13D226D2B82B9B9002AE390 = {
						CreatedOnToolsVersion = 15.2;
						LastSwiftMigration = 1520;
					};
					F1F44B2F2B4C162D005BD43D = {
						CreatedOnToolsVersion = 15.1;
					};
				};
			};
			buildConfigurationList = F13AE3562AB7601E001D2EEB /* Build configuration list for PBXProject "EssentialFeed" */;
			compatibilityVersion = "Xcode 14.0";
			developmentRegion = en;
			hasScannedForEncodings = 0;
			knownRegions = (
				en,
				Base,
				"pt-BR",
				el,
			);
			mainGroup = F13AE3522AB7601E001D2EEB;
			productRefGroup = F13AE35D2AB7601E001D2EEB /* Products */;
			projectDirPath = "";
			projectRoot = "";
			targets = (
				F13AE35B2AB7601E001D2EEB /* EssentialFeed */,
				F13AE3652AB7601E001D2EEB /* EssentialFeedTests */,
				5FA5D7972B2204630049A06F /* EssentialFeedAPIEndtoEndTests */,
				F1F44B2F2B4C162D005BD43D /* EssentialFeedCacheIntegrationTests */,
				F13D22662B82B9B9002AE390 /* EssentialFeediOS */,
				F13D226D2B82B9B9002AE390 /* EssentialFeediOSTests */,
			);
		};
/* End PBXProject section */

/* Begin PBXResourcesBuildPhase section */
		5FA5D7962B2204630049A06F /* Resources */ = {
			isa = PBXResourcesBuildPhase;
			buildActionMask = 2147483647;
			files = (
			);
			runOnlyForDeploymentPostprocessing = 0;
		};
		F13AE35A2AB7601E001D2EEB /* Resources */ = {
			isa = PBXResourcesBuildPhase;
			buildActionMask = 2147483647;
			files = (
				F180933D2DA81EBE0083B46E /* Shared.strings in Resources */,
				5F4602A42C67AE6C00BE6DF7 /* Feed.strings in Resources */,
			);
			runOnlyForDeploymentPostprocessing = 0;
		};
		F13AE3642AB7601E001D2EEB /* Resources */ = {
			isa = PBXResourcesBuildPhase;
			buildActionMask = 2147483647;
			files = (
			);
			runOnlyForDeploymentPostprocessing = 0;
		};
		F13D22652B82B9B9002AE390 /* Resources */ = {
			isa = PBXResourcesBuildPhase;
			buildActionMask = 2147483647;
			files = (
				5FD072BF2C50CD9E006B5162 /* Feed.storyboard in Resources */,
				5FD072C12C50CE4B006B5162 /* Feed.xcassets in Resources */,
			);
			runOnlyForDeploymentPostprocessing = 0;
		};
		F13D226C2B82B9B9002AE390 /* Resources */ = {
			isa = PBXResourcesBuildPhase;
			buildActionMask = 2147483647;
			files = (
			);
			runOnlyForDeploymentPostprocessing = 0;
		};
		F1F44B2E2B4C162D005BD43D /* Resources */ = {
			isa = PBXResourcesBuildPhase;
			buildActionMask = 2147483647;
			files = (
			);
			runOnlyForDeploymentPostprocessing = 0;
		};
/* End PBXResourcesBuildPhase section */

/* Begin PBXSourcesBuildPhase section */
		5FA5D7942B2204630049A06F /* Sources */ = {
			isa = PBXSourcesBuildPhase;
			buildActionMask = 2147483647;
			files = (
				5FA5D79B2B2204630049A06F /* EssentialFeedAPIEndtoEndTests.swift in Sources */,
				F18093432DA9074E0083B46E /* SharedLocalizationTestHelpers.swift in Sources */,
				5FBC52042B2208AD00C1ED1D /* XCTestCase+MemoryLeakTracking.swift in Sources */,
			);
			runOnlyForDeploymentPostprocessing = 0;
		};
		F13AE3582AB7601E001D2EEB /* Sources */ = {
			isa = PBXSourcesBuildPhase;
			buildActionMask = 2147483647;
			files = (
				5F3897F72B476E9B00C9FB20 /* CoreDataHelpers.swift in Sources */,
				5FF187212B152B80001F4CE8 /* FeedItemsMapper.swift in Sources */,
				5F7D440D2B3CBD4C001B62D1 /* FeedCachePolicy.swift in Sources */,
				F1BC50792D9D1FBB00E9D62E /* FeedImageDataMapper.swift in Sources */,
				F18093482DA90B440083B46E /* ResourceErrorView.swift in Sources */,
				5F4602AF2C6904E000BE6DF7 /* FeedImagePresenter.swift in Sources */,
				5FB33AA62CE396030014D9AE /* FeedImageDataCache.swift in Sources */,
				F1F44B0B2B45CFE7005BD43D /* FeedStore.xcdatamodeld in Sources */,
				F179D1442B3337BD0074290B /* LocalFeedImage.swift in Sources */,
				5FA5F5242C9F1C80007FEA16 /* CoreDataFeedStore+FeedStore.swift in Sources */,
				5F4602A62C67B00B00BE6DF7 /* FeedViewModel.swift in Sources */,
				5F276A442B31F5F500ADD224 /* FeedStore.swift in Sources */,
				5F276A422B31F51D00ADD224 /* LocalFeedLoader.swift in Sources */,
				5F5558B52D3468E7003BBA52 /* ImageCommentsMapper.swift in Sources */,
				5FF1871F2B152AA9001F4CE8 /* HTTPClient.swift in Sources */,
				F18093352DA809230083B46E /* LoadResourcePresenter.swift in Sources */,
				F161812A2AB761F400EE62A6 /* FeedImage.swift in Sources */,
				5FA5F5172C9C87DB007FEA16 /* FeedImageDataStore.swift in Sources */,
				5F4602A32C67AD5700BE6DF7 /* FeedPresenter.swift in Sources */,
				5F4602AE2C6904D900BE6DF7 /* FeedImageViewModel.swift in Sources */,
				5F7254A22C99EC15002E8961 /* HTTPURLResponse+StatusCode.swift in Sources */,
				5FF79E602B19F4A80071DAD3 /* URLSessionHTTPClient.swift in Sources */,
				F18093462DA909F50083B46E /* ResourceLoadingView.swift in Sources */,
				5F3897F92B476F1D00C9FB20 /* ManagedCache.swift in Sources */,
				F16A3D5D2B45CCB6004B3044 /* CoreDataFeedStore.swift in Sources */,
				5F6E80E02C88C03A00E1CAA1 /* FeedImageDataLoader.swift in Sources */,
				5F4602AA2C67B03500BE6DF7 /* ResourceErrorViewModel.swift in Sources */,
				5FAF26F52D350673007887F3 /* ImageComment.swift in Sources */,
				5FA5F5192C9C881B007FEA16 /* LocalFeedImageDataLoader.swift in Sources */,
				5FA5F5222C9F0455007FEA16 /* CoreDataFeedStore+FeedImageDataLoader.swift in Sources */,
				5F4602A82C67B02300BE6DF7 /* ResourceLoadingViewModel.swift in Sources */,
				5FB33A9C2CE368360014D9AE /* FeedCache.swift in Sources */,
				5F3897FB2B476F4800C9FB20 /* ManagedFeedImage.swift in Sources */,
			);
			runOnlyForDeploymentPostprocessing = 0;
		};
		F13AE3622AB7601E001D2EEB /* Sources */ = {
			isa = PBXSourcesBuildPhase;
			buildActionMask = 2147483647;
			files = (
				5F9D5E892B44A784008508DE /* FailableInsertFeedStoreSpecs.swift in Sources */,
				F18093442DA9074E0083B46E /* SharedLocalizationTestHelpers.swift in Sources */,
				F16A3D5B2B45CC36004B3044 /* CoreDataFeedStoreTests.swift in Sources */,
				F1BC50772D9D1E9200E9D62E /* FeedImageDataMapperTests.swift in Sources */,
				5F9D5E8B2B44A7BB008508DE /* FailableRetrieveFeedStoreSpecs.swift in Sources */,
				5F5558B12D340830003BBA52 /* ImageCommentsMapperTests.swift in Sources */,
				F1146DB92B35E42E0065835F /* FeedCacheTestHelpers.swift in Sources */,
				F13AE36C2AB7601F001D2EEB /* FeedItemsMapperTests.swift in Sources */,
				5FF79E5B2B17F36E0071DAD3 /* URLSessionHTTPClientTests.swift in Sources */,
				5FA5F51D2C9EEA59007FEA16 /* CacheFeedImageDataUseCaseTests.swift in Sources */,
				5F4602AD2C6903A700BE6DF7 /* FeedLocalizationTests.swift in Sources */,
				F179D15F2B3345B20074290B /* FeedStoreSpy.swift in Sources */,
				5FDCFF0E2B2F41BE0085079C /* CacheFeedUseCaseTests.swift in Sources */,
				F1146DBB2B3840C20065835F /* SharedTestHelpers.swift in Sources */,
				F1146DB72B35E0320065835F /* ValidateFeedCacheUseCaseTests.swift in Sources */,
				5F4602992C6792F400BE6DF7 /* FeedPresenterTests.swift in Sources */,
				F179D15C2B3343740074290B /* LoadFeedFromCacheUseCaseTests.swift in Sources */,
				5F7254A52C99ED9A002E8961 /* URLProtocolStub.swift in Sources */,
				5F5DF4E12C9B173C00ADD59C /* LoadFeedImageDataFromCacheUseCaseTests.swift in Sources */,
				F18093332DA808540083B46E /* LoadResourcePresenterTests.swift in Sources */,
				5F9D5E852B44A154008508DE /* FeedStoreSpecs.swift in Sources */,
				5FF79E5E2B19DAAE0071DAD3 /* XCTestCase+MemoryLeakTracking.swift in Sources */,
				5FA5F51B2C9EE84F007FEA16 /* FeedImageDataStoreSpy.swift in Sources */,
				F180933A2DA81D8A0083B46E /* SharedLocalizationTests.swift in Sources */,
				5FA5F51F2C9EF884007FEA16 /* CoreDataFeedImageDataStoreTests.swift in Sources */,
				5F9D5E872B44A254008508DE /* XCTestCase+FeedStoreSpecs.swift in Sources */,
			);
			runOnlyForDeploymentPostprocessing = 0;
		};
		F13D22632B82B9B9002AE390 /* Sources */ = {
			isa = PBXSourcesBuildPhase;
			buildActionMask = 2147483647;
			files = (
				5F7C95082C1AF4230057A24C /* UIView+Shimmering.swift in Sources */,
				5FD072C52C5167BB006B5162 /* UITableView+Dequeueing.swift in Sources */,
				5F46F16E2D22F45E0031E38F /* UITableView+HeaderSizing.swift in Sources */,
				5F7C95042C19B3F70057A24C /* FeedViewController.swift in Sources */,
				5F7C95062C19D5320057A24C /* FeedImageCell.swift in Sources */,
				5F7C95122C2028910057A24C /* FeedImageCellController.swift in Sources */,
				5FD072C72C516885006B5162 /* UIImageView+Animations.swift in Sources */,
				5F4602AC2C68FFA100BE6DF7 /* ErrorView.swift in Sources */,
			);
			runOnlyForDeploymentPostprocessing = 0;
		};
		F13D226A2B82B9B9002AE390 /* Sources */ = {
			isa = PBXSourcesBuildPhase;
			buildActionMask = 2147483647;
			files = (
				F1D2378E2B83E4C800578FD7 /* XCTestCase+MemoryLeakTracking.swift in Sources */,
				F18093422DA9074E0083B46E /* SharedLocalizationTestHelpers.swift in Sources */,
				5F46F1682D22D4920031E38F /* FeedSnapshotTests.swift in Sources */,
				5F46F1722D2403F50031E38F /* XCTestCase+Snapshot.swift in Sources */,
				5F46F1702D2402810031E38F /* UIViewController+Snapshot.swift in Sources */,
				5F46F16B2D22E8C90031E38F /* UIImage+TestHelpers.swift in Sources */,
			);
			runOnlyForDeploymentPostprocessing = 0;
		};
		F1F44B2C2B4C162D005BD43D /* Sources */ = {
			isa = PBXSourcesBuildPhase;
			buildActionMask = 2147483647;
			files = (
				F1B00A1E2B4C2FA500D77860 /* SharedTestHelpers.swift in Sources */,
				F1F44B332B4C162D005BD43D /* EssentialFeedCacheIntegrationTests.swift in Sources */,
				F1B00A1D2B4C2F7600D77860 /* FeedCacheTestHelpers.swift in Sources */,
				F18093412DA9074E0083B46E /* SharedLocalizationTestHelpers.swift in Sources */,
				F1F44B3B2B4C23F2005BD43D /* XCTestCase+MemoryLeakTracking.swift in Sources */,
			);
			runOnlyForDeploymentPostprocessing = 0;
		};
/* End PBXSourcesBuildPhase section */

/* Begin PBXTargetDependency section */
		5FA5D79E2B2204630049A06F /* PBXTargetDependency */ = {
			isa = PBXTargetDependency;
			target = F13AE35B2AB7601E001D2EEB /* EssentialFeed */;
			targetProxy = 5FA5D79D2B2204630049A06F /* PBXContainerItemProxy */;
		};
		F13AE3692AB7601E001D2EEB /* PBXTargetDependency */ = {
			isa = PBXTargetDependency;
			target = F13AE35B2AB7601E001D2EEB /* EssentialFeed */;
			targetProxy = F13AE3682AB7601E001D2EEB /* PBXContainerItemProxy */;
		};
		F13D22712B82B9B9002AE390 /* PBXTargetDependency */ = {
			isa = PBXTargetDependency;
			target = F13D22662B82B9B9002AE390 /* EssentialFeediOS */;
			targetProxy = F13D22702B82B9B9002AE390 /* PBXContainerItemProxy */;
		};
		F1D2378C2B83E01B00578FD7 /* PBXTargetDependency */ = {
			isa = PBXTargetDependency;
			platformFilter = ios;
			target = F13AE35B2AB7601E001D2EEB /* EssentialFeed */;
			targetProxy = F1D2378B2B83E01B00578FD7 /* PBXContainerItemProxy */;
		};
		F1F44B362B4C162D005BD43D /* PBXTargetDependency */ = {
			isa = PBXTargetDependency;
			target = F13AE35B2AB7601E001D2EEB /* EssentialFeed */;
			targetProxy = F1F44B352B4C162D005BD43D /* PBXContainerItemProxy */;
		};
/* End PBXTargetDependency section */

/* Begin PBXVariantGroup section */
		5F46029C2C67A96F00BE6DF7 /* Feed.strings */ = {
			isa = PBXVariantGroup;
			children = (
				5F46029D2C67A96F00BE6DF7 /* en */,
				5F46029F2C67A97400BE6DF7 /* el */,
				5F4602A02C67A97600BE6DF7 /* pt-BR */,
			);
			name = Feed.strings;
			sourceTree = "<group>";
		};
		F180933C2DA81EBE0083B46E /* Shared.strings */ = {
			isa = PBXVariantGroup;
			children = (
				F180933B2DA81EBE0083B46E /* en */,
				F180933E2DA81EC10083B46E /* el */,
				F180933F2DA81EC20083B46E /* pt-BR */,
			);
			name = Shared.strings;
			sourceTree = "<group>";
		};
/* End PBXVariantGroup section */

/* Begin XCBuildConfiguration section */
		5FA5D7A02B2204630049A06F /* Debug */ = {
			isa = XCBuildConfiguration;
			buildSettings = {
				CODE_SIGN_STYLE = Automatic;
				CURRENT_PROJECT_VERSION = 1;
				DEVELOPMENT_TEAM = DP8UX4Z6VQ;
				GCC_C_LANGUAGE_STANDARD = gnu17;
				GENERATE_INFOPLIST_FILE = YES;
				LOCALIZATION_PREFERS_STRING_CATALOGS = YES;
				MACOSX_DEPLOYMENT_TARGET = 14.0;
				MARKETING_VERSION = 1.0;
				PRODUCT_BUNDLE_IDENTIFIER = G.EssentialFeedAPIEndtoEndTests;
				PRODUCT_NAME = "$(TARGET_NAME)";
				SUPPORTED_PLATFORMS = "macosx iphoneos iphonesimulator";
				SWIFT_ACTIVE_COMPILATION_CONDITIONS = "DEBUG $(inherited)";
				SWIFT_EMIT_LOC_STRINGS = NO;
				SWIFT_VERSION = 5.0;
			};
			name = Debug;
		};
		5FA5D7A12B2204630049A06F /* Release */ = {
			isa = XCBuildConfiguration;
			buildSettings = {
				CODE_SIGN_STYLE = Automatic;
				CURRENT_PROJECT_VERSION = 1;
				DEVELOPMENT_TEAM = DP8UX4Z6VQ;
				GCC_C_LANGUAGE_STANDARD = gnu17;
				GENERATE_INFOPLIST_FILE = YES;
				LOCALIZATION_PREFERS_STRING_CATALOGS = YES;
				MACOSX_DEPLOYMENT_TARGET = 14.0;
				MARKETING_VERSION = 1.0;
				PRODUCT_BUNDLE_IDENTIFIER = G.EssentialFeedAPIEndtoEndTests;
				PRODUCT_NAME = "$(TARGET_NAME)";
				SUPPORTED_PLATFORMS = "macosx iphoneos iphonesimulator";
				SWIFT_EMIT_LOC_STRINGS = NO;
				SWIFT_VERSION = 5.0;
			};
			name = Release;
		};
		F13AE36E2AB7601F001D2EEB /* Debug */ = {
			isa = XCBuildConfiguration;
			buildSettings = {
				ALWAYS_SEARCH_USER_PATHS = NO;
				ASSETCATALOG_COMPILER_GENERATE_SWIFT_ASSET_SYMBOL_EXTENSIONS = YES;
				CLANG_ANALYZER_LOCALIZABILITY_NONLOCALIZED = YES;
				CLANG_ANALYZER_NONNULL = YES;
				CLANG_ANALYZER_NUMBER_OBJECT_CONVERSION = YES_AGGRESSIVE;
				CLANG_CXX_LANGUAGE_STANDARD = "gnu++20";
				CLANG_ENABLE_MODULES = YES;
				CLANG_ENABLE_OBJC_ARC = YES;
				CLANG_ENABLE_OBJC_WEAK = YES;
				CLANG_WARN_BLOCK_CAPTURE_AUTORELEASING = YES;
				CLANG_WARN_BOOL_CONVERSION = YES;
				CLANG_WARN_COMMA = YES;
				CLANG_WARN_CONSTANT_CONVERSION = YES;
				CLANG_WARN_DEPRECATED_OBJC_IMPLEMENTATIONS = YES;
				CLANG_WARN_DIRECT_OBJC_ISA_USAGE = YES_ERROR;
				CLANG_WARN_DOCUMENTATION_COMMENTS = YES;
				CLANG_WARN_EMPTY_BODY = YES;
				CLANG_WARN_ENUM_CONVERSION = YES;
				CLANG_WARN_INFINITE_RECURSION = YES;
				CLANG_WARN_INT_CONVERSION = YES;
				CLANG_WARN_NON_LITERAL_NULL_CONVERSION = YES;
				CLANG_WARN_OBJC_IMPLICIT_RETAIN_SELF = YES;
				CLANG_WARN_OBJC_LITERAL_CONVERSION = YES;
				CLANG_WARN_OBJC_ROOT_CLASS = YES_ERROR;
				CLANG_WARN_QUOTED_INCLUDE_IN_FRAMEWORK_HEADER = YES;
				CLANG_WARN_RANGE_LOOP_ANALYSIS = YES;
				CLANG_WARN_STRICT_PROTOTYPES = YES;
				CLANG_WARN_SUSPICIOUS_MOVE = YES;
				CLANG_WARN_UNGUARDED_AVAILABILITY = YES_AGGRESSIVE;
				CLANG_WARN_UNREACHABLE_CODE = YES;
				CLANG_WARN__DUPLICATE_METHOD_MATCH = YES;
				COPY_PHASE_STRIP = NO;
				CURRENT_PROJECT_VERSION = 1;
				DEAD_CODE_STRIPPING = YES;
				DEBUG_INFORMATION_FORMAT = dwarf;
				ENABLE_STRICT_OBJC_MSGSEND = YES;
				ENABLE_TESTABILITY = YES;
				ENABLE_USER_SCRIPT_SANDBOXING = YES;
				GCC_C_LANGUAGE_STANDARD = gnu11;
				GCC_DYNAMIC_NO_PIC = NO;
				GCC_NO_COMMON_BLOCKS = YES;
				GCC_OPTIMIZATION_LEVEL = 0;
				GCC_PREPROCESSOR_DEFINITIONS = (
					"DEBUG=1",
					"$(inherited)",
				);
				GCC_WARN_64_TO_32_BIT_CONVERSION = YES;
				GCC_WARN_ABOUT_RETURN_TYPE = YES_ERROR;
				GCC_WARN_UNDECLARED_SELECTOR = YES;
				GCC_WARN_UNINITIALIZED_AUTOS = YES_AGGRESSIVE;
				GCC_WARN_UNUSED_FUNCTION = YES;
				GCC_WARN_UNUSED_VARIABLE = YES;
				IPHONEOS_DEPLOYMENT_TARGET = 17.0;
				MACOSX_DEPLOYMENT_TARGET = 13.3;
				MTL_ENABLE_DEBUG_INFO = INCLUDE_SOURCE;
				MTL_FAST_MATH = YES;
				ONLY_ACTIVE_ARCH = YES;
				SDKROOT = macosx;
				SWIFT_ACTIVE_COMPILATION_CONDITIONS = DEBUG;
				SWIFT_OPTIMIZATION_LEVEL = "-Onone";
				VERSIONING_SYSTEM = "apple-generic";
				VERSION_INFO_PREFIX = "";
			};
			name = Debug;
		};
		F13AE36F2AB7601F001D2EEB /* Release */ = {
			isa = XCBuildConfiguration;
			buildSettings = {
				ALWAYS_SEARCH_USER_PATHS = NO;
				ASSETCATALOG_COMPILER_GENERATE_SWIFT_ASSET_SYMBOL_EXTENSIONS = YES;
				CLANG_ANALYZER_LOCALIZABILITY_NONLOCALIZED = YES;
				CLANG_ANALYZER_NONNULL = YES;
				CLANG_ANALYZER_NUMBER_OBJECT_CONVERSION = YES_AGGRESSIVE;
				CLANG_CXX_LANGUAGE_STANDARD = "gnu++20";
				CLANG_ENABLE_MODULES = YES;
				CLANG_ENABLE_OBJC_ARC = YES;
				CLANG_ENABLE_OBJC_WEAK = YES;
				CLANG_WARN_BLOCK_CAPTURE_AUTORELEASING = YES;
				CLANG_WARN_BOOL_CONVERSION = YES;
				CLANG_WARN_COMMA = YES;
				CLANG_WARN_CONSTANT_CONVERSION = YES;
				CLANG_WARN_DEPRECATED_OBJC_IMPLEMENTATIONS = YES;
				CLANG_WARN_DIRECT_OBJC_ISA_USAGE = YES_ERROR;
				CLANG_WARN_DOCUMENTATION_COMMENTS = YES;
				CLANG_WARN_EMPTY_BODY = YES;
				CLANG_WARN_ENUM_CONVERSION = YES;
				CLANG_WARN_INFINITE_RECURSION = YES;
				CLANG_WARN_INT_CONVERSION = YES;
				CLANG_WARN_NON_LITERAL_NULL_CONVERSION = YES;
				CLANG_WARN_OBJC_IMPLICIT_RETAIN_SELF = YES;
				CLANG_WARN_OBJC_LITERAL_CONVERSION = YES;
				CLANG_WARN_OBJC_ROOT_CLASS = YES_ERROR;
				CLANG_WARN_QUOTED_INCLUDE_IN_FRAMEWORK_HEADER = YES;
				CLANG_WARN_RANGE_LOOP_ANALYSIS = YES;
				CLANG_WARN_STRICT_PROTOTYPES = YES;
				CLANG_WARN_SUSPICIOUS_MOVE = YES;
				CLANG_WARN_UNGUARDED_AVAILABILITY = YES_AGGRESSIVE;
				CLANG_WARN_UNREACHABLE_CODE = YES;
				CLANG_WARN__DUPLICATE_METHOD_MATCH = YES;
				COPY_PHASE_STRIP = NO;
				CURRENT_PROJECT_VERSION = 1;
				DEAD_CODE_STRIPPING = YES;
				DEBUG_INFORMATION_FORMAT = "dwarf-with-dsym";
				ENABLE_NS_ASSERTIONS = NO;
				ENABLE_STRICT_OBJC_MSGSEND = YES;
				ENABLE_USER_SCRIPT_SANDBOXING = YES;
				GCC_C_LANGUAGE_STANDARD = gnu11;
				GCC_NO_COMMON_BLOCKS = YES;
				GCC_WARN_64_TO_32_BIT_CONVERSION = YES;
				GCC_WARN_ABOUT_RETURN_TYPE = YES_ERROR;
				GCC_WARN_UNDECLARED_SELECTOR = YES;
				GCC_WARN_UNINITIALIZED_AUTOS = YES_AGGRESSIVE;
				GCC_WARN_UNUSED_FUNCTION = YES;
				GCC_WARN_UNUSED_VARIABLE = YES;
				IPHONEOS_DEPLOYMENT_TARGET = 17.0;
				MACOSX_DEPLOYMENT_TARGET = 13.3;
				MTL_ENABLE_DEBUG_INFO = NO;
				MTL_FAST_MATH = YES;
				SDKROOT = macosx;
				SWIFT_COMPILATION_MODE = wholemodule;
				SWIFT_OPTIMIZATION_LEVEL = "-O";
				VERSIONING_SYSTEM = "apple-generic";
				VERSION_INFO_PREFIX = "";
			};
			name = Release;
		};
		F13AE3712AB7601F001D2EEB /* Debug */ = {
			isa = XCBuildConfiguration;
			buildSettings = {
				CLANG_ENABLE_MODULES = YES;
				CODE_SIGN_IDENTITY = "";
				CODE_SIGN_STYLE = Automatic;
				COMBINE_HIDPI_IMAGES = YES;
				CURRENT_PROJECT_VERSION = 1;
				DEAD_CODE_STRIPPING = YES;
				DEFINES_MODULE = YES;
				DEVELOPMENT_TEAM = DP8UX4Z6VQ;
				DYLIB_COMPATIBILITY_VERSION = 1;
				DYLIB_CURRENT_VERSION = 1;
				DYLIB_INSTALL_NAME_BASE = "@rpath";
				ENABLE_MODULE_VERIFIER = YES;
				GENERATE_INFOPLIST_FILE = YES;
				INFOPLIST_KEY_NSHumanReadableCopyright = "";
				INSTALL_PATH = "$(LOCAL_LIBRARY_DIR)/Frameworks";
				LD_RUNPATH_SEARCH_PATHS = (
					"$(inherited)",
					"@executable_path/../Frameworks",
					"@loader_path/Frameworks",
				);
				MARKETING_VERSION = 1.0;
				MODULE_VERIFIER_SUPPORTED_LANGUAGES = "objective-c objective-c++";
				MODULE_VERIFIER_SUPPORTED_LANGUAGE_STANDARDS = "gnu11 gnu++20";
				PRODUCT_BUNDLE_IDENTIFIER = TestPackage.EssentialFeed;
				PRODUCT_NAME = "$(TARGET_NAME:c99extidentifier)";
				SKIP_INSTALL = YES;
				SUPPORTED_PLATFORMS = "macosx iphoneos iphonesimulator";
				SWIFT_EMIT_LOC_STRINGS = YES;
				SWIFT_OPTIMIZATION_LEVEL = "-Onone";
				SWIFT_VERSION = 5.0;
			};
			name = Debug;
		};
		F13AE3722AB7601F001D2EEB /* Release */ = {
			isa = XCBuildConfiguration;
			buildSettings = {
				CLANG_ENABLE_MODULES = YES;
				CODE_SIGN_IDENTITY = "";
				CODE_SIGN_STYLE = Automatic;
				COMBINE_HIDPI_IMAGES = YES;
				CURRENT_PROJECT_VERSION = 1;
				DEAD_CODE_STRIPPING = YES;
				DEFINES_MODULE = YES;
				DEVELOPMENT_TEAM = DP8UX4Z6VQ;
				DYLIB_COMPATIBILITY_VERSION = 1;
				DYLIB_CURRENT_VERSION = 1;
				DYLIB_INSTALL_NAME_BASE = "@rpath";
				ENABLE_MODULE_VERIFIER = YES;
				GENERATE_INFOPLIST_FILE = YES;
				INFOPLIST_KEY_NSHumanReadableCopyright = "";
				INSTALL_PATH = "$(LOCAL_LIBRARY_DIR)/Frameworks";
				LD_RUNPATH_SEARCH_PATHS = (
					"$(inherited)",
					"@executable_path/../Frameworks",
					"@loader_path/Frameworks",
				);
				MARKETING_VERSION = 1.0;
				MODULE_VERIFIER_SUPPORTED_LANGUAGES = "objective-c objective-c++";
				MODULE_VERIFIER_SUPPORTED_LANGUAGE_STANDARDS = "gnu11 gnu++20";
				PRODUCT_BUNDLE_IDENTIFIER = TestPackage.EssentialFeed;
				PRODUCT_NAME = "$(TARGET_NAME:c99extidentifier)";
				SKIP_INSTALL = YES;
				SUPPORTED_PLATFORMS = "macosx iphoneos iphonesimulator";
				SWIFT_EMIT_LOC_STRINGS = YES;
				SWIFT_VERSION = 5.0;
			};
			name = Release;
		};
		F13AE3742AB7601F001D2EEB /* Debug */ = {
			isa = XCBuildConfiguration;
			buildSettings = {
				CODE_SIGN_STYLE = Automatic;
				CURRENT_PROJECT_VERSION = 1;
				DEAD_CODE_STRIPPING = YES;
				DEVELOPMENT_TEAM = DP8UX4Z6VQ;
				GENERATE_INFOPLIST_FILE = YES;
				MARKETING_VERSION = 1.0;
				PRODUCT_BUNDLE_IDENTIFIER = TestPackage.EssentialFeedTests;
				PRODUCT_NAME = "$(TARGET_NAME)";
				SUPPORTED_PLATFORMS = "macosx iphoneos iphonesimulator";
				SWIFT_EMIT_LOC_STRINGS = NO;
				SWIFT_VERSION = 5.0;
			};
			name = Debug;
		};
		F13AE3752AB7601F001D2EEB /* Release */ = {
			isa = XCBuildConfiguration;
			buildSettings = {
				CODE_SIGN_STYLE = Automatic;
				CURRENT_PROJECT_VERSION = 1;
				DEAD_CODE_STRIPPING = YES;
				DEVELOPMENT_TEAM = DP8UX4Z6VQ;
				GENERATE_INFOPLIST_FILE = YES;
				MARKETING_VERSION = 1.0;
				PRODUCT_BUNDLE_IDENTIFIER = TestPackage.EssentialFeedTests;
				PRODUCT_NAME = "$(TARGET_NAME)";
				SUPPORTED_PLATFORMS = "macosx iphoneos iphonesimulator";
				SWIFT_EMIT_LOC_STRINGS = NO;
				SWIFT_VERSION = 5.0;
			};
			name = Release;
		};
		F13D22772B82B9B9002AE390 /* Debug */ = {
			isa = XCBuildConfiguration;
			buildSettings = {
				CLANG_ENABLE_MODULES = YES;
				CODE_SIGN_IDENTITY = "";
				CODE_SIGN_STYLE = Automatic;
				CURRENT_PROJECT_VERSION = 1;
				DEFINES_MODULE = YES;
				DEVELOPMENT_TEAM = DP8UX4Z6VQ;
				DYLIB_COMPATIBILITY_VERSION = 1;
				DYLIB_CURRENT_VERSION = 1;
				DYLIB_INSTALL_NAME_BASE = "@rpath";
				ENABLE_MODULE_VERIFIER = YES;
				GCC_C_LANGUAGE_STANDARD = gnu17;
				GENERATE_INFOPLIST_FILE = YES;
				INFOPLIST_KEY_NSHumanReadableCopyright = "";
				INSTALL_PATH = "$(LOCAL_LIBRARY_DIR)/Frameworks";
				IPHONEOS_DEPLOYMENT_TARGET = 17.2;
				LD_RUNPATH_SEARCH_PATHS = (
					"$(inherited)",
					"@executable_path/Frameworks",
					"@loader_path/Frameworks",
				);
				LOCALIZATION_PREFERS_STRING_CATALOGS = YES;
				MARKETING_VERSION = 1.0;
				MODULE_VERIFIER_SUPPORTED_LANGUAGES = "objective-c objective-c++";
				MODULE_VERIFIER_SUPPORTED_LANGUAGE_STANDARDS = "gnu17 gnu++20";
				PRODUCT_BUNDLE_IDENTIFIER = G.EssentialFeediOS;
				PRODUCT_NAME = "$(TARGET_NAME:c99extidentifier)";
				SDKROOT = iphoneos;
				SKIP_INSTALL = YES;
				SUPPORTED_PLATFORMS = "iphoneos iphonesimulator";
				SUPPORTS_MACCATALYST = NO;
				SUPPORTS_XR_DESIGNED_FOR_IPHONE_IPAD = NO;
				SWIFT_ACTIVE_COMPILATION_CONDITIONS = "DEBUG $(inherited)";
				SWIFT_EMIT_LOC_STRINGS = YES;
				SWIFT_OPTIMIZATION_LEVEL = "-Onone";
				SWIFT_VERSION = 5.0;
				TARGETED_DEVICE_FAMILY = "1,2";
			};
			name = Debug;
		};
		F13D22782B82B9B9002AE390 /* Release */ = {
			isa = XCBuildConfiguration;
			buildSettings = {
				CLANG_ENABLE_MODULES = YES;
				CODE_SIGN_IDENTITY = "";
				CODE_SIGN_STYLE = Automatic;
				CURRENT_PROJECT_VERSION = 1;
				DEFINES_MODULE = YES;
				DEVELOPMENT_TEAM = DP8UX4Z6VQ;
				DYLIB_COMPATIBILITY_VERSION = 1;
				DYLIB_CURRENT_VERSION = 1;
				DYLIB_INSTALL_NAME_BASE = "@rpath";
				ENABLE_MODULE_VERIFIER = YES;
				GCC_C_LANGUAGE_STANDARD = gnu17;
				GENERATE_INFOPLIST_FILE = YES;
				INFOPLIST_KEY_NSHumanReadableCopyright = "";
				INSTALL_PATH = "$(LOCAL_LIBRARY_DIR)/Frameworks";
				IPHONEOS_DEPLOYMENT_TARGET = 17.2;
				LD_RUNPATH_SEARCH_PATHS = (
					"$(inherited)",
					"@executable_path/Frameworks",
					"@loader_path/Frameworks",
				);
				LOCALIZATION_PREFERS_STRING_CATALOGS = YES;
				MARKETING_VERSION = 1.0;
				MODULE_VERIFIER_SUPPORTED_LANGUAGES = "objective-c objective-c++";
				MODULE_VERIFIER_SUPPORTED_LANGUAGE_STANDARDS = "gnu17 gnu++20";
				PRODUCT_BUNDLE_IDENTIFIER = G.EssentialFeediOS;
				PRODUCT_NAME = "$(TARGET_NAME:c99extidentifier)";
				SDKROOT = iphoneos;
				SKIP_INSTALL = YES;
				SUPPORTED_PLATFORMS = "iphoneos iphonesimulator";
				SUPPORTS_MACCATALYST = NO;
				SUPPORTS_XR_DESIGNED_FOR_IPHONE_IPAD = NO;
				SWIFT_EMIT_LOC_STRINGS = YES;
				SWIFT_VERSION = 5.0;
				TARGETED_DEVICE_FAMILY = "1,2";
				VALIDATE_PRODUCT = YES;
			};
			name = Release;
		};
		F13D227A2B82B9B9002AE390 /* Debug */ = {
			isa = XCBuildConfiguration;
			buildSettings = {
				CLANG_ENABLE_MODULES = YES;
				CODE_SIGN_STYLE = Automatic;
				CURRENT_PROJECT_VERSION = 1;
				DEVELOPMENT_TEAM = DP8UX4Z6VQ;
				GCC_C_LANGUAGE_STANDARD = gnu17;
				GENERATE_INFOPLIST_FILE = YES;
				IPHONEOS_DEPLOYMENT_TARGET = 17.2;
				LOCALIZATION_PREFERS_STRING_CATALOGS = YES;
				MARKETING_VERSION = 1.0;
				PRODUCT_BUNDLE_IDENTIFIER = G.EssentialFeediOSTests;
				PRODUCT_NAME = "$(TARGET_NAME)";
				SDKROOT = iphoneos;
				SWIFT_ACTIVE_COMPILATION_CONDITIONS = "DEBUG $(inherited)";
				SWIFT_EMIT_LOC_STRINGS = NO;
				SWIFT_OPTIMIZATION_LEVEL = "-Onone";
				SWIFT_VERSION = 5.0;
				TARGETED_DEVICE_FAMILY = "1,2";
			};
			name = Debug;
		};
		F13D227B2B82B9B9002AE390 /* Release */ = {
			isa = XCBuildConfiguration;
			buildSettings = {
				CLANG_ENABLE_MODULES = YES;
				CODE_SIGN_STYLE = Automatic;
				CURRENT_PROJECT_VERSION = 1;
				DEVELOPMENT_TEAM = DP8UX4Z6VQ;
				GCC_C_LANGUAGE_STANDARD = gnu17;
				GENERATE_INFOPLIST_FILE = YES;
				IPHONEOS_DEPLOYMENT_TARGET = 17.2;
				LOCALIZATION_PREFERS_STRING_CATALOGS = YES;
				MARKETING_VERSION = 1.0;
				PRODUCT_BUNDLE_IDENTIFIER = G.EssentialFeediOSTests;
				PRODUCT_NAME = "$(TARGET_NAME)";
				SDKROOT = iphoneos;
				SWIFT_EMIT_LOC_STRINGS = NO;
				SWIFT_VERSION = 5.0;
				TARGETED_DEVICE_FAMILY = "1,2";
				VALIDATE_PRODUCT = YES;
			};
			name = Release;
		};
		F1F44B372B4C162D005BD43D /* Debug */ = {
			isa = XCBuildConfiguration;
			buildSettings = {
				CODE_SIGN_STYLE = Automatic;
				CURRENT_PROJECT_VERSION = 1;
				DEVELOPMENT_TEAM = DP8UX4Z6VQ;
				GCC_C_LANGUAGE_STANDARD = gnu17;
				GENERATE_INFOPLIST_FILE = YES;
				LOCALIZATION_PREFERS_STRING_CATALOGS = YES;
				MACOSX_DEPLOYMENT_TARGET = 14.1;
				MARKETING_VERSION = 1.0;
				PRODUCT_BUNDLE_IDENTIFIER = TestPackage.EssentialFeedCacheIntegrationTests;
				PRODUCT_NAME = "$(TARGET_NAME)";
				SUPPORTED_PLATFORMS = "macosx iphoneos iphonesimulator";
				SWIFT_ACTIVE_COMPILATION_CONDITIONS = "DEBUG $(inherited)";
				SWIFT_EMIT_LOC_STRINGS = NO;
				SWIFT_VERSION = 5.0;
			};
			name = Debug;
		};
		F1F44B382B4C162D005BD43D /* Release */ = {
			isa = XCBuildConfiguration;
			buildSettings = {
				CODE_SIGN_STYLE = Automatic;
				CURRENT_PROJECT_VERSION = 1;
				DEVELOPMENT_TEAM = DP8UX4Z6VQ;
				GCC_C_LANGUAGE_STANDARD = gnu17;
				GENERATE_INFOPLIST_FILE = YES;
				LOCALIZATION_PREFERS_STRING_CATALOGS = YES;
				MACOSX_DEPLOYMENT_TARGET = 14.1;
				MARKETING_VERSION = 1.0;
				PRODUCT_BUNDLE_IDENTIFIER = TestPackage.EssentialFeedCacheIntegrationTests;
				PRODUCT_NAME = "$(TARGET_NAME)";
				SUPPORTED_PLATFORMS = "macosx iphoneos iphonesimulator";
				SWIFT_EMIT_LOC_STRINGS = NO;
				SWIFT_VERSION = 5.0;
			};
			name = Release;
		};
/* End XCBuildConfiguration section */

/* Begin XCConfigurationList section */
		5FA5D79F2B2204630049A06F /* Build configuration list for PBXNativeTarget "EssentialFeedAPIEndtoEndTests" */ = {
			isa = XCConfigurationList;
			buildConfigurations = (
				5FA5D7A02B2204630049A06F /* Debug */,
				5FA5D7A12B2204630049A06F /* Release */,
			);
			defaultConfigurationIsVisible = 0;
			defaultConfigurationName = Release;
		};
		F13AE3562AB7601E001D2EEB /* Build configuration list for PBXProject "EssentialFeed" */ = {
			isa = XCConfigurationList;
			buildConfigurations = (
				F13AE36E2AB7601F001D2EEB /* Debug */,
				F13AE36F2AB7601F001D2EEB /* Release */,
			);
			defaultConfigurationIsVisible = 0;
			defaultConfigurationName = Release;
		};
		F13AE3702AB7601F001D2EEB /* Build configuration list for PBXNativeTarget "EssentialFeed" */ = {
			isa = XCConfigurationList;
			buildConfigurations = (
				F13AE3712AB7601F001D2EEB /* Debug */,
				F13AE3722AB7601F001D2EEB /* Release */,
			);
			defaultConfigurationIsVisible = 0;
			defaultConfigurationName = Release;
		};
		F13AE3732AB7601F001D2EEB /* Build configuration list for PBXNativeTarget "EssentialFeedTests" */ = {
			isa = XCConfigurationList;
			buildConfigurations = (
				F13AE3742AB7601F001D2EEB /* Debug */,
				F13AE3752AB7601F001D2EEB /* Release */,
			);
			defaultConfigurationIsVisible = 0;
			defaultConfigurationName = Release;
		};
		F13D22762B82B9B9002AE390 /* Build configuration list for PBXNativeTarget "EssentialFeediOS" */ = {
			isa = XCConfigurationList;
			buildConfigurations = (
				F13D22772B82B9B9002AE390 /* Debug */,
				F13D22782B82B9B9002AE390 /* Release */,
			);
			defaultConfigurationIsVisible = 0;
			defaultConfigurationName = Release;
		};
		F13D22792B82B9B9002AE390 /* Build configuration list for PBXNativeTarget "EssentialFeediOSTests" */ = {
			isa = XCConfigurationList;
			buildConfigurations = (
				F13D227A2B82B9B9002AE390 /* Debug */,
				F13D227B2B82B9B9002AE390 /* Release */,
			);
			defaultConfigurationIsVisible = 0;
			defaultConfigurationName = Release;
		};
		F1F44B392B4C162D005BD43D /* Build configuration list for PBXNativeTarget "EssentialFeedCacheIntegrationTests" */ = {
			isa = XCConfigurationList;
			buildConfigurations = (
				F1F44B372B4C162D005BD43D /* Debug */,
				F1F44B382B4C162D005BD43D /* Release */,
			);
			defaultConfigurationIsVisible = 0;
			defaultConfigurationName = Release;
		};
/* End XCConfigurationList section */

/* Begin XCVersionGroup section */
		F1F44B092B45CFE7005BD43D /* FeedStore.xcdatamodeld */ = {
			isa = XCVersionGroup;
			children = (
				5FA5F5202C9F031A007FEA16 /* FeedStore 2.xcdatamodel */,
				F1F44B0A2B45CFE7005BD43D /* FeedStore.xcdatamodel */,
			);
			currentVersion = 5FA5F5202C9F031A007FEA16 /* FeedStore 2.xcdatamodel */;
			path = FeedStore.xcdatamodeld;
			sourceTree = "<group>";
			versionGroupType = wrapper.xcdatamodel;
		};
/* End XCVersionGroup section */
	};
	rootObject = F13AE3532AB7601E001D2EEB /* Project object */;
}
