// !$*UTF8*$!
{
	archiveVersion = 1;
	classes = {
	};
	objectVersion = 56;
	objects = {

/* Begin PBXBuildFile section */
		5F0B27612D05EB04004A7103 /* SceneDelegateTests.swift in Sources */ = {isa = PBXBuildFile; fileRef = 5F0B27602D05EB04004A7103 /* SceneDelegateTests.swift */; };
		5F46F1742D2437E00031E38F /* UIView+TestHelpers.swift in Sources */ = {isa = PBXBuildFile; fileRef = 5F46F1732D2437E00031E38F /* UIView+TestHelpers.swift */; };
		5F5EB1422CBD6AB4009F1C17 /* EssentialFeed.framework in Frameworks */ = {isa = PBXBuildFile; fileRef = 5F5EB1402CBD6AB4009F1C17 /* EssentialFeed.framework */; };
		5F5EB1432CBD6AB4009F1C17 /* EssentialFeed.framework in Embed Frameworks */ = {isa = PBXBuildFile; fileRef = 5F5EB1402CBD6AB4009F1C17 /* EssentialFeed.framework */; settings = {ATTRIBUTES = (CodeSignOnCopy, RemoveHeadersOnCopy, ); }; };
		5F5EB1442CBD6AB4009F1C17 /* EssentialFeediOS.framework in Frameworks */ = {isa = PBXBuildFile; fileRef = 5F5EB1412CBD6AB4009F1C17 /* EssentialFeediOS.framework */; };
		5F5EB1452CBD6AB4009F1C17 /* EssentialFeediOS.framework in Embed Frameworks */ = {isa = PBXBuildFile; fileRef = 5F5EB1412CBD6AB4009F1C17 /* EssentialFeediOS.framework */; settings = {ATTRIBUTES = (CodeSignOnCopy, RemoveHeadersOnCopy, ); }; };
		5F751B542CBD601A00CD63BA /* AppDelegate.swift in Sources */ = {isa = PBXBuildFile; fileRef = 5F751B532CBD601A00CD63BA /* AppDelegate.swift */; };
		5F751B562CBD601A00CD63BA /* SceneDelegate.swift in Sources */ = {isa = PBXBuildFile; fileRef = 5F751B552CBD601A00CD63BA /* SceneDelegate.swift */; };
		5F751B582CBD601A00CD63BA /* ViewController.swift in Sources */ = {isa = PBXBuildFile; fileRef = 5F751B572CBD601A00CD63BA /* ViewController.swift */; };
		5F751B5D2CBD601C00CD63BA /* Assets.xcassets in Resources */ = {isa = PBXBuildFile; fileRef = 5F751B5C2CBD601C00CD63BA /* Assets.xcassets */; };
		5F751B602CBD601C00CD63BA /* Base in Resources */ = {isa = PBXBuildFile; fileRef = 5F751B5F2CBD601C00CD63BA /* Base */; };
		5F7638BD2D0DC0F900FC6554 /* LoadResourcePresentationAdapter.swift in Sources */ = {isa = PBXBuildFile; fileRef = 5F7638BB2D0DC0F900FC6554 /* LoadResourcePresentationAdapter.swift */; };
		5F7638BE2D0DC0F900FC6554 /* FeedUIComposer.swift in Sources */ = {isa = PBXBuildFile; fileRef = 5F7638B72D0DC0F900FC6554 /* FeedUIComposer.swift */; };
		5F7638BF2D0DC0F900FC6554 /* FeedViewAdapter.swift in Sources */ = {isa = PBXBuildFile; fileRef = 5F7638B62D0DC0F800FC6554 /* FeedViewAdapter.swift */; };
		5F7638C12D0DC0F900FC6554 /* WeakRefVirtualProxy.swift in Sources */ = {isa = PBXBuildFile; fileRef = 5F7638BA2D0DC0F900FC6554 /* WeakRefVirtualProxy.swift */; };
		5F7638C32D0DC50500FC6554 /* FeedUIIntegrationTests.swift in Sources */ = {isa = PBXBuildFile; fileRef = 5F7638C22D0DC50500FC6554 /* FeedUIIntegrationTests.swift */; };
		5F7638C52D0DC56B00FC6554 /* FeedUIIntegrationTests+Localization.swift in Sources */ = {isa = PBXBuildFile; fileRef = 5F7638C42D0DC56B00FC6554 /* FeedUIIntegrationTests+Localization.swift */; };
		5F7638C72D0DC62C00FC6554 /* UIImage+TestHelpers.swift in Sources */ = {isa = PBXBuildFile; fileRef = 5F7638C62D0DC62C00FC6554 /* UIImage+TestHelpers.swift */; };
		5F7638C92D0DC65800FC6554 /* UIRefreshControl+TestHelpers.swift in Sources */ = {isa = PBXBuildFile; fileRef = 5F7638C82D0DC65800FC6554 /* UIRefreshControl+TestHelpers.swift */; };
		5F7638CB2D0DC6B600FC6554 /* UIButton+TestHelpers.swift in Sources */ = {isa = PBXBuildFile; fileRef = 5F7638CA2D0DC6B600FC6554 /* UIButton+TestHelpers.swift */; };
		5F7638CD2D0DC6C400FC6554 /* UIControl+TestHelpers.swift in Sources */ = {isa = PBXBuildFile; fileRef = 5F7638CC2D0DC6C400FC6554 /* UIControl+TestHelpers.swift */; };
		5F7638CF2D0DC72900FC6554 /* FeedImageCell+TestHelpers.swift in Sources */ = {isa = PBXBuildFile; fileRef = 5F7638CE2D0DC72900FC6554 /* FeedImageCell+TestHelpers.swift */; };
		5F7638D12D0DC74C00FC6554 /* FeedUIIntegrationTests+LoaderSpy.swift in Sources */ = {isa = PBXBuildFile; fileRef = 5F7638D02D0DC74C00FC6554 /* FeedUIIntegrationTests+LoaderSpy.swift */; };
		5F7638D32D0DC75F00FC6554 /* FeedUIIntegrationTests+Assertions.swift in Sources */ = {isa = PBXBuildFile; fileRef = 5F7638D22D0DC75F00FC6554 /* FeedUIIntegrationTests+Assertions.swift */; };
		5F7638D72D0DCB9A00FC6554 /* ListViewController+TestHelpers.swift in Sources */ = {isa = PBXBuildFile; fileRef = 5F7638D62D0DCB9A00FC6554 /* ListViewController+TestHelpers.swift */; };
		5F7638D92D0DCFCD00FC6554 /* FeedAcceptanceTests.swift in Sources */ = {isa = PBXBuildFile; fileRef = 5F7638D82D0DCFCD00FC6554 /* FeedAcceptanceTests.swift */; };
		5F7638DB2D0F1A5800FC6554 /* HTTPClientStub.swift in Sources */ = {isa = PBXBuildFile; fileRef = 5F7638DA2D0F1A5800FC6554 /* HTTPClientStub.swift */; };
		5F7638DD2D0F1B3700FC6554 /* InMemoryFeedStore.swift in Sources */ = {isa = PBXBuildFile; fileRef = 5F7638DC2D0F1B3700FC6554 /* InMemoryFeedStore.swift */; };
		5FB33A872CDE68550014D9AE /* EssentialFeed.framework in Frameworks */ = {isa = PBXBuildFile; fileRef = 5FB33A862CDE68550014D9AE /* EssentialFeed.framework */; };
		5FB33A882CDE68550014D9AE /* EssentialFeed.framework in Embed Frameworks */ = {isa = PBXBuildFile; fileRef = 5FB33A862CDE68550014D9AE /* EssentialFeed.framework */; settings = {ATTRIBUTES = (CodeSignOnCopy, RemoveHeadersOnCopy, ); }; };
		5FB33A8B2CDE69CF0014D9AE /* XCTestCase+MemoryLeakTracking.swift in Sources */ = {isa = PBXBuildFile; fileRef = 5FB33A8A2CDE69CF0014D9AE /* XCTestCase+MemoryLeakTracking.swift */; };
		5FB33A8E2CDE77B30014D9AE /* SharedTestHelpers.swift in Sources */ = {isa = PBXBuildFile; fileRef = 5FB33A8D2CDE77B30014D9AE /* SharedTestHelpers.swift */; };
		5FB33AA22CE38B570014D9AE /* FeedImageDataLoaderSpy.swift in Sources */ = {isa = PBXBuildFile; fileRef = 5FB33AA12CE38B570014D9AE /* FeedImageDataLoaderSpy.swift */; };
		5FB33AA42CE38E060014D9AE /* XCTestCase+FeedImageDataLoader.swift in Sources */ = {isa = PBXBuildFile; fileRef = 5FB33AA32CE38E060014D9AE /* XCTestCase+FeedImageDataLoader.swift */; };
		5FEF99BE2D2AD9640072BC3C /* CombineHelpers.swift in Sources */ = {isa = PBXBuildFile; fileRef = 5FEF99BD2D2AD9640072BC3C /* CombineHelpers.swift */; };
/* End PBXBuildFile section */

/* Begin PBXContainerItemProxy section */
		5F751B672CBD601C00CD63BA /* PBXContainerItemProxy */ = {
			isa = PBXContainerItemProxy;
			containerPortal = 5F751B482CBD601A00CD63BA /* Project object */;
			proxyType = 1;
			remoteGlobalIDString = 5F751B4F2CBD601A00CD63BA;
			remoteInfo = EssentialApp;
		};
/* End PBXContainerItemProxy section */

/* Begin PBXCopyFilesBuildPhase section */
		5F5EB1462CBD6AB4009F1C17 /* Embed Frameworks */ = {
			isa = PBXCopyFilesBuildPhase;
			buildActionMask = 2147483647;
			dstPath = "";
			dstSubfolderSpec = 10;
			files = (
				5F5EB1432CBD6AB4009F1C17 /* EssentialFeed.framework in Embed Frameworks */,
				5F5EB1452CBD6AB4009F1C17 /* EssentialFeediOS.framework in Embed Frameworks */,
			);
			name = "Embed Frameworks";
			runOnlyForDeploymentPostprocessing = 0;
		};
		5FB33A892CDE68550014D9AE /* Embed Frameworks */ = {
			isa = PBXCopyFilesBuildPhase;
			buildActionMask = 2147483647;
			dstPath = "";
			dstSubfolderSpec = 10;
			files = (
				5FB33A882CDE68550014D9AE /* EssentialFeed.framework in Embed Frameworks */,
			);
			name = "Embed Frameworks";
			runOnlyForDeploymentPostprocessing = 0;
		};
/* End PBXCopyFilesBuildPhase section */

/* Begin PBXFileReference section */
		5F0B27602D05EB04004A7103 /* SceneDelegateTests.swift */ = {isa = PBXFileReference; lastKnownFileType = sourcecode.swift; path = SceneDelegateTests.swift; sourceTree = "<group>"; };
		5F46F1732D2437E00031E38F /* UIView+TestHelpers.swift */ = {isa = PBXFileReference; lastKnownFileType = sourcecode.swift; path = "UIView+TestHelpers.swift"; sourceTree = "<group>"; };
		5F5EB1402CBD6AB4009F1C17 /* EssentialFeed.framework */ = {isa = PBXFileReference; explicitFileType = wrapper.framework; path = EssentialFeed.framework; sourceTree = BUILT_PRODUCTS_DIR; };
		5F5EB1412CBD6AB4009F1C17 /* EssentialFeediOS.framework */ = {isa = PBXFileReference; explicitFileType = wrapper.framework; path = EssentialFeediOS.framework; sourceTree = BUILT_PRODUCTS_DIR; };
		5F751B502CBD601A00CD63BA /* EssentialApp.app */ = {isa = PBXFileReference; explicitFileType = wrapper.application; includeInIndex = 0; path = EssentialApp.app; sourceTree = BUILT_PRODUCTS_DIR; };
		5F751B532CBD601A00CD63BA /* AppDelegate.swift */ = {isa = PBXFileReference; lastKnownFileType = sourcecode.swift; path = AppDelegate.swift; sourceTree = "<group>"; };
		5F751B552CBD601A00CD63BA /* SceneDelegate.swift */ = {isa = PBXFileReference; lastKnownFileType = sourcecode.swift; path = SceneDelegate.swift; sourceTree = "<group>"; };
		5F751B572CBD601A00CD63BA /* ViewController.swift */ = {isa = PBXFileReference; lastKnownFileType = sourcecode.swift; path = ViewController.swift; sourceTree = "<group>"; };
		5F751B5C2CBD601C00CD63BA /* Assets.xcassets */ = {isa = PBXFileReference; lastKnownFileType = folder.assetcatalog; path = Assets.xcassets; sourceTree = "<group>"; };
		5F751B5F2CBD601C00CD63BA /* Base */ = {isa = PBXFileReference; lastKnownFileType = file.storyboard; name = Base; path = Base.lproj/LaunchScreen.storyboard; sourceTree = "<group>"; };
		5F751B612CBD601C00CD63BA /* Info.plist */ = {isa = PBXFileReference; lastKnownFileType = text.plist.xml; path = Info.plist; sourceTree = "<group>"; };
		5F751B662CBD601C00CD63BA /* EssentialAppTests.xctest */ = {isa = PBXFileReference; explicitFileType = wrapper.cfbundle; includeInIndex = 0; path = EssentialAppTests.xctest; sourceTree = BUILT_PRODUCTS_DIR; };
		5F7638B62D0DC0F800FC6554 /* FeedViewAdapter.swift */ = {isa = PBXFileReference; lastKnownFileType = sourcecode.swift; path = FeedViewAdapter.swift; sourceTree = "<group>"; };
		5F7638B72D0DC0F900FC6554 /* FeedUIComposer.swift */ = {isa = PBXFileReference; lastKnownFileType = sourcecode.swift; path = FeedUIComposer.swift; sourceTree = "<group>"; };
		5F7638BA2D0DC0F900FC6554 /* WeakRefVirtualProxy.swift */ = {isa = PBXFileReference; lastKnownFileType = sourcecode.swift; path = WeakRefVirtualProxy.swift; sourceTree = "<group>"; };
		5F7638BB2D0DC0F900FC6554 /* LoadResourcePresentationAdapter.swift */ = {isa = PBXFileReference; lastKnownFileType = sourcecode.swift; path = LoadResourcePresentationAdapter.swift; sourceTree = "<group>"; };
		5F7638C22D0DC50500FC6554 /* FeedUIIntegrationTests.swift */ = {isa = PBXFileReference; lastKnownFileType = sourcecode.swift; path = FeedUIIntegrationTests.swift; sourceTree = "<group>"; };
		5F7638C42D0DC56B00FC6554 /* FeedUIIntegrationTests+Localization.swift */ = {isa = PBXFileReference; lastKnownFileType = sourcecode.swift; path = "FeedUIIntegrationTests+Localization.swift"; sourceTree = "<group>"; };
		5F7638C62D0DC62C00FC6554 /* UIImage+TestHelpers.swift */ = {isa = PBXFileReference; lastKnownFileType = sourcecode.swift; path = "UIImage+TestHelpers.swift"; sourceTree = "<group>"; };
		5F7638C82D0DC65800FC6554 /* UIRefreshControl+TestHelpers.swift */ = {isa = PBXFileReference; lastKnownFileType = sourcecode.swift; path = "UIRefreshControl+TestHelpers.swift"; sourceTree = "<group>"; };
		5F7638CA2D0DC6B600FC6554 /* UIButton+TestHelpers.swift */ = {isa = PBXFileReference; lastKnownFileType = sourcecode.swift; path = "UIButton+TestHelpers.swift"; sourceTree = "<group>"; };
		5F7638CC2D0DC6C400FC6554 /* UIControl+TestHelpers.swift */ = {isa = PBXFileReference; lastKnownFileType = sourcecode.swift; path = "UIControl+TestHelpers.swift"; sourceTree = "<group>"; };
		5F7638CE2D0DC72900FC6554 /* FeedImageCell+TestHelpers.swift */ = {isa = PBXFileReference; lastKnownFileType = sourcecode.swift; path = "FeedImageCell+TestHelpers.swift"; sourceTree = "<group>"; };
		5F7638D02D0DC74C00FC6554 /* FeedUIIntegrationTests+LoaderSpy.swift */ = {isa = PBXFileReference; lastKnownFileType = sourcecode.swift; path = "FeedUIIntegrationTests+LoaderSpy.swift"; sourceTree = "<group>"; };
		5F7638D22D0DC75F00FC6554 /* FeedUIIntegrationTests+Assertions.swift */ = {isa = PBXFileReference; lastKnownFileType = sourcecode.swift; path = "FeedUIIntegrationTests+Assertions.swift"; sourceTree = "<group>"; };
		5F7638D62D0DCB9A00FC6554 /* ListViewController+TestHelpers.swift */ = {isa = PBXFileReference; lastKnownFileType = sourcecode.swift; path = "ListViewController+TestHelpers.swift"; sourceTree = "<group>"; };
		5F7638D82D0DCFCD00FC6554 /* FeedAcceptanceTests.swift */ = {isa = PBXFileReference; lastKnownFileType = sourcecode.swift; path = FeedAcceptanceTests.swift; sourceTree = "<group>"; };
		5F7638DA2D0F1A5800FC6554 /* HTTPClientStub.swift */ = {isa = PBXFileReference; lastKnownFileType = sourcecode.swift; path = HTTPClientStub.swift; sourceTree = "<group>"; };
		5F7638DC2D0F1B3700FC6554 /* InMemoryFeedStore.swift */ = {isa = PBXFileReference; lastKnownFileType = sourcecode.swift; path = InMemoryFeedStore.swift; sourceTree = "<group>"; };
		5FB33A862CDE68550014D9AE /* EssentialFeed.framework */ = {isa = PBXFileReference; explicitFileType = wrapper.framework; path = EssentialFeed.framework; sourceTree = BUILT_PRODUCTS_DIR; };
		5FB33A8A2CDE69CF0014D9AE /* XCTestCase+MemoryLeakTracking.swift */ = {isa = PBXFileReference; lastKnownFileType = sourcecode.swift; path = "XCTestCase+MemoryLeakTracking.swift"; sourceTree = "<group>"; };
		5FB33A8D2CDE77B30014D9AE /* SharedTestHelpers.swift */ = {isa = PBXFileReference; lastKnownFileType = sourcecode.swift; path = SharedTestHelpers.swift; sourceTree = "<group>"; };
		5FB33AA12CE38B570014D9AE /* FeedImageDataLoaderSpy.swift */ = {isa = PBXFileReference; lastKnownFileType = sourcecode.swift; path = FeedImageDataLoaderSpy.swift; sourceTree = "<group>"; };
		5FB33AA32CE38E060014D9AE /* XCTestCase+FeedImageDataLoader.swift */ = {isa = PBXFileReference; lastKnownFileType = sourcecode.swift; path = "XCTestCase+FeedImageDataLoader.swift"; sourceTree = "<group>"; };
		5FEF99BD2D2AD9640072BC3C /* CombineHelpers.swift */ = {isa = PBXFileReference; lastKnownFileType = sourcecode.swift; path = CombineHelpers.swift; sourceTree = "<group>"; };
/* End PBXFileReference section */

/* Begin PBXFrameworksBuildPhase section */
		5F751B4D2CBD601A00CD63BA /* Frameworks */ = {
			isa = PBXFrameworksBuildPhase;
			buildActionMask = 2147483647;
			files = (
				5F5EB1422CBD6AB4009F1C17 /* EssentialFeed.framework in Frameworks */,
				5F5EB1442CBD6AB4009F1C17 /* EssentialFeediOS.framework in Frameworks */,
			);
			runOnlyForDeploymentPostprocessing = 0;
		};
		5F751B632CBD601C00CD63BA /* Frameworks */ = {
			isa = PBXFrameworksBuildPhase;
			buildActionMask = 2147483647;
			files = (
				5FB33A872CDE68550014D9AE /* EssentialFeed.framework in Frameworks */,
			);
			runOnlyForDeploymentPostprocessing = 0;
		};
/* End PBXFrameworksBuildPhase section */

/* Begin PBXGroup section */
		5F5EB13F2CBD6AB4009F1C17 /* Frameworks */ = {
			isa = PBXGroup;
			children = (
				5FB33A862CDE68550014D9AE /* EssentialFeed.framework */,
				5F5EB1402CBD6AB4009F1C17 /* EssentialFeed.framework */,
				5F5EB1412CBD6AB4009F1C17 /* EssentialFeediOS.framework */,
			);
			name = Frameworks;
			sourceTree = "<group>";
		};
		5F751B472CBD601A00CD63BA = {
			isa = PBXGroup;
			children = (
				5F751B522CBD601A00CD63BA /* EssentialApp */,
				5F751B692CBD601C00CD63BA /* EssentialAppTests */,
				5F751B512CBD601A00CD63BA /* Products */,
				5F5EB13F2CBD6AB4009F1C17 /* Frameworks */,
			);
			sourceTree = "<group>";
		};
		5F751B512CBD601A00CD63BA /* Products */ = {
			isa = PBXGroup;
			children = (
				5F751B502CBD601A00CD63BA /* EssentialApp.app */,
				5F751B662CBD601C00CD63BA /* EssentialAppTests.xctest */,
			);
			name = Products;
			sourceTree = "<group>";
		};
		5F751B522CBD601A00CD63BA /* EssentialApp */ = {
			isa = PBXGroup;
			children = (
				5F751B532CBD601A00CD63BA /* AppDelegate.swift */,
				5F751B552CBD601A00CD63BA /* SceneDelegate.swift */,
				5FEF99BD2D2AD9640072BC3C /* CombineHelpers.swift */,
				5F7638B72D0DC0F900FC6554 /* FeedUIComposer.swift */,
				5F7638BA2D0DC0F900FC6554 /* WeakRefVirtualProxy.swift */,
				5F7638BB2D0DC0F900FC6554 /* LoadResourcePresentationAdapter.swift */,
				5F7638B62D0DC0F800FC6554 /* FeedViewAdapter.swift */,
				5F751B572CBD601A00CD63BA /* ViewController.swift */,
				5F751B5C2CBD601C00CD63BA /* Assets.xcassets */,
				5F751B5E2CBD601C00CD63BA /* LaunchScreen.storyboard */,
				5F751B612CBD601C00CD63BA /* Info.plist */,
			);
			path = EssentialApp;
			sourceTree = "<group>";
		};
		5F751B692CBD601C00CD63BA /* EssentialAppTests */ = {
			isa = PBXGroup;
			children = (
				5FB33A8C2CDE6AB50014D9AE /* Helpers */,
				5F0B27602D05EB04004A7103 /* SceneDelegateTests.swift */,
				5F7638C22D0DC50500FC6554 /* FeedUIIntegrationTests.swift */,
				5F7638D82D0DCFCD00FC6554 /* FeedAcceptanceTests.swift */,
			);
			path = EssentialAppTests;
			sourceTree = "<group>";
		};
		5FB33A8C2CDE6AB50014D9AE /* Helpers */ = {
			isa = PBXGroup;
			children = (
				5F7638C62D0DC62C00FC6554 /* UIImage+TestHelpers.swift */,
				5F7638C82D0DC65800FC6554 /* UIRefreshControl+TestHelpers.swift */,
				5F7638CA2D0DC6B600FC6554 /* UIButton+TestHelpers.swift */,
				5F7638CC2D0DC6C400FC6554 /* UIControl+TestHelpers.swift */,
				5F7638CE2D0DC72900FC6554 /* FeedImageCell+TestHelpers.swift */,
				5F7638C42D0DC56B00FC6554 /* FeedUIIntegrationTests+Localization.swift */,
				5F7638D02D0DC74C00FC6554 /* FeedUIIntegrationTests+LoaderSpy.swift */,
				5F7638D22D0DC75F00FC6554 /* FeedUIIntegrationTests+Assertions.swift */,
				5F7638D62D0DCB9A00FC6554 /* ListViewController+TestHelpers.swift */,
				5FB33A8A2CDE69CF0014D9AE /* XCTestCase+MemoryLeakTracking.swift */,
				5FB33AA32CE38E060014D9AE /* XCTestCase+FeedImageDataLoader.swift */,
				5FB33A8D2CDE77B30014D9AE /* SharedTestHelpers.swift */,
				5FB33AA12CE38B570014D9AE /* FeedImageDataLoaderSpy.swift */,
				5F7638DA2D0F1A5800FC6554 /* HTTPClientStub.swift */,
				5F7638DC2D0F1B3700FC6554 /* InMemoryFeedStore.swift */,
				5F46F1732D2437E00031E38F /* UIView+TestHelpers.swift */,
			);
			path = Helpers;
			sourceTree = "<group>";
		};
/* End PBXGroup section */

/* Begin PBXNativeTarget section */
		5F751B4F2CBD601A00CD63BA /* EssentialApp */ = {
			isa = PBXNativeTarget;
			buildConfigurationList = 5F751B7A2CBD601C00CD63BA /* Build configuration list for PBXNativeTarget "EssentialApp" */;
			buildPhases = (
				5F751B4C2CBD601A00CD63BA /* Sources */,
				5F751B4D2CBD601A00CD63BA /* Frameworks */,
				5F751B4E2CBD601A00CD63BA /* Resources */,
				5F5EB1462CBD6AB4009F1C17 /* Embed Frameworks */,
			);
			buildRules = (
			);
			dependencies = (
			);
			name = EssentialApp;
			productName = EssentialApp;
			productReference = 5F751B502CBD601A00CD63BA /* EssentialApp.app */;
			productType = "com.apple.product-type.application";
		};
		5F751B652CBD601C00CD63BA /* EssentialAppTests */ = {
			isa = PBXNativeTarget;
			buildConfigurationList = 5F751B7D2CBD601C00CD63BA /* Build configuration list for PBXNativeTarget "EssentialAppTests" */;
			buildPhases = (
				5F751B622CBD601C00CD63BA /* Sources */,
				5F751B632CBD601C00CD63BA /* Frameworks */,
				5F751B642CBD601C00CD63BA /* Resources */,
				5FB33A892CDE68550014D9AE /* Embed Frameworks */,
			);
			buildRules = (
			);
			dependencies = (
				5F751B682CBD601C00CD63BA /* PBXTargetDependency */,
			);
			name = EssentialAppTests;
			productName = EssentialAppTests;
			productReference = 5F751B662CBD601C00CD63BA /* EssentialAppTests.xctest */;
			productType = "com.apple.product-type.bundle.unit-test";
		};
/* End PBXNativeTarget section */

/* Begin PBXProject section */
		5F751B482CBD601A00CD63BA /* Project object */ = {
			isa = PBXProject;
			attributes = {
				BuildIndependentTargetsInParallel = 1;
				LastSwiftUpdateCheck = 1540;
				LastUpgradeCheck = 1610;
				TargetAttributes = {
					5F751B4F2CBD601A00CD63BA = {
						CreatedOnToolsVersion = 15.4;
					};
					5F751B652CBD601C00CD63BA = {
						CreatedOnToolsVersion = 15.4;
						TestTargetID = 5F751B4F2CBD601A00CD63BA;
					};
				};
			};
			buildConfigurationList = 5F751B4B2CBD601A00CD63BA /* Build configuration list for PBXProject "EssentialApp" */;
			compatibilityVersion = "Xcode 14.0";
			developmentRegion = en;
			hasScannedForEncodings = 0;
			knownRegions = (
				en,
				Base,
			);
			mainGroup = 5F751B472CBD601A00CD63BA;
			productRefGroup = 5F751B512CBD601A00CD63BA /* Products */;
			projectDirPath = "";
			projectRoot = "";
			targets = (
				5F751B4F2CBD601A00CD63BA /* EssentialApp */,
				5F751B652CBD601C00CD63BA /* EssentialAppTests */,
			);
		};
/* End PBXProject section */

/* Begin PBXResourcesBuildPhase section */
		5F751B4E2CBD601A00CD63BA /* Resources */ = {
			isa = PBXResourcesBuildPhase;
			buildActionMask = 2147483647;
			files = (
				5F751B5D2CBD601C00CD63BA /* Assets.xcassets in Resources */,
				5F751B602CBD601C00CD63BA /* Base in Resources */,
			);
			runOnlyForDeploymentPostprocessing = 0;
		};
		5F751B642CBD601C00CD63BA /* Resources */ = {
			isa = PBXResourcesBuildPhase;
			buildActionMask = 2147483647;
			files = (
			);
			runOnlyForDeploymentPostprocessing = 0;
		};
/* End PBXResourcesBuildPhase section */

/* Begin PBXSourcesBuildPhase section */
		5F751B4C2CBD601A00CD63BA /* Sources */ = {
			isa = PBXSourcesBuildPhase;
			buildActionMask = 2147483647;
			files = (
				5F751B582CBD601A00CD63BA /* ViewController.swift in Sources */,
				5FEF99BE2D2AD9640072BC3C /* CombineHelpers.swift in Sources */,
				5F751B542CBD601A00CD63BA /* AppDelegate.swift in Sources */,
				5F7638BF2D0DC0F900FC6554 /* FeedViewAdapter.swift in Sources */,
				5F7638BD2D0DC0F900FC6554 /* LoadResourcePresentationAdapter.swift in Sources */,
				5F751B562CBD601A00CD63BA /* SceneDelegate.swift in Sources */,
				5F7638BE2D0DC0F900FC6554 /* FeedUIComposer.swift in Sources */,
				5F7638C12D0DC0F900FC6554 /* WeakRefVirtualProxy.swift in Sources */,
			);
			runOnlyForDeploymentPostprocessing = 0;
		};
		5F751B622CBD601C00CD63BA /* Sources */ = {
			isa = PBXSourcesBuildPhase;
			buildActionMask = 2147483647;
			files = (
				5F7638C52D0DC56B00FC6554 /* FeedUIIntegrationTests+Localization.swift in Sources */,
				5F7638D72D0DCB9A00FC6554 /* ListViewController+TestHelpers.swift in Sources */,
				5F7638D92D0DCFCD00FC6554 /* FeedAcceptanceTests.swift in Sources */,
				5F7638D12D0DC74C00FC6554 /* FeedUIIntegrationTests+LoaderSpy.swift in Sources */,
				5F7638C72D0DC62C00FC6554 /* UIImage+TestHelpers.swift in Sources */,
				5F7638CD2D0DC6C400FC6554 /* UIControl+TestHelpers.swift in Sources */,
				5FB33AA42CE38E060014D9AE /* XCTestCase+FeedImageDataLoader.swift in Sources */,
				5F7638C32D0DC50500FC6554 /* FeedUIIntegrationTests.swift in Sources */,
				5F7638DD2D0F1B3700FC6554 /* InMemoryFeedStore.swift in Sources */,
				5F7638D32D0DC75F00FC6554 /* FeedUIIntegrationTests+Assertions.swift in Sources */,
				5F0B27612D05EB04004A7103 /* SceneDelegateTests.swift in Sources */,
				5FB33AA22CE38B570014D9AE /* FeedImageDataLoaderSpy.swift in Sources */,
				5F7638DB2D0F1A5800FC6554 /* HTTPClientStub.swift in Sources */,
				5F46F1742D2437E00031E38F /* UIView+TestHelpers.swift in Sources */,
				5FB33A8B2CDE69CF0014D9AE /* XCTestCase+MemoryLeakTracking.swift in Sources */,
				5F7638CF2D0DC72900FC6554 /* FeedImageCell+TestHelpers.swift in Sources */,
				5F7638C92D0DC65800FC6554 /* UIRefreshControl+TestHelpers.swift in Sources */,
				5F7638CB2D0DC6B600FC6554 /* UIButton+TestHelpers.swift in Sources */,
				5FB33A8E2CDE77B30014D9AE /* SharedTestHelpers.swift in Sources */,
			);
			runOnlyForDeploymentPostprocessing = 0;
		};
/* End PBXSourcesBuildPhase section */

/* Begin PBXTargetDependency section */
		5F751B682CBD601C00CD63BA /* PBXTargetDependency */ = {
			isa = PBXTargetDependency;
			target = 5F751B4F2CBD601A00CD63BA /* EssentialApp */;
			targetProxy = 5F751B672CBD601C00CD63BA /* PBXContainerItemProxy */;
		};
/* End PBXTargetDependency section */

/* Begin PBXVariantGroup section */
		5F751B5E2CBD601C00CD63BA /* LaunchScreen.storyboard */ = {
			isa = PBXVariantGroup;
			children = (
				5F751B5F2CBD601C00CD63BA /* Base */,
			);
			name = LaunchScreen.storyboard;
			sourceTree = "<group>";
		};
/* End PBXVariantGroup section */

/* Begin XCBuildConfiguration section */
		5F751B782CBD601C00CD63BA /* Debug */ = {
			isa = XCBuildConfiguration;
			buildSettings = {
				ALWAYS_SEARCH_USER_PATHS = NO;
				ASSETCATALOG_COMPILER_GENERATE_SWIFT_ASSET_SYMBOL_EXTENSIONS = YES;
				CLANG_ANALYZER_NONNULL = YES;
				CLANG_ANALYZER_NUMBER_OBJECT_CONVERSION = YES_AGGRESSIVE;
				CLANG_CXX_LANGUAGE_STANDARD = "gnu++20";
				CLANG_ENABLE_MODULES = YES;
				CLANG_ENABLE_OBJC_ARC = YES;
				CLANG_ENABLE_OBJC_WEAK = YES;
				CLANG_WARN_BLOCK_CAPTURE_AUTORELEASING = YES;
				CLANG_WARN_BOOL_CONVERSION = YES;
				CLANG_WARN_COMMA = YES;
				CLANG_WARN_CONSTANT_CONVERSION = YES;
				CLANG_WARN_DEPRECATED_OBJC_IMPLEMENTATIONS = YES;
				CLANG_WARN_DIRECT_OBJC_ISA_USAGE = YES_ERROR;
				CLANG_WARN_DOCUMENTATION_COMMENTS = YES;
				CLANG_WARN_EMPTY_BODY = YES;
				CLANG_WARN_ENUM_CONVERSION = YES;
				CLANG_WARN_INFINITE_RECURSION = YES;
				CLANG_WARN_INT_CONVERSION = YES;
				CLANG_WARN_NON_LITERAL_NULL_CONVERSION = YES;
				CLANG_WARN_OBJC_IMPLICIT_RETAIN_SELF = YES;
				CLANG_WARN_OBJC_LITERAL_CONVERSION = YES;
				CLANG_WARN_OBJC_ROOT_CLASS = YES_ERROR;
				CLANG_WARN_QUOTED_INCLUDE_IN_FRAMEWORK_HEADER = YES;
				CLANG_WARN_RANGE_LOOP_ANALYSIS = YES;
				CLANG_WARN_STRICT_PROTOTYPES = YES;
				CLANG_WARN_SUSPICIOUS_MOVE = YES;
				CLANG_WARN_UNGUARDED_AVAILABILITY = YES_AGGRESSIVE;
				CLANG_WARN_UNREACHABLE_CODE = YES;
				CLANG_WARN__DUPLICATE_METHOD_MATCH = YES;
				COPY_PHASE_STRIP = NO;
				DEBUG_INFORMATION_FORMAT = dwarf;
				ENABLE_STRICT_OBJC_MSGSEND = YES;
				ENABLE_TESTABILITY = YES;
				ENABLE_USER_SCRIPT_SANDBOXING = YES;
				GCC_C_LANGUAGE_STANDARD = gnu17;
				GCC_DYNAMIC_NO_PIC = NO;
				GCC_NO_COMMON_BLOCKS = YES;
				GCC_OPTIMIZATION_LEVEL = 0;
				GCC_PREPROCESSOR_DEFINITIONS = (
					"DEBUG=1",
					"$(inherited)",
				);
				GCC_WARN_64_TO_32_BIT_CONVERSION = YES;
				GCC_WARN_ABOUT_RETURN_TYPE = YES_ERROR;
				GCC_WARN_UNDECLARED_SELECTOR = YES;
				GCC_WARN_UNINITIALIZED_AUTOS = YES_AGGRESSIVE;
				GCC_WARN_UNUSED_FUNCTION = YES;
				GCC_WARN_UNUSED_VARIABLE = YES;
				IPHONEOS_DEPLOYMENT_TARGET = 17.5;
				LOCALIZATION_PREFERS_STRING_CATALOGS = YES;
				MTL_ENABLE_DEBUG_INFO = INCLUDE_SOURCE;
				MTL_FAST_MATH = YES;
				ONLY_ACTIVE_ARCH = YES;
				SDKROOT = iphoneos;
				SWIFT_ACTIVE_COMPILATION_CONDITIONS = "DEBUG $(inherited)";
				SWIFT_OPTIMIZATION_LEVEL = "-Onone";
			};
			name = Debug;
		};
		5F751B792CBD601C00CD63BA /* Release */ = {
			isa = XCBuildConfiguration;
			buildSettings = {
				ALWAYS_SEARCH_USER_PATHS = NO;
				ASSETCATALOG_COMPILER_GENERATE_SWIFT_ASSET_SYMBOL_EXTENSIONS = YES;
				CLANG_ANALYZER_NONNULL = YES;
				CLANG_ANALYZER_NUMBER_OBJECT_CONVERSION = YES_AGGRESSIVE;
				CLANG_CXX_LANGUAGE_STANDARD = "gnu++20";
				CLANG_ENABLE_MODULES = YES;
				CLANG_ENABLE_OBJC_ARC = YES;
				CLANG_ENABLE_OBJC_WEAK = YES;
				CLANG_WARN_BLOCK_CAPTURE_AUTORELEASING = YES;
				CLANG_WARN_BOOL_CONVERSION = YES;
				CLANG_WARN_COMMA = YES;
				CLANG_WARN_CONSTANT_CONVERSION = YES;
				CLANG_WARN_DEPRECATED_OBJC_IMPLEMENTATIONS = YES;
				CLANG_WARN_DIRECT_OBJC_ISA_USAGE = YES_ERROR;
				CLANG_WARN_DOCUMENTATION_COMMENTS = YES;
				CLANG_WARN_EMPTY_BODY = YES;
				CLANG_WARN_ENUM_CONVERSION = YES;
				CLANG_WARN_INFINITE_RECURSION = YES;
				CLANG_WARN_INT_CONVERSION = YES;
				CLANG_WARN_NON_LITERAL_NULL_CONVERSION = YES;
				CLANG_WARN_OBJC_IMPLICIT_RETAIN_SELF = YES;
				CLANG_WARN_OBJC_LITERAL_CONVERSION = YES;
				CLANG_WARN_OBJC_ROOT_CLASS = YES_ERROR;
				CLANG_WARN_QUOTED_INCLUDE_IN_FRAMEWORK_HEADER = YES;
				CLANG_WARN_RANGE_LOOP_ANALYSIS = YES;
				CLANG_WARN_STRICT_PROTOTYPES = YES;
				CLANG_WARN_SUSPICIOUS_MOVE = YES;
				CLANG_WARN_UNGUARDED_AVAILABILITY = YES_AGGRESSIVE;
				CLANG_WARN_UNREACHABLE_CODE = YES;
				CLANG_WARN__DUPLICATE_METHOD_MATCH = YES;
				COPY_PHASE_STRIP = NO;
				DEBUG_INFORMATION_FORMAT = "dwarf-with-dsym";
				ENABLE_NS_ASSERTIONS = NO;
				ENABLE_STRICT_OBJC_MSGSEND = YES;
				ENABLE_USER_SCRIPT_SANDBOXING = YES;
				GCC_C_LANGUAGE_STANDARD = gnu17;
				GCC_NO_COMMON_BLOCKS = YES;
				GCC_WARN_64_TO_32_BIT_CONVERSION = YES;
				GCC_WARN_ABOUT_RETURN_TYPE = YES_ERROR;
				GCC_WARN_UNDECLARED_SELECTOR = YES;
				GCC_WARN_UNINITIALIZED_AUTOS = YES_AGGRESSIVE;
				GCC_WARN_UNUSED_FUNCTION = YES;
				GCC_WARN_UNUSED_VARIABLE = YES;
				IPHONEOS_DEPLOYMENT_TARGET = 17.5;
				LOCALIZATION_PREFERS_STRING_CATALOGS = YES;
				MTL_ENABLE_DEBUG_INFO = NO;
				MTL_FAST_MATH = YES;
				SDKROOT = iphoneos;
				SWIFT_COMPILATION_MODE = wholemodule;
				VALIDATE_PRODUCT = YES;
			};
			name = Release;
		};
		5F751B7B2CBD601C00CD63BA /* Debug */ = {
			isa = XCBuildConfiguration;
			buildSettings = {
				ASSETCATALOG_COMPILER_APPICON_NAME = AppIcon;
				ASSETCATALOG_COMPILER_GLOBAL_ACCENT_COLOR_NAME = AccentColor;
				CODE_SIGN_STYLE = Automatic;
				CURRENT_PROJECT_VERSION = 1;
				DEVELOPMENT_TEAM = DP8UX4Z6VQ;
				GENERATE_INFOPLIST_FILE = YES;
				INFOPLIST_FILE = EssentialApp/Info.plist;
				INFOPLIST_KEY_UIApplicationSupportsIndirectInputEvents = YES;
				INFOPLIST_KEY_UILaunchStoryboardName = LaunchScreen;
				INFOPLIST_KEY_UIRequiresFullScreen = NO;
				INFOPLIST_KEY_UISupportedInterfaceOrientations = UIInterfaceOrientationPortrait;
				INFOPLIST_KEY_UISupportedInterfaceOrientations_iPad = "UIInterfaceOrientationLandscapeLeft UIInterfaceOrientationLandscapeRight UIInterfaceOrientationPortrait UIInterfaceOrientationPortraitUpsideDown";
				LD_RUNPATH_SEARCH_PATHS = (
					"$(inherited)",
					"@executable_path/Frameworks",
				);
				MARKETING_VERSION = 1.0;
				PRODUCT_BUNDLE_IDENTIFIER = G.EssentialApp;
				PRODUCT_NAME = "$(TARGET_NAME)";
				SWIFT_EMIT_LOC_STRINGS = YES;
				SWIFT_VERSION = 5.0;
				TARGETED_DEVICE_FAMILY = "1,2";
			};
			name = Debug;
		};
		5F751B7C2CBD601C00CD63BA /* Release */ = {
			isa = XCBuildConfiguration;
			buildSettings = {
				ASSETCATALOG_COMPILER_APPICON_NAME = AppIcon;
				ASSETCATALOG_COMPILER_GLOBAL_ACCENT_COLOR_NAME = AccentColor;
				CODE_SIGN_STYLE = Automatic;
				CURRENT_PROJECT_VERSION = 1;
				DEVELOPMENT_TEAM = DP8UX4Z6VQ;
				GENERATE_INFOPLIST_FILE = YES;
				INFOPLIST_FILE = EssentialApp/Info.plist;
				INFOPLIST_KEY_UIApplicationSupportsIndirectInputEvents = YES;
				INFOPLIST_KEY_UILaunchStoryboardName = LaunchScreen;
				INFOPLIST_KEY_UIRequiresFullScreen = NO;
				INFOPLIST_KEY_UISupportedInterfaceOrientations = UIInterfaceOrientationPortrait;
				INFOPLIST_KEY_UISupportedInterfaceOrientations_iPad = "UIInterfaceOrientationLandscapeLeft UIInterfaceOrientationLandscapeRight UIInterfaceOrientationPortrait UIInterfaceOrientationPortraitUpsideDown";
				LD_RUNPATH_SEARCH_PATHS = (
					"$(inherited)",
					"@executable_path/Frameworks",
				);
				MARKETING_VERSION = 1.0;
				PRODUCT_BUNDLE_IDENTIFIER = G.EssentialApp;
				PRODUCT_NAME = "$(TARGET_NAME)";
				SWIFT_EMIT_LOC_STRINGS = YES;
				SWIFT_VERSION = 5.0;
				TARGETED_DEVICE_FAMILY = "1,2";
			};
			name = Release;
		};
		5F751B7E2CBD601C00CD63BA /* Debug */ = {
			isa = XCBuildConfiguration;
			buildSettings = {
				BUNDLE_LOADER = "$(TEST_HOST)";
				CODE_SIGN_STYLE = Automatic;
				CURRENT_PROJECT_VERSION = 1;
				DEVELOPMENT_TEAM = DP8UX4Z6VQ;
				GENERATE_INFOPLIST_FILE = YES;
				IPHONEOS_DEPLOYMENT_TARGET = 17.5;
				MARKETING_VERSION = 1.0;
				PRODUCT_BUNDLE_IDENTIFIER = G.EssentialAppTests;
				PRODUCT_NAME = "$(TARGET_NAME)";
				SWIFT_EMIT_LOC_STRINGS = NO;
				SWIFT_VERSION = 5.0;
				TARGETED_DEVICE_FAMILY = "1,2";
				TEST_HOST = "$(BUILT_PRODUCTS_DIR)/EssentialApp.app/$(BUNDLE_EXECUTABLE_FOLDER_PATH)/EssentialApp";
			};
			name = Debug;
		};
		5F751B7F2CBD601C00CD63BA /* Release */ = {
			isa = XCBuildConfiguration;
			buildSettings = {
				BUNDLE_LOADER = "$(TEST_HOST)";
				CODE_SIGN_STYLE = Automatic;
				CURRENT_PROJECT_VERSION = 1;
				DEVELOPMENT_TEAM = DP8UX4Z6VQ;
				GENERATE_INFOPLIST_FILE = YES;
				IPHONEOS_DEPLOYMENT_TARGET = 17.5;
				MARKETING_VERSION = 1.0;
				PRODUCT_BUNDLE_IDENTIFIER = G.EssentialAppTests;
				PRODUCT_NAME = "$(TARGET_NAME)";
				SWIFT_EMIT_LOC_STRINGS = NO;
				SWIFT_VERSION = 5.0;
				TARGETED_DEVICE_FAMILY = "1,2";
				TEST_HOST = "$(BUILT_PRODUCTS_DIR)/EssentialApp.app/$(BUNDLE_EXECUTABLE_FOLDER_PATH)/EssentialApp";
			};
			name = Release;
		};
/* End XCBuildConfiguration section */

/* Begin XCConfigurationList section */
		5F751B4B2CBD601A00CD63BA /* Build configuration list for PBXProject "EssentialApp" */ = {
			isa = XCConfigurationList;
			buildConfigurations = (
				5F751B782CBD601C00CD63BA /* Debug */,
				5F751B792CBD601C00CD63BA /* Release */,
			);
			defaultConfigurationIsVisible = 0;
			defaultConfigurationName = Release;
		};
		5F751B7A2CBD601C00CD63BA /* Build configuration list for PBXNativeTarget "EssentialApp" */ = {
			isa = XCConfigurationList;
			buildConfigurations = (
				5F751B7B2CBD601C00CD63BA /* Debug */,
				5F751B7C2CBD601C00CD63BA /* Release */,
			);
			defaultConfigurationIsVisible = 0;
			defaultConfigurationName = Release;
		};
		5F751B7D2CBD601C00CD63BA /* Build configuration list for PBXNativeTarget "EssentialAppTests" */ = {
			isa = XCConfigurationList;
			buildConfigurations = (
				5F751B7E2CBD601C00CD63BA /* Debug */,
				5F751B7F2CBD601C00CD63BA /* Release */,
			);
			defaultConfigurationIsVisible = 0;
			defaultConfigurationName = Release;
		};
/* End XCConfigurationList section */
	};
	rootObject = 5F751B482CBD601A00CD63BA /* Project object */;
}
