// !$*UTF8*$!
{
	archiveVersion = 1;
	classes = {
	};
	objectVersion = 56;
	objects = {

/* Begin PBXBuildFile section */
		5F5EB1422CBD6AB4009F1C17 /* EssentialFeed.framework in Frameworks */ = {isa = PBXBuildFile; fileRef = 5F5EB1402CBD6AB4009F1C17 /* EssentialFeed.framework */; };
		5F5EB1432CBD6AB4009F1C17 /* EssentialFeed.framework in Embed Frameworks */ = {isa = PBXBuildFile; fileRef = 5F5EB1402CBD6AB4009F1C17 /* EssentialFeed.framework */; settings = {ATTRIBUTES = (CodeSignOnCopy, RemoveHeadersOnCopy, ); }; };
		5F5EB1442CBD6AB4009F1C17 /* EssentialFeediOS.framework in Frameworks */ = {isa = PBXBuildFile; fileRef = 5F5EB1412CBD6AB4009F1C17 /* EssentialFeediOS.framework */; };
		5F5EB1452CBD6AB4009F1C17 /* EssentialFeediOS.framework in Embed Frameworks */ = {isa = PBXBuildFile; fileRef = 5F5EB1412CBD6AB4009F1C17 /* EssentialFeediOS.framework */; settings = {ATTRIBUTES = (CodeSignOnCopy, RemoveHeadersOnCopy, ); }; };
		5F751B542CBD601A00CD63BA /* AppDelegate.swift in Sources */ = {isa = PBXBuildFile; fileRef = 5F751B532CBD601A00CD63BA /* AppDelegate.swift */; };
		5F751B562CBD601A00CD63BA /* SceneDelegate.swift in Sources */ = {isa = PBXBuildFile; fileRef = 5F751B552CBD601A00CD63BA /* SceneDelegate.swift */; };
		5F751B582CBD601A00CD63BA /* ViewController.swift in Sources */ = {isa = PBXBuildFile; fileRef = 5F751B572CBD601A00CD63BA /* ViewController.swift */; };
		5F751B5B2CBD601A00CD63BA /* Base in Resources */ = {isa = PBXBuildFile; fileRef = 5F751B5A2CBD601A00CD63BA /* Base */; };
		5F751B5D2CBD601C00CD63BA /* Assets.xcassets in Resources */ = {isa = PBXBuildFile; fileRef = 5F751B5C2CBD601C00CD63BA /* Assets.xcassets */; };
		5F751B602CBD601C00CD63BA /* Base in Resources */ = {isa = PBXBuildFile; fileRef = 5F751B5F2CBD601C00CD63BA /* Base */; };
		5F751B6B2CBD601C00CD63BA /* EssentialAppTests.swift in Sources */ = {isa = PBXBuildFile; fileRef = 5F751B6A2CBD601C00CD63BA /* EssentialAppTests.swift */; };
		5F751B752CBD601C00CD63BA /* EssentialAppUITests.swift in Sources */ = {isa = PBXBuildFile; fileRef = 5F751B742CBD601C00CD63BA /* EssentialAppUITests.swift */; };
		5F751B772CBD601C00CD63BA /* EssentialAppUITestsLaunchTests.swift in Sources */ = {isa = PBXBuildFile; fileRef = 5F751B762CBD601C00CD63BA /* EssentialAppUITestsLaunchTests.swift */; };
/* End PBXBuildFile section */

/* Begin PBXContainerItemProxy section */
		5F751B672CBD601C00CD63BA /* PBXContainerItemProxy */ = {
			isa = PBXContainerItemProxy;
			containerPortal = 5F751B482CBD601A00CD63BA /* Project object */;
			proxyType = 1;
			remoteGlobalIDString = 5F751B4F2CBD601A00CD63BA;
			remoteInfo = EssentialApp;
		};
		5F751B712CBD601C00CD63BA /* PBXContainerItemProxy */ = {
			isa = PBXContainerItemProxy;
			containerPortal = 5F751B482CBD601A00CD63BA /* Project object */;
			proxyType = 1;
			remoteGlobalIDString = 5F751B4F2CBD601A00CD63BA;
			remoteInfo = EssentialApp;
		};
/* End PBXContainerItemProxy section */

/* Begin PBXCopyFilesBuildPhase section */
		5F5EB1462CBD6AB4009F1C17 /* Embed Frameworks */ = {
			isa = PBXCopyFilesBuildPhase;
			buildActionMask = 2147483647;
			dstPath = "";
			dstSubfolderSpec = 10;
			files = (
				5F5EB1432CBD6AB4009F1C17 /* EssentialFeed.framework in Embed Frameworks */,
				5F5EB1452CBD6AB4009F1C17 /* EssentialFeediOS.framework in Embed Frameworks */,
			);
			name = "Embed Frameworks";
			runOnlyForDeploymentPostprocessing = 0;
		};
/* End PBXCopyFilesBuildPhase section */

/* Begin PBXFileReference section */
		5F5EB1402CBD6AB4009F1C17 /* EssentialFeed.framework */ = {isa = PBXFileReference; explicitFileType = wrapper.framework; path = EssentialFeed.framework; sourceTree = BUILT_PRODUCTS_DIR; };
		5F5EB1412CBD6AB4009F1C17 /* EssentialFeediOS.framework */ = {isa = PBXFileReference; explicitFileType = wrapper.framework; path = EssentialFeediOS.framework; sourceTree = BUILT_PRODUCTS_DIR; };
		5F751B502CBD601A00CD63BA /* EssentialApp.app */ = {isa = PBXFileReference; explicitFileType = wrapper.application; includeInIndex = 0; path = EssentialApp.app; sourceTree = BUILT_PRODUCTS_DIR; };
		5F751B532CBD601A00CD63BA /* AppDelegate.swift */ = {isa = PBXFileReference; lastKnownFileType = sourcecode.swift; path = AppDelegate.swift; sourceTree = "<group>"; };
		5F751B552CBD601A00CD63BA /* SceneDelegate.swift */ = {isa = PBXFileReference; lastKnownFileType = sourcecode.swift; path = SceneDelegate.swift; sourceTree = "<group>"; };
		5F751B572CBD601A00CD63BA /* ViewController.swift */ = {isa = PBXFileReference; lastKnownFileType = sourcecode.swift; path = ViewController.swift; sourceTree = "<group>"; };
		5F751B5A2CBD601A00CD63BA /* Base */ = {isa = PBXFileReference; lastKnownFileType = file.storyboard; name = Base; path = Base.lproj/Main.storyboard; sourceTree = "<group>"; };
		5F751B5C2CBD601C00CD63BA /* Assets.xcassets */ = {isa = PBXFileReference; lastKnownFileType = folder.assetcatalog; path = Assets.xcassets; sourceTree = "<group>"; };
		5F751B5F2CBD601C00CD63BA /* Base */ = {isa = PBXFileReference; lastKnownFileType = file.storyboard; name = Base; path = Base.lproj/LaunchScreen.storyboard; sourceTree = "<group>"; };
		5F751B612CBD601C00CD63BA /* Info.plist */ = {isa = PBXFileReference; lastKnownFileType = text.plist.xml; path = Info.plist; sourceTree = "<group>"; };
		5F751B662CBD601C00CD63BA /* EssentialAppTests.xctest */ = {isa = PBXFileReference; explicitFileType = wrapper.cfbundle; includeInIndex = 0; path = EssentialAppTests.xctest; sourceTree = BUILT_PRODUCTS_DIR; };
		5F751B6A2CBD601C00CD63BA /* EssentialAppTests.swift */ = {isa = PBXFileReference; lastKnownFileType = sourcecode.swift; path = EssentialAppTests.swift; sourceTree = "<group>"; };
		5F751B702CBD601C00CD63BA /* EssentialAppUITests.xctest */ = {isa = PBXFileReference; explicitFileType = wrapper.cfbundle; includeInIndex = 0; path = EssentialAppUITests.xctest; sourceTree = BUILT_PRODUCTS_DIR; };
		5F751B742CBD601C00CD63BA /* EssentialAppUITests.swift */ = {isa = PBXFileReference; lastKnownFileType = sourcecode.swift; path = EssentialAppUITests.swift; sourceTree = "<group>"; };
		5F751B762CBD601C00CD63BA /* EssentialAppUITestsLaunchTests.swift */ = {isa = PBXFileReference; lastKnownFileType = sourcecode.swift; path = EssentialAppUITestsLaunchTests.swift; sourceTree = "<group>"; };
/* End PBXFileReference section */

/* Begin PBXFrameworksBuildPhase section */
		5F751B4D2CBD601A00CD63BA /* Frameworks */ = {
			isa = PBXFrameworksBuildPhase;
			buildActionMask = 2147483647;
			files = (
				5F5EB1422CBD6AB4009F1C17 /* EssentialFeed.framework in Frameworks */,
				5F5EB1442CBD6AB4009F1C17 /* EssentialFeediOS.framework in Frameworks */,
			);
			runOnlyForDeploymentPostprocessing = 0;
		};
		5F751B632CBD601C00CD63BA /* Frameworks */ = {
			isa = PBXFrameworksBuildPhase;
			buildActionMask = 2147483647;
			files = (
			);
			runOnlyForDeploymentPostprocessing = 0;
		};
		5F751B6D2CBD601C00CD63BA /* Frameworks */ = {
			isa = PBXFrameworksBuildPhase;
			buildActionMask = 2147483647;
			files = (
			);
			runOnlyForDeploymentPostprocessing = 0;
		};
/* End PBXFrameworksBuildPhase section */

/* Begin PBXGroup section */
		5F5EB13F2CBD6AB4009F1C17 /* Frameworks */ = {
			isa = PBXGroup;
			children = (
				5F5EB1402CBD6AB4009F1C17 /* EssentialFeed.framework */,
				5F5EB1412CBD6AB4009F1C17 /* EssentialFeediOS.framework */,
			);
			name = Frameworks;
			sourceTree = "<group>";
		};
		5F751B472CBD601A00CD63BA = {
			isa = PBXGroup;
			children = (
				5F751B522CBD601A00CD63BA /* EssentialApp */,
				5F751B692CBD601C00CD63BA /* EssentialAppTests */,
				5F751B732CBD601C00CD63BA /* EssentialAppUITests */,
				5F751B512CBD601A00CD63BA /* Products */,
				5F5EB13F2CBD6AB4009F1C17 /* Frameworks */,
			);
			sourceTree = "<group>";
		};
		5F751B512CBD601A00CD63BA /* Products */ = {
			isa = PBXGroup;
			children = (
				5F751B502CBD601A00CD63BA /* EssentialApp.app */,
				5F751B662CBD601C00CD63BA /* EssentialAppTests.xctest */,
				5F751B702CBD601C00CD63BA /* EssentialAppUITests.xctest */,
			);
			name = Products;
			sourceTree = "<group>";
		};
		5F751B522CBD601A00CD63BA /* EssentialApp */ = {
			isa = PBXGroup;
			children = (
				5F751B532CBD601A00CD63BA /* AppDelegate.swift */,
				5F751B552CBD601A00CD63BA /* SceneDelegate.swift */,
				5F751B572CBD601A00CD63BA /* ViewController.swift */,
				5F751B592CBD601A00CD63BA /* Main.storyboard */,
				5F751B5C2CBD601C00CD63BA /* Assets.xcassets */,
				5F751B5E2CBD601C00CD63BA /* LaunchScreen.storyboard */,
				5F751B612CBD601C00CD63BA /* Info.plist */,
			);
			path = EssentialApp;
			sourceTree = "<group>";
		};
		5F751B692CBD601C00CD63BA /* EssentialAppTests */ = {
			isa = PBXGroup;
			children = (
				5F751B6A2CBD601C00CD63BA /* EssentialAppTests.swift */,
			);
			path = EssentialAppTests;
			sourceTree = "<group>";
		};
		5F751B732CBD601C00CD63BA /* EssentialAppUITests */ = {
			isa = PBXGroup;
			children = (
				5F751B742CBD601C00CD63BA /* EssentialAppUITests.swift */,
				5F751B762CBD601C00CD63BA /* EssentialAppUITestsLaunchTests.swift */,
			);
			path = EssentialAppUITests;
			sourceTree = "<group>";
		};
/* End PBXGroup section */

/* Begin PBXNativeTarget section */
		5F751B4F2CBD601A00CD63BA /* EssentialApp */ = {
			isa = PBXNativeTarget;
			buildConfigurationList = 5F751B7A2CBD601C00CD63BA /* Build configuration list for PBXNativeTarget "EssentialApp" */;
			buildPhases = (
				5F751B4C2CBD601A00CD63BA /* Sources */,
				5F751B4D2CBD601A00CD63BA /* Frameworks */,
				5F751B4E2CBD601A00CD63BA /* Resources */,
				5F5EB1462CBD6AB4009F1C17 /* Embed Frameworks */,
			);
			buildRules = (
			);
			dependencies = (
			);
			name = EssentialApp;
			productName = EssentialApp;
			productReference = 5F751B502CBD601A00CD63BA /* EssentialApp.app */;
			productType = "com.apple.product-type.application";
		};
		5F751B652CBD601C00CD63BA /* EssentialAppTests */ = {
			isa = PBXNativeTarget;
			buildConfigurationList = 5F751B7D2CBD601C00CD63BA /* Build configuration list for PBXNativeTarget "EssentialAppTests" */;
			buildPhases = (
				5F751B622CBD601C00CD63BA /* Sources */,
				5F751B632CBD601C00CD63BA /* Frameworks */,
				5F751B642CBD601C00CD63BA /* Resources */,
			);
			buildRules = (
			);
			dependencies = (
				5F751B682CBD601C00CD63BA /* PBXTargetDependency */,
			);
			name = EssentialAppTests;
			productName = EssentialAppTests;
			productReference = 5F751B662CBD601C00CD63BA /* EssentialAppTests.xctest */;
			productType = "com.apple.product-type.bundle.unit-test";
		};
		5F751B6F2CBD601C00CD63BA /* EssentialAppUITests */ = {
			isa = PBXNativeTarget;
			buildConfigurationList = 5F751B802CBD601C00CD63BA /* Build configuration list for PBXNativeTarget "EssentialAppUITests" */;
			buildPhases = (
				5F751B6C2CBD601C00CD63BA /* Sources */,
				5F751B6D2CBD601C00CD63BA /* Frameworks */,
				5F751B6E2CBD601C00CD63BA /* Resources */,
			);
			buildRules = (
			);
			dependencies = (
				5F751B722CBD601C00CD63BA /* PBXTargetDependency */,
			);
			name = EssentialAppUITests;
			productName = EssentialAppUITests;
			productReference = 5F751B702CBD601C00CD63BA /* EssentialAppUITests.xctest */;
			productType = "com.apple.product-type.bundle.ui-testing";
		};
/* End PBXNativeTarget section */

/* Begin PBXProject section */
		5F751B482CBD601A00CD63BA /* Project object */ = {
			isa = PBXProject;
			attributes = {
				BuildIndependentTargetsInParallel = 1;
				LastSwiftUpdateCheck = 1540;
				LastUpgradeCheck = 1540;
				TargetAttributes = {
					5F751B4F2CBD601A00CD63BA = {
						CreatedOnToolsVersion = 15.4;
					};
					5F751B652CBD601C00CD63BA = {
						CreatedOnToolsVersion = 15.4;
						TestTargetID = 5F751B4F2CBD601A00CD63BA;
					};
					5F751B6F2CBD601C00CD63BA = {
						CreatedOnToolsVersion = 15.4;
						TestTargetID = 5F751B4F2CBD601A00CD63BA;
					};
				};
			};
			buildConfigurationList = 5F751B4B2CBD601A00CD63BA /* Build configuration list for PBXProject "EssentialApp" */;
			compatibilityVersion = "Xcode 14.0";
			developmentRegion = en;
			hasScannedForEncodings = 0;
			knownRegions = (
				en,
				Base,
			);
			mainGroup = 5F751B472CBD601A00CD63BA;
			productRefGroup = 5F751B512CBD601A00CD63BA /* Products */;
			projectDirPath = "";
			projectRoot = "";
			targets = (
				5F751B4F2CBD601A00CD63BA /* EssentialApp */,
				5F751B652CBD601C00CD63BA /* EssentialAppTests */,
				5F751B6F2CBD601C00CD63BA /* EssentialAppUITests */,
			);
		};
/* End PBXProject section */

/* Begin PBXResourcesBuildPhase section */
		5F751B4E2CBD601A00CD63BA /* Resources */ = {
			isa = PBXResourcesBuildPhase;
			buildActionMask = 2147483647;
			files = (
				5F751B5D2CBD601C00CD63BA /* Assets.xcassets in Resources */,
				5F751B602CBD601C00CD63BA /* Base in Resources */,
				5F751B5B2CBD601A00CD63BA /* Base in Resources */,
			);
			runOnlyForDeploymentPostprocessing = 0;
		};
		5F751B642CBD601C00CD63BA /* Resources */ = {
			isa = PBXResourcesBuildPhase;
			buildActionMask = 2147483647;
			files = (
			);
			runOnlyForDeploymentPostprocessing = 0;
		};
		5F751B6E2CBD601C00CD63BA /* Resources */ = {
			isa = PBXResourcesBuildPhase;
			buildActionMask = 2147483647;
			files = (
			);
			runOnlyForDeploymentPostprocessing = 0;
		};
/* End PBXResourcesBuildPhase section */

/* Begin PBXSourcesBuildPhase section */
		5F751B4C2CBD601A00CD63BA /* Sources */ = {
			isa = PBXSourcesBuildPhase;
			buildActionMask = 2147483647;
			files = (
				5F751B582CBD601A00CD63BA /* ViewController.swift in Sources */,
				5F751B542CBD601A00CD63BA /* AppDelegate.swift in Sources */,
				5F751B562CBD601A00CD63BA /* SceneDelegate.swift in Sources */,
			);
			runOnlyForDeploymentPostprocessing = 0;
		};
		5F751B622CBD601C00CD63BA /* Sources */ = {
			isa = PBXSourcesBuildPhase;
			buildActionMask = 2147483647;
			files = (
				5F751B6B2CBD601C00CD63BA /* EssentialAppTests.swift in Sources */,
			);
			runOnlyForDeploymentPostprocessing = 0;
		};
		5F751B6C2CBD601C00CD63BA /* Sources */ = {
			isa = PBXSourcesBuildPhase;
			buildActionMask = 2147483647;
			files = (
				5F751B752CBD601C00CD63BA /* EssentialAppUITests.swift in Sources */,
				5F751B772CBD601C00CD63BA /* EssentialAppUITestsLaunchTests.swift in Sources */,
			);
			runOnlyForDeploymentPostprocessing = 0;
		};
/* End PBXSourcesBuildPhase section */

/* Begin PBXTargetDependency section */
		5F751B682CBD601C00CD63BA /* PBXTargetDependency */ = {
			isa = PBXTargetDependency;
			target = 5F751B4F2CBD601A00CD63BA /* EssentialApp */;
			targetProxy = 5F751B672CBD601C00CD63BA /* PBXContainerItemProxy */;
		};
		5F751B722CBD601C00CD63BA /* PBXTargetDependency */ = {
			isa = PBXTargetDependency;
			target = 5F751B4F2CBD601A00CD63BA /* EssentialApp */;
			targetProxy = 5F751B712CBD601C00CD63BA /* PBXContainerItemProxy */;
		};
/* End PBXTargetDependency section */

/* Begin PBXVariantGroup section */
		5F751B592CBD601A00CD63BA /* Main.storyboard */ = {
			isa = PBXVariantGroup;
			children = (
				5F751B5A2CBD601A00CD63BA /* Base */,
			);
			name = Main.storyboard;
			sourceTree = "<group>";
		};
		5F751B5E2CBD601C00CD63BA /* LaunchScreen.storyboard */ = {
			isa = PBXVariantGroup;
			children = (
				5F751B5F2CBD601C00CD63BA /* Base */,
			);
			name = LaunchScreen.storyboard;
			sourceTree = "<group>";
		};
/* End PBXVariantGroup section */

/* Begin XCBuildConfiguration section */
		5F751B782CBD601C00CD63BA /* Debug */ = {
			isa = XCBuildConfiguration;
			buildSettings = {
				ALWAYS_SEARCH_USER_PATHS = NO;
				ASSETCATALOG_COMPILER_GENERATE_SWIFT_ASSET_SYMBOL_EXTENSIONS = YES;
				CLANG_ANALYZER_NONNULL = YES;
				CLANG_ANALYZER_NUMBER_OBJECT_CONVERSION = YES_AGGRESSIVE;
				CLANG_CXX_LANGUAGE_STANDARD = "gnu++20";
				CLANG_ENABLE_MODULES = YES;
				CLANG_ENABLE_OBJC_ARC = YES;
				CLANG_ENABLE_OBJC_WEAK = YES;
				CLANG_WARN_BLOCK_CAPTURE_AUTORELEASING = YES;
				CLANG_WARN_BOOL_CONVERSION = YES;
				CLANG_WARN_COMMA = YES;
				CLANG_WARN_CONSTANT_CONVERSION = YES;
				CLANG_WARN_DEPRECATED_OBJC_IMPLEMENTATIONS = YES;
				CLANG_WARN_DIRECT_OBJC_ISA_USAGE = YES_ERROR;
				CLANG_WARN_DOCUMENTATION_COMMENTS = YES;
				CLANG_WARN_EMPTY_BODY = YES;
				CLANG_WARN_ENUM_CONVERSION = YES;
				CLANG_WARN_INFINITE_RECURSION = YES;
				CLANG_WARN_INT_CONVERSION = YES;
				CLANG_WARN_NON_LITERAL_NULL_CONVERSION = YES;
				CLANG_WARN_OBJC_IMPLICIT_RETAIN_SELF = YES;
				CLANG_WARN_OBJC_LITERAL_CONVERSION = YES;
				CLANG_WARN_OBJC_ROOT_CLASS = YES_ERROR;
				CLANG_WARN_QUOTED_INCLUDE_IN_FRAMEWORK_HEADER = YES;
				CLANG_WARN_RANGE_LOOP_ANALYSIS = YES;
				CLANG_WARN_STRICT_PROTOTYPES = YES;
				CLANG_WARN_SUSPICIOUS_MOVE = YES;
				CLANG_WARN_UNGUARDED_AVAILABILITY = YES_AGGRESSIVE;
				CLANG_WARN_UNREACHABLE_CODE = YES;
				CLANG_WARN__DUPLICATE_METHOD_MATCH = YES;
				COPY_PHASE_STRIP = NO;
				DEBUG_INFORMATION_FORMAT = dwarf;
				ENABLE_STRICT_OBJC_MSGSEND = YES;
				ENABLE_TESTABILITY = YES;
				ENABLE_USER_SCRIPT_SANDBOXING = YES;
				GCC_C_LANGUAGE_STANDARD = gnu17;
				GCC_DYNAMIC_NO_PIC = NO;
				GCC_NO_COMMON_BLOCKS = YES;
				GCC_OPTIMIZATION_LEVEL = 0;
				GCC_PREPROCESSOR_DEFINITIONS = (
					"DEBUG=1",
					"$(inherited)",
				);
				GCC_WARN_64_TO_32_BIT_CONVERSION = YES;
				GCC_WARN_ABOUT_RETURN_TYPE = YES_ERROR;
				GCC_WARN_UNDECLARED_SELECTOR = YES;
				GCC_WARN_UNINITIALIZED_AUTOS = YES_AGGRESSIVE;
				GCC_WARN_UNUSED_FUNCTION = YES;
				GCC_WARN_UNUSED_VARIABLE = YES;
				IPHONEOS_DEPLOYMENT_TARGET = 17.5;
				LOCALIZATION_PREFERS_STRING_CATALOGS = YES;
				MTL_ENABLE_DEBUG_INFO = INCLUDE_SOURCE;
				MTL_FAST_MATH = YES;
				ONLY_ACTIVE_ARCH = YES;
				SDKROOT = iphoneos;
				SWIFT_ACTIVE_COMPILATION_CONDITIONS = "DEBUG $(inherited)";
				SWIFT_OPTIMIZATION_LEVEL = "-Onone";
			};
			name = Debug;
		};
		5F751B792CBD601C00CD63BA /* Release */ = {
			isa = XCBuildConfiguration;
			buildSettings = {
				ALWAYS_SEARCH_USER_PATHS = NO;
				ASSETCATALOG_COMPILER_GENERATE_SWIFT_ASSET_SYMBOL_EXTENSIONS = YES;
				CLANG_ANALYZER_NONNULL = YES;
				CLANG_ANALYZER_NUMBER_OBJECT_CONVERSION = YES_AGGRESSIVE;
				CLANG_CXX_LANGUAGE_STANDARD = "gnu++20";
				CLANG_ENABLE_MODULES = YES;
				CLANG_ENABLE_OBJC_ARC = YES;
				CLANG_ENABLE_OBJC_WEAK = YES;
				CLANG_WARN_BLOCK_CAPTURE_AUTORELEASING = YES;
				CLANG_WARN_BOOL_CONVERSION = YES;
				CLANG_WARN_COMMA = YES;
				CLANG_WARN_CONSTANT_CONVERSION = YES;
				CLANG_WARN_DEPRECATED_OBJC_IMPLEMENTATIONS = YES;
				CLANG_WARN_DIRECT_OBJC_ISA_USAGE = YES_ERROR;
				CLANG_WARN_DOCUMENTATION_COMMENTS = YES;
				CLANG_WARN_EMPTY_BODY = YES;
				CLANG_WARN_ENUM_CONVERSION = YES;
				CLANG_WARN_INFINITE_RECURSION = YES;
				CLANG_WARN_INT_CONVERSION = YES;
				CLANG_WARN_NON_LITERAL_NULL_CONVERSION = YES;
				CLANG_WARN_OBJC_IMPLICIT_RETAIN_SELF = YES;
				CLANG_WARN_OBJC_LITERAL_CONVERSION = YES;
				CLANG_WARN_OBJC_ROOT_CLASS = YES_ERROR;
				CLANG_WARN_QUOTED_INCLUDE_IN_FRAMEWORK_HEADER = YES;
				CLANG_WARN_RANGE_LOOP_ANALYSIS = YES;
				CLANG_WARN_STRICT_PROTOTYPES = YES;
				CLANG_WARN_SUSPICIOUS_MOVE = YES;
				CLANG_WARN_UNGUARDED_AVAILABILITY = YES_AGGRESSIVE;
				CLANG_WARN_UNREACHABLE_CODE = YES;
				CLANG_WARN__DUPLICATE_METHOD_MATCH = YES;
				COPY_PHASE_STRIP = NO;
				DEBUG_INFORMATION_FORMAT = "dwarf-with-dsym";
				ENABLE_NS_ASSERTIONS = NO;
				ENABLE_STRICT_OBJC_MSGSEND = YES;
				ENABLE_USER_SCRIPT_SANDBOXING = YES;
				GCC_C_LANGUAGE_STANDARD = gnu17;
				GCC_NO_COMMON_BLOCKS = YES;
				GCC_WARN_64_TO_32_BIT_CONVERSION = YES;
				GCC_WARN_ABOUT_RETURN_TYPE = YES_ERROR;
				GCC_WARN_UNDECLARED_SELECTOR = YES;
				GCC_WARN_UNINITIALIZED_AUTOS = YES_AGGRESSIVE;
				GCC_WARN_UNUSED_FUNCTION = YES;
				GCC_WARN_UNUSED_VARIABLE = YES;
				IPHONEOS_DEPLOYMENT_TARGET = 17.5;
				LOCALIZATION_PREFERS_STRING_CATALOGS = YES;
				MTL_ENABLE_DEBUG_INFO = NO;
				MTL_FAST_MATH = YES;
				SDKROOT = iphoneos;
				SWIFT_COMPILATION_MODE = wholemodule;
				VALIDATE_PRODUCT = YES;
			};
			name = Release;
		};
		5F751B7B2CBD601C00CD63BA /* Debug */ = {
			isa = XCBuildConfiguration;
			buildSettings = {
				ASSETCATALOG_COMPILER_APPICON_NAME = AppIcon;
				ASSETCATALOG_COMPILER_GLOBAL_ACCENT_COLOR_NAME = AccentColor;
				CODE_SIGN_STYLE = Automatic;
				CURRENT_PROJECT_VERSION = 1;
				DEVELOPMENT_TEAM = DP8UX4Z6VQ;
				GENERATE_INFOPLIST_FILE = YES;
				INFOPLIST_FILE = EssentialApp/Info.plist;
				INFOPLIST_KEY_UIApplicationSupportsIndirectInputEvents = YES;
				INFOPLIST_KEY_UILaunchStoryboardName = LaunchScreen;
				INFOPLIST_KEY_UIMainStoryboardFile = Main;
				INFOPLIST_KEY_UISupportedInterfaceOrientations = UIInterfaceOrientationPortrait;
				LD_RUNPATH_SEARCH_PATHS = (
					"$(inherited)",
					"@executable_path/Frameworks",
				);
				MARKETING_VERSION = 1.0;
				PRODUCT_BUNDLE_IDENTIFIER = G.EssentialApp;
				PRODUCT_NAME = "$(TARGET_NAME)";
				SWIFT_EMIT_LOC_STRINGS = YES;
				SWIFT_VERSION = 5.0;
				TARGETED_DEVICE_FAMILY = "1,2";
			};
			name = Debug;
		};
		5F751B7C2CBD601C00CD63BA /* Release */ = {
			isa = XCBuildConfiguration;
			buildSettings = {
				ASSETCATALOG_COMPILER_APPICON_NAME = AppIcon;
				ASSETCATALOG_COMPILER_GLOBAL_ACCENT_COLOR_NAME = AccentColor;
				CODE_SIGN_STYLE = Automatic;
				CURRENT_PROJECT_VERSION = 1;
				DEVELOPMENT_TEAM = DP8UX4Z6VQ;
				GENERATE_INFOPLIST_FILE = YES;
				INFOPLIST_FILE = EssentialApp/Info.plist;
				INFOPLIST_KEY_UIApplicationSupportsIndirectInputEvents = YES;
				INFOPLIST_KEY_UILaunchStoryboardName = LaunchScreen;
				INFOPLIST_KEY_UIMainStoryboardFile = Main;
				INFOPLIST_KEY_UISupportedInterfaceOrientations = UIInterfaceOrientationPortrait;
				LD_RUNPATH_SEARCH_PATHS = (
					"$(inherited)",
					"@executable_path/Frameworks",
				);
				MARKETING_VERSION = 1.0;
				PRODUCT_BUNDLE_IDENTIFIER = G.EssentialApp;
				PRODUCT_NAME = "$(TARGET_NAME)";
				SWIFT_EMIT_LOC_STRINGS = YES;
				SWIFT_VERSION = 5.0;
				TARGETED_DEVICE_FAMILY = "1,2";
			};
			name = Release;
		};
		5F751B7E2CBD601C00CD63BA /* Debug */ = {
			isa = XCBuildConfiguration;
			buildSettings = {
				ALWAYS_EMBED_SWIFT_STANDARD_LIBRARIES = YES;
				BUNDLE_LOADER = "$(TEST_HOST)";
				CODE_SIGN_STYLE = Automatic;
				CURRENT_PROJECT_VERSION = 1;
				DEVELOPMENT_TEAM = DP8UX4Z6VQ;
				GENERATE_INFOPLIST_FILE = YES;
				IPHONEOS_DEPLOYMENT_TARGET = 17.5;
				MARKETING_VERSION = 1.0;
				PRODUCT_BUNDLE_IDENTIFIER = G.EssentialAppTests;
				PRODUCT_NAME = "$(TARGET_NAME)";
				SWIFT_EMIT_LOC_STRINGS = NO;
				SWIFT_VERSION = 5.0;
				TARGETED_DEVICE_FAMILY = "1,2";
				TEST_HOST = "$(BUILT_PRODUCTS_DIR)/EssentialApp.app/$(BUNDLE_EXECUTABLE_FOLDER_PATH)/EssentialApp";
			};
			name = Debug;
		};
		5F751B7F2CBD601C00CD63BA /* Release */ = {
			isa = XCBuildConfiguration;
			buildSettings = {
				ALWAYS_EMBED_SWIFT_STANDARD_LIBRARIES = YES;
				BUNDLE_LOADER = "$(TEST_HOST)";
				CODE_SIGN_STYLE = Automatic;
				CURRENT_PROJECT_VERSION = 1;
				DEVELOPMENT_TEAM = DP8UX4Z6VQ;
				GENERATE_INFOPLIST_FILE = YES;
				IPHONEOS_DEPLOYMENT_TARGET = 17.5;
				MARKETING_VERSION = 1.0;
				PRODUCT_BUNDLE_IDENTIFIER = G.EssentialAppTests;
				PRODUCT_NAME = "$(TARGET_NAME)";
				SWIFT_EMIT_LOC_STRINGS = NO;
				SWIFT_VERSION = 5.0;
				TARGETED_DEVICE_FAMILY = "1,2";
				TEST_HOST = "$(BUILT_PRODUCTS_DIR)/EssentialApp.app/$(BUNDLE_EXECUTABLE_FOLDER_PATH)/EssentialApp";
			};
			name = Release;
		};
		5F751B812CBD601C00CD63BA /* Debug */ = {
			isa = XCBuildConfiguration;
			buildSettings = {
				ALWAYS_EMBED_SWIFT_STANDARD_LIBRARIES = YES;
				CODE_SIGN_STYLE = Automatic;
				CURRENT_PROJECT_VERSION = 1;
				DEVELOPMENT_TEAM = DP8UX4Z6VQ;
				GENERATE_INFOPLIST_FILE = YES;
				MARKETING_VERSION = 1.0;
				PRODUCT_BUNDLE_IDENTIFIER = G.EssentialAppUITests;
				PRODUCT_NAME = "$(TARGET_NAME)";
				SWIFT_EMIT_LOC_STRINGS = NO;
				SWIFT_VERSION = 5.0;
				TARGETED_DEVICE_FAMILY = "1,2";
				TEST_TARGET_NAME = EssentialApp;
			};
			name = Debug;
		};
		5F751B822CBD601C00CD63BA /* Release */ = {
			isa = XCBuildConfiguration;
			buildSettings = {
				ALWAYS_EMBED_SWIFT_STANDARD_LIBRARIES = YES;
				CODE_SIGN_STYLE = Automatic;
				CURRENT_PROJECT_VERSION = 1;
				DEVELOPMENT_TEAM = DP8UX4Z6VQ;
				GENERATE_INFOPLIST_FILE = YES;
				MARKETING_VERSION = 1.0;
				PRODUCT_BUNDLE_IDENTIFIER = G.EssentialAppUITests;
				PRODUCT_NAME = "$(TARGET_NAME)";
				SWIFT_EMIT_LOC_STRINGS = NO;
				SWIFT_VERSION = 5.0;
				TARGETED_DEVICE_FAMILY = "1,2";
				TEST_TARGET_NAME = EssentialApp;
			};
			name = Release;
		};
/* End XCBuildConfiguration section */

/* Begin XCConfigurationList section */
		5F751B4B2CBD601A00CD63BA /* Build configuration list for PBXProject "EssentialApp" */ = {
			isa = XCConfigurationList;
			buildConfigurations = (
				5F751B782CBD601C00CD63BA /* Debug */,
				5F751B792CBD601C00CD63BA /* Release */,
			);
			defaultConfigurationIsVisible = 0;
			defaultConfigurationName = Release;
		};
		5F751B7A2CBD601C00CD63BA /* Build configuration list for PBXNativeTarget "EssentialApp" */ = {
			isa = XCConfigurationList;
			buildConfigurations = (
				5F751B7B2CBD601C00CD63BA /* Debug */,
				5F751B7C2CBD601C00CD63BA /* Release */,
			);
			defaultConfigurationIsVisible = 0;
			defaultConfigurationName = Release;
		};
		5F751B7D2CBD601C00CD63BA /* Build configuration list for PBXNativeTarget "EssentialAppTests" */ = {
			isa = XCConfigurationList;
			buildConfigurations = (
				5F751B7E2CBD601C00CD63BA /* Debug */,
				5F751B7F2CBD601C00CD63BA /* Release */,
			);
			defaultConfigurationIsVisible = 0;
			defaultConfigurationName = Release;
		};
		5F751B802CBD601C00CD63BA /* Build configuration list for PBXNativeTarget "EssentialAppUITests" */ = {
			isa = XCConfigurationList;
			buildConfigurations = (
				5F751B812CBD601C00CD63BA /* Debug */,
				5F751B822CBD601C00CD63BA /* Release */,
			);
			defaultConfigurationIsVisible = 0;
			defaultConfigurationName = Release;
		};
/* End XCConfigurationList section */
	};
	rootObject = 5F751B482CBD601A00CD63BA /* Project object */;
}
